
Microsoft Visual Studio Solution File, Format Version 12.00
# Visual Studio 15
VisualStudioVersion = 15.0.26730.16
MinimumVisualStudioVersion = 10.0.40219.1
Project("{FAE04EC0-301F-11D3-BF4B-00C04F79EFBC}") = "cs71", "cs71.csproj", "{9E2E73DB-46E8-4E59-A1D1-6E8F87957189}"
EndProject
Global
	GlobalSection(SolutionConfigurationPlatforms) = preSolution
		Debug|Any CPU = Debug|Any CPU
		Release|Any CPU = Release|Any CPU
	EndGlobalSection
	GlobalSection(ProjectConfigurationPlatforms) = postSolution
		{9E2E73DB-46E8-4E59-A1D1-6E8F87957189}.Debug|Any CPU.ActiveCfg = Debug|Any CPU
		{9E2E73DB-46E8-4E59-A1D1-6E8F87957189}.Debug|Any CPU.Build.0 = Debug|Any CPU
		{9E2E73DB-46E8-4E59-A1D1-6E8F87957189}.Release|Any CPU.ActiveCfg = Release|Any CPU
		{9E2E73DB-46E8-4E59-A1D1-6E8F87957189}.Release|Any CPU.Build.0 = Release|Any CPU
	EndGlobalSection
	GlobalSection(SolutionProperties) = preSolution
		HideSolutionNode = FALSE
	EndGlobalSection
	GlobalSection(ExtensibilityGlobals) = postSolution
		SolutionGuid = {91163816-1344-40E5-B0FC-B6B857AD4E68}
	EndGlobalSection
EndGlobal
