
Microsoft Visual Studio Solution File, Format Version 10.00
# Visual Studio 2008
Project("{FAE04EC0-301F-11D3-BF4B-00C04F79EFBC}") = "Site1", "Site1.csproj", "{5666D990-3990-4C25-AFFE-7A94C79CDD5A}"
EndProject
Global
	GlobalSection(SolutionConfigurationPlatforms) = preSolution
		Debug|Any CPU = Debug|Any CPU
		Release|Any CPU = Release|Any CPU
	EndGlobalSection
	GlobalSection(ProjectConfigurationPlatforms) = postSolution
		{5666D990-3990-4C25-AFFE-7A94C79CDD5A}.Debug|Any CPU.ActiveCfg = Debug|Any CPU
		{5666D990-3990-4C25-AFFE-7A94C79CDD5A}.Debug|Any CPU.Build.0 = Debug|Any CPU
		{5666D990-3990-4C25-AFFE-7A94C79CDD5A}.Release|Any CPU.ActiveCfg = Release|Any CPU
		{5666D990-3990-4C25-AFFE-7A94C79CDD5A}.Release|Any CPU.Build.0 = Release|Any CPU
	EndGlobalSection
	GlobalSection(SolutionProperties) = preSolution
		HideSolutionNode = FALSE
	EndGlobalSection
EndGlobal
