
Microsoft Visual Studio Solution File, Format Version 11.00
# Visual Studio 2010
Project("{FAE04EC0-301F-11D3-BF4B-00C04F79EFBC}") = "TestOpenXMLSDK", "TestOpenXMLSDK.csproj", "{584BA972-A908-42F1-9D83-E78EB2A57F4A}"
EndProject
Global
	GlobalSection(SolutionConfigurationPlatforms) = preSolution
		Debug|Any CPU = Debug|Any CPU
		Release|Any CPU = Release|Any CPU
	EndGlobalSection
	GlobalSection(ProjectConfigurationPlatforms) = postSolution
		{584BA972-A908-42F1-9D83-E78EB2A57F4A}.Debug|Any CPU.ActiveCfg = Debug|Any CPU
		{584BA972-A908-42F1-9D83-E78EB2A57F4A}.Debug|Any CPU.Build.0 = Debug|Any CPU
		{584BA972-A908-42F1-9D83-E78EB2A57F4A}.Release|Any CPU.ActiveCfg = Release|Any CPU
		{584BA972-A908-42F1-9D83-E78EB2A57F4A}.Release|Any CPU.Build.0 = Release|Any CPU
	EndGlobalSection
	GlobalSection(SolutionProperties) = preSolution
		HideSolutionNode = FALSE
	EndGlobalSection
EndGlobal
