
Microsoft Visual Studio Solution File, Format Version 12.00
# Visual Studio Version 16
VisualStudioVersion = 16.0.31313.79
MinimumVisualStudioVersion = 10.0.40219.1
Project("{FAE04EC0-301F-11D3-BF4B-00C04F79EFBC}") = "AbstractFactoryGenerics", "AbstractFactoryGenerics.csproj", "{52A6EAE3-69E8-437B-89FA-077A64B95910}"
EndProject
Global
	GlobalSection(SolutionConfigurationPlatforms) = preSolution
		Debug|Any CPU = Debug|Any CPU
		Release|Any CPU = Release|Any CPU
	EndGlobalSection
	GlobalSection(ProjectConfigurationPlatforms) = postSolution
		{52A6EAE3-69E8-437B-89FA-077A64B95910}.Debug|Any CPU.ActiveCfg = Debug|Any CPU
		{52A6EAE3-69E8-437B-89FA-077A64B95910}.Debug|Any CPU.Build.0 = Debug|Any CPU
		{52A6EAE3-69E8-437B-89FA-077A64B95910}.Release|Any CPU.ActiveCfg = Release|Any CPU
		{52A6EAE3-69E8-437B-89FA-077A64B95910}.Release|Any CPU.Build.0 = Release|Any CPU
	EndGlobalSection
	GlobalSection(SolutionProperties) = preSolution
		HideSolutionNode = FALSE
	EndGlobalSection
	GlobalSection(ExtensibilityGlobals) = postSolution
		SolutionGuid = {09EAB7F9-1DA4-4453-A704-44E4D3220A30}
	EndGlobalSection
EndGlobal
