
Microsoft Visual Studio Solution File, Format Version 12.00
# Visual Studio 2012
Project("{FAE04EC0-301F-11D3-BF4B-00C04F79EFBC}") = "TestDynamic", "TestDynamic.csproj", "{B28260B3-43B0-4146-9170-706A13FE6FEC}"
EndProject
Global
	GlobalSection(SolutionConfigurationPlatforms) = preSolution
		Debug|Any CPU = Debug|Any CPU
		Release|Any CPU = Release|Any CPU
	EndGlobalSection
	GlobalSection(ProjectConfigurationPlatforms) = postSolution
		{B28260B3-43B0-4146-9170-706A13FE6FEC}.Debug|Any CPU.ActiveCfg = Debug|Any CPU
		{B28260B3-43B0-4146-9170-706A13FE6FEC}.Debug|Any CPU.Build.0 = Debug|Any CPU
		{B28260B3-43B0-4146-9170-706A13FE6FEC}.Release|Any CPU.ActiveCfg = Release|Any CPU
		{B28260B3-43B0-4146-9170-706A13FE6FEC}.Release|Any CPU.Build.0 = Release|Any CPU
	EndGlobalSection
	GlobalSection(SolutionProperties) = preSolution
		HideSolutionNode = FALSE
	EndGlobalSection
EndGlobal
