
Microsoft Visual Studio Solution File, Format Version 11.00
# Visual Studio 2010
Project("{FAE04EC0-301F-11D3-BF4B-00C04F79EFBC}") = "TestRegEx", "TestRegEx.csproj", "{594DD563-CE4F-4670-9943-DE8519BC7267}"
EndProject
Global
	GlobalSection(SolutionConfigurationPlatforms) = preSolution
		Debug|Any CPU = Debug|Any CPU
		Release|Any CPU = Release|Any CPU
	EndGlobalSection
	GlobalSection(ProjectConfigurationPlatforms) = postSolution
		{594DD563-CE4F-4670-9943-DE8519BC7267}.Debug|Any CPU.ActiveCfg = Debug|Any CPU
		{594DD563-CE4F-4670-9943-DE8519BC7267}.Debug|Any CPU.Build.0 = Debug|Any CPU
		{594DD563-CE4F-4670-9943-DE8519BC7267}.Release|Any CPU.ActiveCfg = Release|Any CPU
		{594DD563-CE4F-4670-9943-DE8519BC7267}.Release|Any CPU.Build.0 = Release|Any CPU
	EndGlobalSection
	GlobalSection(SolutionProperties) = preSolution
		HideSolutionNode = FALSE
	EndGlobalSection
EndGlobal
