
Microsoft Visual Studio Solution File, Format Version 12.00
# Visual Studio 15
VisualStudioVersion = 15.0.27004.2002
MinimumVisualStudioVersion = 10.0.40219.1
Project("{FAE04EC0-301F-11D3-BF4B-00C04F79EFBC}") = "Singleton6", "Singleton6.csproj", "{9796BF8A-C18A-4F5C-A1F5-7E017F87EBD8}"
EndProject
Global
	GlobalSection(SolutionConfigurationPlatforms) = preSolution
		Debug|Any CPU = Debug|Any CPU
		Release|Any CPU = Release|Any CPU
	EndGlobalSection
	GlobalSection(ProjectConfigurationPlatforms) = postSolution
		{9796BF8A-C18A-4F5C-A1F5-7E017F87EBD8}.Debug|Any CPU.ActiveCfg = Debug|Any CPU
		{9796BF8A-C18A-4F5C-A1F5-7E017F87EBD8}.Debug|Any CPU.Build.0 = Debug|Any CPU
		{9796BF8A-C18A-4F5C-A1F5-7E017F87EBD8}.Release|Any CPU.ActiveCfg = Release|Any CPU
		{9796BF8A-C18A-4F5C-A1F5-7E017F87EBD8}.Release|Any CPU.Build.0 = Release|Any CPU
	EndGlobalSection
	GlobalSection(SolutionProperties) = preSolution
		HideSolutionNode = FALSE
	EndGlobalSection
	GlobalSection(ExtensibilityGlobals) = postSolution
		SolutionGuid = {A74C40D6-53EC-4ACD-8A2C-7DC1C1EB8022}
	EndGlobalSection
EndGlobal
