
Microsoft Visual Studio Solution File, Format Version 12.00
# Visual Studio 15
VisualStudioVersion = 15.0.27428.2005
MinimumVisualStudioVersion = 10.0.40219.1
Project("{8BC9CEB8-8B4A-11D0-8D11-00A0C91BC942}") = "TestInitialization", "TestInitialization.vcxproj", "{81E89A32-72BE-478C-920B-3F5C4CF6DCF4}"
EndProject
Global
	GlobalSection(SolutionConfigurationPlatforms) = preSolution
		Debug|x64 = Debug|x64
		Debug|x86 = Debug|x86
		Release|x64 = Release|x64
		Release|x86 = Release|x86
	EndGlobalSection
	GlobalSection(ProjectConfigurationPlatforms) = postSolution
		{81E89A32-72BE-478C-920B-3F5C4CF6DCF4}.Debug|x64.ActiveCfg = Debug|x64
		{81E89A32-72BE-478C-920B-3F5C4CF6DCF4}.Debug|x64.Build.0 = Debug|x64
		{81E89A32-72BE-478C-920B-3F5C4CF6DCF4}.Debug|x86.ActiveCfg = Debug|Win32
		{81E89A32-72BE-478C-920B-3F5C4CF6DCF4}.Debug|x86.Build.0 = Debug|Win32
		{81E89A32-72BE-478C-920B-3F5C4CF6DCF4}.Release|x64.ActiveCfg = Release|x64
		{81E89A32-72BE-478C-920B-3F5C4CF6DCF4}.Release|x64.Build.0 = Release|x64
		{81E89A32-72BE-478C-920B-3F5C4CF6DCF4}.Release|x86.ActiveCfg = Release|Win32
		{81E89A32-72BE-478C-920B-3F5C4CF6DCF4}.Release|x86.Build.0 = Release|Win32
	EndGlobalSection
	GlobalSection(SolutionProperties) = preSolution
		HideSolutionNode = FALSE
	EndGlobalSection
	GlobalSection(ExtensibilityGlobals) = postSolution
		SolutionGuid = {892B2E87-FFEE-49C5-AED4-0F3742D45F8E}
	EndGlobalSection
EndGlobal
