
Microsoft Visual Studio Solution File, Format Version 12.00
# Visual Studio 15
VisualStudioVersion = 15.0.28307.705
MinimumVisualStudioVersion = 10.0.40219.1
Project("{FAE04EC0-301F-11D3-BF4B-00C04F79EFBC}") = "TestDateTime", "TestDateTime\TestDateTime.csproj", "{B55E4222-C547-4EEF-A066-1BB12EE97F89}"
EndProject
Global
	GlobalSection(SolutionConfigurationPlatforms) = preSolution
		Debug|Any CPU = Debug|Any CPU
		Release|Any CPU = Release|Any CPU
	EndGlobalSection
	GlobalSection(ProjectConfigurationPlatforms) = postSolution
		{B55E4222-C547-4EEF-A066-1BB12EE97F89}.Debug|Any CPU.ActiveCfg = Debug|Any CPU
		{B55E4222-C547-4EEF-A066-1BB12EE97F89}.Debug|Any CPU.Build.0 = Debug|Any CPU
		{B55E4222-C547-4EEF-A066-1BB12EE97F89}.Release|Any CPU.ActiveCfg = Release|Any CPU
		{B55E4222-C547-4EEF-A066-1BB12EE97F89}.Release|Any CPU.Build.0 = Release|Any CPU
	EndGlobalSection
	GlobalSection(SolutionProperties) = preSolution
		HideSolutionNode = FALSE
	EndGlobalSection
	GlobalSection(ExtensibilityGlobals) = postSolution
		SolutionGuid = {A9F1A94D-2C35-4721-8EBD-B811EF966B6B}
	EndGlobalSection
EndGlobal
