
Microsoft Visual Studio Solution File, Format Version 12.00
# Visual Studio Version 17
VisualStudioVersion = 17.1.32328.378
MinimumVisualStudioVersion = 10.0.40219.1
Project("{FAE04EC0-301F-11D3-BF4B-00C04F79EFBC}") = "TestListPatterns", "TestListPatterns.csproj", "{C2E99C5D-EDE7-40E8-A85C-542A6D6BF2CF}"
EndProject
Global
	GlobalSection(SolutionConfigurationPlatforms) = preSolution
		Debug|Any CPU = Debug|Any CPU
		Release|Any CPU = Release|Any CPU
	EndGlobalSection
	GlobalSection(ProjectConfigurationPlatforms) = postSolution
		{C2E99C5D-EDE7-40E8-A85C-542A6D6BF2CF}.Debug|Any CPU.ActiveCfg = Debug|Any CPU
		{C2E99C5D-EDE7-40E8-A85C-542A6D6BF2CF}.Debug|Any CPU.Build.0 = Debug|Any CPU
		{C2E99C5D-EDE7-40E8-A85C-542A6D6BF2CF}.Release|Any CPU.ActiveCfg = Release|Any CPU
		{C2E99C5D-EDE7-40E8-A85C-542A6D6BF2CF}.Release|Any CPU.Build.0 = Release|Any CPU
	EndGlobalSection
	GlobalSection(SolutionProperties) = preSolution
		HideSolutionNode = FALSE
	EndGlobalSection
	GlobalSection(ExtensibilityGlobals) = postSolution
		SolutionGuid = {EC336E95-75F2-496A-9EBF-53D9FCC40B00}
	EndGlobalSection
EndGlobal
