
Microsoft Visual Studio Solution File, Format Version 11.00
# Visual Studio 2010
Project("{8BC9CEB8-8B4A-11D0-8D11-00A0C91BC942}") = "TestInheritance", "TestInheritance.vcxproj", "{AFB4A321-15F2-421E-9CF2-EEB4B2BF48C3}"
EndProject
Global
	GlobalSection(SolutionConfigurationPlatforms) = preSolution
		Debug|Win32 = Debug|Win32
		Release|Win32 = Release|Win32
	EndGlobalSection
	GlobalSection(ProjectConfigurationPlatforms) = postSolution
		{AFB4A321-15F2-421E-9CF2-EEB4B2BF48C3}.Debug|Win32.ActiveCfg = Debug|Win32
		{AFB4A321-15F2-421E-9CF2-EEB4B2BF48C3}.Debug|Win32.Build.0 = Debug|Win32
		{AFB4A321-15F2-421E-9CF2-EEB4B2BF48C3}.Release|Win32.ActiveCfg = Release|Win32
		{AFB4A321-15F2-421E-9CF2-EEB4B2BF48C3}.Release|Win32.Build.0 = Release|Win32
	EndGlobalSection
	GlobalSection(SolutionProperties) = preSolution
		HideSolutionNode = FALSE
	EndGlobalSection
EndGlobal
