
Microsoft Visual Studio Solution File, Format Version 11.00
# Visual Studio 2010
Project("{FAE04EC0-301F-11D3-BF4B-00C04F79EFBC}") = "TestList", "TestList.csproj", "{8DCB7719-6A5A-427D-8766-41FC0B1D89CF}"
EndProject
Global
	GlobalSection(TestCaseManagementSettings) = postSolution
		CategoryFile = Typhoon Web UI.vsmdi
	EndGlobalSection
	GlobalSection(SolutionConfigurationPlatforms) = preSolution
		Debug|Any CPU = Debug|Any CPU
		Release|Any CPU = Release|Any CPU
	EndGlobalSection
	GlobalSection(ProjectConfigurationPlatforms) = postSolution
		{8DCB7719-6A5A-427D-8766-41FC0B1D89CF}.Debug|Any CPU.ActiveCfg = Debug|Any CPU
		{8DCB7719-6A5A-427D-8766-41FC0B1D89CF}.Debug|Any CPU.Build.0 = Debug|Any CPU
		{8DCB7719-6A5A-427D-8766-41FC0B1D89CF}.Release|Any CPU.ActiveCfg = Release|Any CPU
		{8DCB7719-6A5A-427D-8766-41FC0B1D89CF}.Release|Any CPU.Build.0 = Release|Any CPU
	EndGlobalSection
	GlobalSection(SolutionProperties) = preSolution
		HideSolutionNode = FALSE
	EndGlobalSection
EndGlobal
