
Microsoft Visual Studio Solution File, Format Version 12.00
# Visual Studio 15
VisualStudioVersion = 15.0.27130.2027
MinimumVisualStudioVersion = 10.0.40219.1
Project("{FAE04EC0-301F-11D3-BF4B-00C04F79EFBC}") = "TestCollection", "TestCollection.csproj", "{DAED19C7-A5E8-4251-A341-DBB5864D7361}"
EndProject
Project("{FAE04EC0-301F-11D3-BF4B-00C04F79EFBC}") = "TestDB", "..\..\TestDB\TestDB.csproj", "{B75A7089-BE4A-4976-AA4E-F4670B591027}"
EndProject
Global
	GlobalSection(SolutionConfigurationPlatforms) = preSolution
		Debug|Any CPU = Debug|Any CPU
		Release|Any CPU = Release|Any CPU
	EndGlobalSection
	GlobalSection(ProjectConfigurationPlatforms) = postSolution
		{DAED19C7-A5E8-4251-A341-DBB5864D7361}.Debug|Any CPU.ActiveCfg = Debug|Any CPU
		{DAED19C7-A5E8-4251-A341-DBB5864D7361}.Debug|Any CPU.Build.0 = Debug|Any CPU
		{DAED19C7-A5E8-4251-A341-DBB5864D7361}.Release|Any CPU.ActiveCfg = Release|Any CPU
		{DAED19C7-A5E8-4251-A341-DBB5864D7361}.Release|Any CPU.Build.0 = Release|Any CPU
		{B75A7089-BE4A-4976-AA4E-F4670B591027}.Debug|Any CPU.ActiveCfg = Debug|Any CPU
		{B75A7089-BE4A-4976-AA4E-F4670B591027}.Debug|Any CPU.Build.0 = Debug|Any CPU
		{B75A7089-BE4A-4976-AA4E-F4670B591027}.Release|Any CPU.ActiveCfg = Release|Any CPU
		{B75A7089-BE4A-4976-AA4E-F4670B591027}.Release|Any CPU.Build.0 = Release|Any CPU
	EndGlobalSection
	GlobalSection(SolutionProperties) = preSolution
		HideSolutionNode = FALSE
	EndGlobalSection
	GlobalSection(ExtensibilityGlobals) = postSolution
		SolutionGuid = {3651E765-274F-4292-98A4-0D9D4FD47F7B}
	EndGlobalSection
EndGlobal
