
Microsoft Visual Studio Solution File, Format Version 12.00
# Visual Studio 15
VisualStudioVersion = 15.0.28307.136
MinimumVisualStudioVersion = 10.0.40219.1
Project("{FAE04EC0-301F-11D3-BF4B-00C04F79EFBC}") = "TestPerformance", "TestPerformance.csproj", "{E637B1D0-E421-4F6B-99C2-1CC7D990111B}"
EndProject
Project("{FAE04EC0-301F-11D3-BF4B-00C04F79EFBC}") = "Equality", "..\..\Equality\Equality.csproj", "{14F4ABD8-4346-408E-B27F-A6713908A357}"
EndProject
Global
	GlobalSection(SolutionConfigurationPlatforms) = preSolution
		Debug|Any CPU = Debug|Any CPU
		Release|Any CPU = Release|Any CPU
	EndGlobalSection
	GlobalSection(ProjectConfigurationPlatforms) = postSolution
		{E637B1D0-E421-4F6B-99C2-1CC7D990111B}.Debug|Any CPU.ActiveCfg = Debug|Any CPU
		{E637B1D0-E421-4F6B-99C2-1CC7D990111B}.Debug|Any CPU.Build.0 = Debug|Any CPU
		{E637B1D0-E421-4F6B-99C2-1CC7D990111B}.Release|Any CPU.ActiveCfg = Release|Any CPU
		{E637B1D0-E421-4F6B-99C2-1CC7D990111B}.Release|Any CPU.Build.0 = Release|Any CPU
		{14F4ABD8-4346-408E-B27F-A6713908A357}.Debug|Any CPU.ActiveCfg = Debug|Any CPU
		{14F4ABD8-4346-408E-B27F-A6713908A357}.Debug|Any CPU.Build.0 = Debug|Any CPU
		{14F4ABD8-4346-408E-B27F-A6713908A357}.Release|Any CPU.ActiveCfg = Release|Any CPU
		{14F4ABD8-4346-408E-B27F-A6713908A357}.Release|Any CPU.Build.0 = Release|Any CPU
	EndGlobalSection
	GlobalSection(SolutionProperties) = preSolution
		HideSolutionNode = FALSE
	EndGlobalSection
	GlobalSection(ExtensibilityGlobals) = postSolution
		SolutionGuid = {786125E3-C63D-4EFB-BA7F-B6CF9925B60E}
	EndGlobalSection
EndGlobal
