
Microsoft Visual Studio Solution File, Format Version 10.00
# Visual Studio 2008
Project("{FAE04EC0-301F-11D3-BF4B-00C04F79EFBC}") = "InterfaceV", "InterfaceV.csproj", "{91276039-6067-418D-B3DC-1920D73E65C3}"
EndProject
Global
	GlobalSection(SolutionConfigurationPlatforms) = preSolution
		Debug|Any CPU = Debug|Any CPU
		Release|Any CPU = Release|Any CPU
	EndGlobalSection
	GlobalSection(ProjectConfigurationPlatforms) = postSolution
		{91276039-6067-418D-B3DC-1920D73E65C3}.Debug|Any CPU.ActiveCfg = Debug|Any CPU
		{91276039-6067-418D-B3DC-1920D73E65C3}.Debug|Any CPU.Build.0 = Debug|Any CPU
		{91276039-6067-418D-B3DC-1920D73E65C3}.Release|Any CPU.ActiveCfg = Release|Any CPU
		{91276039-6067-418D-B3DC-1920D73E65C3}.Release|Any CPU.Build.0 = Release|Any CPU
	EndGlobalSection
	GlobalSection(SolutionProperties) = preSolution
		HideSolutionNode = FALSE
	EndGlobalSection
EndGlobal
