
Microsoft Visual Studio Solution File, Format Version 12.00
# Visual Studio 15
VisualStudioVersion = 15.0.27004.2009
MinimumVisualStudioVersion = 10.0.40219.1
Project("{FAE04EC0-301F-11D3-BF4B-00C04F79EFBC}") = "AutoResetEventVsManualResetEvent", "AutoResetEventVsManualResetEvent.csproj", "{FAD68483-7D5B-4E55-A9C6-8C361D120F70}"
EndProject
Global
	GlobalSection(SolutionConfigurationPlatforms) = preSolution
		Debug|Any CPU = Debug|Any CPU
		Release|Any CPU = Release|Any CPU
	EndGlobalSection
	GlobalSection(ProjectConfigurationPlatforms) = postSolution
		{FAD68483-7D5B-4E55-A9C6-8C361D120F70}.Debug|Any CPU.ActiveCfg = Debug|Any CPU
		{FAD68483-7D5B-4E55-A9C6-8C361D120F70}.Debug|Any CPU.Build.0 = Debug|Any CPU
		{FAD68483-7D5B-4E55-A9C6-8C361D120F70}.Release|Any CPU.ActiveCfg = Release|Any CPU
		{FAD68483-7D5B-4E55-A9C6-8C361D120F70}.Release|Any CPU.Build.0 = Release|Any CPU
	EndGlobalSection
	GlobalSection(SolutionProperties) = preSolution
		HideSolutionNode = FALSE
	EndGlobalSection
	GlobalSection(ExtensibilityGlobals) = postSolution
		SolutionGuid = {CDE406ED-5761-4DCA-B1D3-49E3C34CF3F7}
	EndGlobalSection
EndGlobal
