
Microsoft Visual Studio Solution File, Format Version 12.00
# Visual Studio Version 16
VisualStudioVersion = 16.0.31313.79
MinimumVisualStudioVersion = 10.0.40219.1
Project("{FAE04EC0-301F-11D3-BF4B-00C04F79EFBC}") = "AbstractFactoryStd", "AbstractFactoryStd.csproj", "{97A36F91-C713-427A-BE3C-4D1CA757DA75}"
EndProject
Global
	GlobalSection(SolutionConfigurationPlatforms) = preSolution
		Debug|Any CPU = Debug|Any CPU
		Release|Any CPU = Release|Any CPU
	EndGlobalSection
	GlobalSection(ProjectConfigurationPlatforms) = postSolution
		{97A36F91-C713-427A-BE3C-4D1CA757DA75}.Debug|Any CPU.ActiveCfg = Debug|Any CPU
		{97A36F91-C713-427A-BE3C-4D1CA757DA75}.Debug|Any CPU.Build.0 = Debug|Any CPU
		{97A36F91-C713-427A-BE3C-4D1CA757DA75}.Release|Any CPU.ActiveCfg = Release|Any CPU
		{97A36F91-C713-427A-BE3C-4D1CA757DA75}.Release|Any CPU.Build.0 = Release|Any CPU
	EndGlobalSection
	GlobalSection(SolutionProperties) = preSolution
		HideSolutionNode = FALSE
	EndGlobalSection
	GlobalSection(ExtensibilityGlobals) = postSolution
		SolutionGuid = {931E4BD7-7D14-4464-8AA6-DB8B382EE0E4}
	EndGlobalSection
EndGlobal
