
Microsoft Visual Studio Solution File, Format Version 12.00
# Visual Studio 15
VisualStudioVersion = 15.0.28307.136
MinimumVisualStudioVersion = 10.0.40219.1
Project("{FAE04EC0-301F-11D3-BF4B-00C04F79EFBC}") = "ExpenseIt", "ExpenseIt.csproj", "{072FB778-A4F0-4341-9A3B-E232B0917E30}"
EndProject
Global
	GlobalSection(SolutionConfigurationPlatforms) = preSolution
		Debug|Any CPU = Debug|Any CPU
		Release|Any CPU = Release|Any CPU
	EndGlobalSection
	GlobalSection(ProjectConfigurationPlatforms) = postSolution
		{072FB778-A4F0-4341-9A3B-E232B0917E30}.Debug|Any CPU.ActiveCfg = Debug|Any CPU
		{072FB778-A4F0-4341-9A3B-E232B0917E30}.Debug|Any CPU.Build.0 = Debug|Any CPU
		{072FB778-A4F0-4341-9A3B-E232B0917E30}.Release|Any CPU.ActiveCfg = Release|Any CPU
		{072FB778-A4F0-4341-9A3B-E232B0917E30}.Release|Any CPU.Build.0 = Release|Any CPU
	EndGlobalSection
	GlobalSection(SolutionProperties) = preSolution
		HideSolutionNode = FALSE
	EndGlobalSection
	GlobalSection(ExtensibilityGlobals) = postSolution
		SolutionGuid = {BFE8AFDA-FA77-48FC-B191-B7836E4DE0AB}
	EndGlobalSection
EndGlobal
