
Microsoft Visual Studio Solution File, Format Version 11.00
# Visual Studio 2010
Project("{FAE04EC0-301F-11D3-BF4B-00C04F79EFBC}") = "TestCheckTreePanel", "TestCheckTreePanel.csproj", "{EEE6A5A6-2433-4DF7-A5D5-0FD4A23E9745}"
EndProject
Global
	GlobalSection(SolutionConfigurationPlatforms) = preSolution
		Debug|Any CPU = Debug|Any CPU
		Release|Any CPU = Release|Any CPU
	EndGlobalSection
	GlobalSection(ProjectConfigurationPlatforms) = postSolution
		{EEE6A5A6-2433-4DF7-A5D5-0FD4A23E9745}.Debug|Any CPU.ActiveCfg = Debug|Any CPU
		{EEE6A5A6-2433-4DF7-A5D5-0FD4A23E9745}.Debug|Any CPU.Build.0 = Debug|Any CPU
		{EEE6A5A6-2433-4DF7-A5D5-0FD4A23E9745}.Release|Any CPU.ActiveCfg = Release|Any CPU
		{EEE6A5A6-2433-4DF7-A5D5-0FD4A23E9745}.Release|Any CPU.Build.0 = Release|Any CPU
	EndGlobalSection
	GlobalSection(SolutionProperties) = preSolution
		HideSolutionNode = FALSE
	EndGlobalSection
EndGlobal
