
Microsoft Visual Studio Solution File, Format Version 12.00
# Visual Studio Version 17
VisualStudioVersion = 17.3.32811.315
MinimumVisualStudioVersion = 10.0.40219.1
Project("{9A19103F-16F7-4668-BE54-9A1E7A4F7556}") = "ConsoleApp", "ConsoleApp\ConsoleApp.csproj", "{426AD1F4-4994-4AB8-AF46-A2028B3121D9}"
EndProject
Project("{FAE04EC0-301F-11D3-BF4B-00C04F79EFBC}") = "ConsoleAppGenericHost", "ConsoleAppGenericHost\ConsoleAppGenericHost.csproj", "{D2FB5BD7-76B4-48CC-95D8-7055A5E68CAE}"
EndProject
Global
	GlobalSection(SolutionConfigurationPlatforms) = preSolution
		Debug|Any CPU = Debug|Any CPU
		Release|Any CPU = Release|Any CPU
	EndGlobalSection
	GlobalSection(ProjectConfigurationPlatforms) = postSolution
		{426AD1F4-4994-4AB8-AF46-A2028B3121D9}.Debug|Any CPU.ActiveCfg = Debug|Any CPU
		{426AD1F4-4994-4AB8-AF46-A2028B3121D9}.Debug|Any CPU.Build.0 = Debug|Any CPU
		{426AD1F4-4994-4AB8-AF46-A2028B3121D9}.Release|Any CPU.ActiveCfg = Release|Any CPU
		{426AD1F4-4994-4AB8-AF46-A2028B3121D9}.Release|Any CPU.Build.0 = Release|Any CPU
		{D2FB5BD7-76B4-48CC-95D8-7055A5E68CAE}.Debug|Any CPU.ActiveCfg = Debug|Any CPU
		{D2FB5BD7-76B4-48CC-95D8-7055A5E68CAE}.Debug|Any CPU.Build.0 = Debug|Any CPU
		{D2FB5BD7-76B4-48CC-95D8-7055A5E68CAE}.Release|Any CPU.ActiveCfg = Release|Any CPU
		{D2FB5BD7-76B4-48CC-95D8-7055A5E68CAE}.Release|Any CPU.Build.0 = Release|Any CPU
	EndGlobalSection
	GlobalSection(SolutionProperties) = preSolution
		HideSolutionNode = FALSE
	EndGlobalSection
	GlobalSection(ExtensibilityGlobals) = postSolution
		SolutionGuid = {F98AE928-9F87-49F9-8CEC-6228DE4838EC}
	EndGlobalSection
EndGlobal
