
Microsoft Visual Studio Solution File, Format Version 12.00
# Visual Studio Version 16
VisualStudioVersion = 16.0.30011.22
MinimumVisualStudioVersion = 10.0.40219.1
Project("{FAE04EC0-301F-11D3-BF4B-00C04F79EFBC}") = "TestSettings", "TestSettings.csproj", "{1E9E77E1-FFC0-4CCB-8096-6E6F8A7DD5F7}"
EndProject
Global
	GlobalSection(SolutionConfigurationPlatforms) = preSolution
		Debug|Any CPU = Debug|Any CPU
		Release|Any CPU = Release|Any CPU
	EndGlobalSection
	GlobalSection(ProjectConfigurationPlatforms) = postSolution
		{1E9E77E1-FFC0-4CCB-8096-6E6F8A7DD5F7}.Debug|Any CPU.ActiveCfg = Debug|Any CPU
		{1E9E77E1-FFC0-4CCB-8096-6E6F8A7DD5F7}.Debug|Any CPU.Build.0 = Debug|Any CPU
		{1E9E77E1-FFC0-4CCB-8096-6E6F8A7DD5F7}.Release|Any CPU.ActiveCfg = Release|Any CPU
		{1E9E77E1-FFC0-4CCB-8096-6E6F8A7DD5F7}.Release|Any CPU.Build.0 = Release|Any CPU
	EndGlobalSection
	GlobalSection(SolutionProperties) = preSolution
		HideSolutionNode = FALSE
	EndGlobalSection
	GlobalSection(ExtensibilityGlobals) = postSolution
		SolutionGuid = {660FB24A-8B59-4D79-A7CB-DB904AFE1837}
	EndGlobalSection
EndGlobal
