
Microsoft Visual Studio Solution File, Format Version 12.00
# Visual Studio 14
VisualStudioVersion = 14.0.25420.1
MinimumVisualStudioVersion = 10.0.40219.1
Project("{FAE04EC0-301F-11D3-BF4B-00C04F79EFBC}") = "TestTargetFWVersion2", "TestTargetFWVersion2\TestTargetFWVersion2.csproj", "{496AE4C4-4E76-40BA-AF83-974BB3FE3174}"
EndProject
Project("{FAE04EC0-301F-11D3-BF4B-00C04F79EFBC}") = "TestTargetFWVersion4", "TestTargetFWVersion4\TestTargetFWVersion4.csproj", "{45CDE80E-3D6F-4947-8ACB-549B18CA7CE2}"
EndProject
Global
	GlobalSection(SolutionConfigurationPlatforms) = preSolution
		Debug|Any CPU = Debug|Any CPU
		Release|Any CPU = Release|Any CPU
	EndGlobalSection
	GlobalSection(ProjectConfigurationPlatforms) = postSolution
		{496AE4C4-4E76-40BA-AF83-974BB3FE3174}.Debug|Any CPU.ActiveCfg = Debug|Any CPU
		{496AE4C4-4E76-40BA-AF83-974BB3FE3174}.Debug|Any CPU.Build.0 = Debug|Any CPU
		{496AE4C4-4E76-40BA-AF83-974BB3FE3174}.Release|Any CPU.ActiveCfg = Release|Any CPU
		{496AE4C4-4E76-40BA-AF83-974BB3FE3174}.Release|Any CPU.Build.0 = Release|Any CPU
		{45CDE80E-3D6F-4947-8ACB-549B18CA7CE2}.Debug|Any CPU.ActiveCfg = Debug|Any CPU
		{45CDE80E-3D6F-4947-8ACB-549B18CA7CE2}.Debug|Any CPU.Build.0 = Debug|Any CPU
		{45CDE80E-3D6F-4947-8ACB-549B18CA7CE2}.Release|Any CPU.ActiveCfg = Release|Any CPU
		{45CDE80E-3D6F-4947-8ACB-549B18CA7CE2}.Release|Any CPU.Build.0 = Release|Any CPU
	EndGlobalSection
	GlobalSection(SolutionProperties) = preSolution
		HideSolutionNode = FALSE
	EndGlobalSection
EndGlobal
