
Microsoft Visual Studio Solution File, Format Version 12.00
# Visual Studio 15
VisualStudioVersion = 15.0.28307.902
MinimumVisualStudioVersion = 10.0.40219.1
Project("{FAE04EC0-301F-11D3-BF4B-00C04F79EFBC}") = "TestAutoFixture", "TestAutoFixture.csproj", "{857F9439-C99C-4C5F-952F-98137BA7D670}"
EndProject
Global
	GlobalSection(SolutionConfigurationPlatforms) = preSolution
		Debug|Any CPU = Debug|Any CPU
		Release|Any CPU = Release|Any CPU
	EndGlobalSection
	GlobalSection(ProjectConfigurationPlatforms) = postSolution
		{857F9439-C99C-4C5F-952F-98137BA7D670}.Debug|Any CPU.ActiveCfg = Debug|Any CPU
		{857F9439-C99C-4C5F-952F-98137BA7D670}.Debug|Any CPU.Build.0 = Debug|Any CPU
		{857F9439-C99C-4C5F-952F-98137BA7D670}.Release|Any CPU.ActiveCfg = Release|Any CPU
		{857F9439-C99C-4C5F-952F-98137BA7D670}.Release|Any CPU.Build.0 = Release|Any CPU
	EndGlobalSection
	GlobalSection(SolutionProperties) = preSolution
		HideSolutionNode = FALSE
	EndGlobalSection
	GlobalSection(ExtensibilityGlobals) = postSolution
		SolutionGuid = {AA666B38-31B9-4166-AEF0-029CF9AB3CE9}
	EndGlobalSection
EndGlobal
