
Microsoft Visual Studio Solution File, Format Version 12.00
# Visual Studio 15
VisualStudioVersion = 15.0.28307.902
MinimumVisualStudioVersion = 10.0.40219.1
Project("{FAE04EC0-301F-11D3-BF4B-00C04F79EFBC}") = "TestSimple", "TestSimple.csproj", "{121FE859-6154-4553-9574-0DF9B55907B2}"
EndProject
Global
	GlobalSection(SolutionConfigurationPlatforms) = preSolution
		Debug|Any CPU = Debug|Any CPU
		Release|Any CPU = Release|Any CPU
	EndGlobalSection
	GlobalSection(ProjectConfigurationPlatforms) = postSolution
		{121FE859-6154-4553-9574-0DF9B55907B2}.Debug|Any CPU.ActiveCfg = Debug|Any CPU
		{121FE859-6154-4553-9574-0DF9B55907B2}.Debug|Any CPU.Build.0 = Debug|Any CPU
		{121FE859-6154-4553-9574-0DF9B55907B2}.Release|Any CPU.ActiveCfg = Release|Any CPU
		{121FE859-6154-4553-9574-0DF9B55907B2}.Release|Any CPU.Build.0 = Release|Any CPU
	EndGlobalSection
	GlobalSection(SolutionProperties) = preSolution
		HideSolutionNode = FALSE
	EndGlobalSection
	GlobalSection(ExtensibilityGlobals) = postSolution
		SolutionGuid = {1B38AC17-2EFB-4D6F-8A75-2DAEBBF637EF}
	EndGlobalSection
EndGlobal
