
Microsoft Visual Studio Solution File, Format Version 11.00
# Visual Studio 2010
Project("{FAE04EC0-301F-11D3-BF4B-00C04F79EFBC}") = "TestLambda", "TestLambda.csproj", "{02F66F0D-9DA4-4D1E-B2EB-71A643EEAAA6}"
EndProject
Global
	GlobalSection(SolutionConfigurationPlatforms) = preSolution
		Debug|x86 = Debug|x86
		Release|x86 = Release|x86
	EndGlobalSection
	GlobalSection(ProjectConfigurationPlatforms) = postSolution
		{02F66F0D-9DA4-4D1E-B2EB-71A643EEAAA6}.Debug|x86.ActiveCfg = Debug|x86
		{02F66F0D-9DA4-4D1E-B2EB-71A643EEAAA6}.Debug|x86.Build.0 = Debug|x86
		{02F66F0D-9DA4-4D1E-B2EB-71A643EEAAA6}.Release|x86.ActiveCfg = Release|x86
		{02F66F0D-9DA4-4D1E-B2EB-71A643EEAAA6}.Release|x86.Build.0 = Release|x86
	EndGlobalSection
	GlobalSection(SolutionProperties) = preSolution
		HideSolutionNode = FALSE
	EndGlobalSection
EndGlobal
