
Microsoft Visual Studio Solution File, Format Version 12.00
# Visual Studio 14
VisualStudioVersion = 14.0.25123.0
MinimumVisualStudioVersion = 10.0.40219.1
Project("{FAE04EC0-301F-11D3-BF4B-00C04F79EFBC}") = "TestUOW", "TestUOW.csproj", "{AFFC46E2-0DB1-475F-BF2A-322D15D3C6F0}"
EndProject
Global
	GlobalSection(SolutionConfigurationPlatforms) = preSolution
		Debug|Any CPU = Debug|Any CPU
		Release|Any CPU = Release|Any CPU
	EndGlobalSection
	GlobalSection(ProjectConfigurationPlatforms) = postSolution
		{AFFC46E2-0DB1-475F-BF2A-322D15D3C6F0}.Debug|Any CPU.ActiveCfg = Debug|Any CPU
		{AFFC46E2-0DB1-475F-BF2A-322D15D3C6F0}.Debug|Any CPU.Build.0 = Debug|Any CPU
		{AFFC46E2-0DB1-475F-BF2A-322D15D3C6F0}.Release|Any CPU.ActiveCfg = Release|Any CPU
		{AFFC46E2-0DB1-475F-BF2A-322D15D3C6F0}.Release|Any CPU.Build.0 = Release|Any CPU
	EndGlobalSection
	GlobalSection(SolutionProperties) = preSolution
		HideSolutionNode = FALSE
	EndGlobalSection
EndGlobal
