
Microsoft Visual Studio Solution File, Format Version 11.00
# Visual Studio 2010
Project("{FAE04EC0-301F-11D3-BF4B-00C04F79EFBC}") = "EditableGridWithAddRemoveRow", "EditableGridWithAddRemoveRow.csproj", "{A60F7D5C-F378-4245-A95C-EADFCFF6FBB9}"
EndProject
Global
	GlobalSection(SolutionConfigurationPlatforms) = preSolution
		Debug|Any CPU = Debug|Any CPU
		Release|Any CPU = Release|Any CPU
	EndGlobalSection
	GlobalSection(ProjectConfigurationPlatforms) = postSolution
		{A60F7D5C-F378-4245-A95C-EADFCFF6FBB9}.Debug|Any CPU.ActiveCfg = Debug|Any CPU
		{A60F7D5C-F378-4245-A95C-EADFCFF6FBB9}.Debug|Any CPU.Build.0 = Debug|Any CPU
		{A60F7D5C-F378-4245-A95C-EADFCFF6FBB9}.Release|Any CPU.ActiveCfg = Release|Any CPU
		{A60F7D5C-F378-4245-A95C-EADFCFF6FBB9}.Release|Any CPU.Build.0 = Release|Any CPU
	EndGlobalSection
	GlobalSection(SolutionProperties) = preSolution
		HideSolutionNode = FALSE
	EndGlobalSection
EndGlobal
