
Microsoft Visual Studio Solution File, Format Version 11.00
# Visual Studio 2010
Project("{FAE04EC0-301F-11D3-BF4B-00C04F79EFBC}") = "TestFormsAuthentication", "TestFormsAuthentication.csproj", "{B19D9DD9-6C98-4BB4-8251-E1B1880AC707}"
EndProject
Global
	GlobalSection(SolutionConfigurationPlatforms) = preSolution
		Debug|Any CPU = Debug|Any CPU
		Release|Any CPU = Release|Any CPU
	EndGlobalSection
	GlobalSection(ProjectConfigurationPlatforms) = postSolution
		{B19D9DD9-6C98-4BB4-8251-E1B1880AC707}.Debug|Any CPU.ActiveCfg = Debug|Any CPU
		{B19D9DD9-6C98-4BB4-8251-E1B1880AC707}.Debug|Any CPU.Build.0 = Debug|Any CPU
		{B19D9DD9-6C98-4BB4-8251-E1B1880AC707}.Release|Any CPU.ActiveCfg = Release|Any CPU
		{B19D9DD9-6C98-4BB4-8251-E1B1880AC707}.Release|Any CPU.Build.0 = Release|Any CPU
	EndGlobalSection
	GlobalSection(SolutionProperties) = preSolution
		HideSolutionNode = FALSE
	EndGlobalSection
EndGlobal
