
Microsoft Visual Studio Solution File, Format Version 10.00
# Visual Studio 2008
Project("{FAE04EC0-301F-11D3-BF4B-00C04F79EFBC}") = "Oracle.Oracle.II", "Oracle.Oracle.II.csproj", "{69DCAF9D-340E-46A5-BC8C-3E2A973F602A}"
EndProject
Global
	GlobalSection(SolutionConfigurationPlatforms) = preSolution
		Debug|Any CPU = Debug|Any CPU
		Release|Any CPU = Release|Any CPU
	EndGlobalSection
	GlobalSection(ProjectConfigurationPlatforms) = postSolution
		{69DCAF9D-340E-46A5-BC8C-3E2A973F602A}.Debug|Any CPU.ActiveCfg = Debug|Any CPU
		{69DCAF9D-340E-46A5-BC8C-3E2A973F602A}.Debug|Any CPU.Build.0 = Debug|Any CPU
		{69DCAF9D-340E-46A5-BC8C-3E2A973F602A}.Release|Any CPU.ActiveCfg = Release|Any CPU
		{69DCAF9D-340E-46A5-BC8C-3E2A973F602A}.Release|Any CPU.Build.0 = Release|Any CPU
	EndGlobalSection
	GlobalSection(SolutionProperties) = preSolution
		HideSolutionNode = FALSE
	EndGlobalSection
EndGlobal
