
Microsoft Visual Studio Solution File, Format Version 12.00
# Visual Studio Version 16
VisualStudioVersion = 16.0.30621.155
MinimumVisualStudioVersion = 10.0.40219.1
Project("{FAE04EC0-301F-11D3-BF4B-00C04F79EFBC}") = "TestMultiCall", "TestMultiCall.csproj", "{A306B115-AFE4-4CD7-B548-373F06E611DA}"
EndProject
Global
	GlobalSection(SolutionConfigurationPlatforms) = preSolution
		Debug|Any CPU = Debug|Any CPU
		Release|Any CPU = Release|Any CPU
	EndGlobalSection
	GlobalSection(ProjectConfigurationPlatforms) = postSolution
		{A306B115-AFE4-4CD7-B548-373F06E611DA}.Debug|Any CPU.ActiveCfg = Debug|Any CPU
		{A306B115-AFE4-4CD7-B548-373F06E611DA}.Debug|Any CPU.Build.0 = Debug|Any CPU
		{A306B115-AFE4-4CD7-B548-373F06E611DA}.Release|Any CPU.ActiveCfg = Release|Any CPU
		{A306B115-AFE4-4CD7-B548-373F06E611DA}.Release|Any CPU.Build.0 = Release|Any CPU
	EndGlobalSection
	GlobalSection(SolutionProperties) = preSolution
		HideSolutionNode = FALSE
	EndGlobalSection
	GlobalSection(ExtensibilityGlobals) = postSolution
		SolutionGuid = {44303F1D-6E56-4F94-8D27-BFE12627C856}
	EndGlobalSection
EndGlobal
