
Microsoft Visual Studio Solution File, Format Version 11.00
# Visual Studio 2010
Project("{FAE04EC0-301F-11D3-BF4B-00C04F79EFBC}") = "TestFormAuthenticationSimple", "TestFormAuthenticationSimple.csproj", "{3E94B8EF-2451-45BB-83FB-B7F4DCCCF81A}"
EndProject
Global
	GlobalSection(SolutionConfigurationPlatforms) = preSolution
		Debug|Any CPU = Debug|Any CPU
		Release|Any CPU = Release|Any CPU
	EndGlobalSection
	GlobalSection(ProjectConfigurationPlatforms) = postSolution
		{3E94B8EF-2451-45BB-83FB-B7F4DCCCF81A}.Debug|Any CPU.ActiveCfg = Debug|Any CPU
		{3E94B8EF-2451-45BB-83FB-B7F4DCCCF81A}.Debug|Any CPU.Build.0 = Debug|Any CPU
		{3E94B8EF-2451-45BB-83FB-B7F4DCCCF81A}.Release|Any CPU.ActiveCfg = Release|Any CPU
		{3E94B8EF-2451-45BB-83FB-B7F4DCCCF81A}.Release|Any CPU.Build.0 = Release|Any CPU
	EndGlobalSection
	GlobalSection(SolutionProperties) = preSolution
		HideSolutionNode = FALSE
	EndGlobalSection
EndGlobal
