
Microsoft Visual Studio Solution File, Format Version 12.00
# Visual Studio 15
VisualStudioVersion = 15.0.27004.2002
MinimumVisualStudioVersion = 10.0.40219.1
Project("{FAE04EC0-301F-11D3-BF4B-00C04F79EFBC}") = "TestXPO", "TestXPO.csproj", "{672D8376-051B-4D54-97E2-B238607C4451}"
EndProject
Project("{FAE04EC0-301F-11D3-BF4B-00C04F79EFBC}") = "TestDB", "..\..\TestDB\TestDB.csproj", "{B75A7089-BE4A-4976-AA4E-F4670B591027}"
EndProject
Global
	GlobalSection(SolutionConfigurationPlatforms) = preSolution
		Debug|Any CPU = Debug|Any CPU
		Release|Any CPU = Release|Any CPU
	EndGlobalSection
	GlobalSection(ProjectConfigurationPlatforms) = postSolution
		{672D8376-051B-4D54-97E2-B238607C4451}.Debug|Any CPU.ActiveCfg = Debug|Any CPU
		{672D8376-051B-4D54-97E2-B238607C4451}.Debug|Any CPU.Build.0 = Debug|Any CPU
		{672D8376-051B-4D54-97E2-B238607C4451}.Release|Any CPU.ActiveCfg = Release|Any CPU
		{672D8376-051B-4D54-97E2-B238607C4451}.Release|Any CPU.Build.0 = Release|Any CPU
		{B75A7089-BE4A-4976-AA4E-F4670B591027}.Debug|Any CPU.ActiveCfg = Debug|Any CPU
		{B75A7089-BE4A-4976-AA4E-F4670B591027}.Debug|Any CPU.Build.0 = Debug|Any CPU
		{B75A7089-BE4A-4976-AA4E-F4670B591027}.Release|Any CPU.ActiveCfg = Release|Any CPU
		{B75A7089-BE4A-4976-AA4E-F4670B591027}.Release|Any CPU.Build.0 = Release|Any CPU
	EndGlobalSection
	GlobalSection(SolutionProperties) = preSolution
		HideSolutionNode = FALSE
	EndGlobalSection
	GlobalSection(ExtensibilityGlobals) = postSolution
		SolutionGuid = {8E443600-43DF-4807-B152-713DDC5AD264}
	EndGlobalSection
EndGlobal
