
Microsoft Visual Studio Solution File, Format Version 11.00
# Visual Studio 2010
Project("{FAE04EC0-301F-11D3-BF4B-00C04F79EFBC}") = "TestFinalize", "TestFinalize.csproj", "{1FBC47A3-4530-434A-A9C5-B2D943856312}"
EndProject
Global
	GlobalSection(SolutionConfigurationPlatforms) = preSolution
		Debug|Any CPU = Debug|Any CPU
		Release|Any CPU = Release|Any CPU
	EndGlobalSection
	GlobalSection(ProjectConfigurationPlatforms) = postSolution
		{1FBC47A3-4530-434A-A9C5-B2D943856312}.Debug|Any CPU.ActiveCfg = Debug|Any CPU
		{1FBC47A3-4530-434A-A9C5-B2D943856312}.Debug|Any CPU.Build.0 = Debug|Any CPU
		{1FBC47A3-4530-434A-A9C5-B2D943856312}.Release|Any CPU.ActiveCfg = Release|Any CPU
		{1FBC47A3-4530-434A-A9C5-B2D943856312}.Release|Any CPU.Build.0 = Release|Any CPU
	EndGlobalSection
	GlobalSection(SolutionProperties) = preSolution
		HideSolutionNode = FALSE
	EndGlobalSection
EndGlobal
