
Microsoft Visual Studio Solution File, Format Version 12.00
# Visual Studio 2012
Project("{FAE04EC0-301F-11D3-BF4B-00C04F79EFBC}") = "SQLCLRFunctionWithImages", "SQLCLRFunctionWithImages.csproj", "{DD96EEC5-D61A-444E-A9E8-53D8504CA11E}"
EndProject
Global
	GlobalSection(SolutionConfigurationPlatforms) = preSolution
		Debug|Any CPU = Debug|Any CPU
		Release|Any CPU = Release|Any CPU
	EndGlobalSection
	GlobalSection(ProjectConfigurationPlatforms) = postSolution
		{DD96EEC5-D61A-444E-A9E8-53D8504CA11E}.Debug|Any CPU.ActiveCfg = Debug|Any CPU
		{DD96EEC5-D61A-444E-A9E8-53D8504CA11E}.Debug|Any CPU.Build.0 = Debug|Any CPU
		{DD96EEC5-D61A-444E-A9E8-53D8504CA11E}.Release|Any CPU.ActiveCfg = Release|Any CPU
		{DD96EEC5-D61A-444E-A9E8-53D8504CA11E}.Release|Any CPU.Build.0 = Release|Any CPU
	EndGlobalSection
	GlobalSection(SolutionProperties) = preSolution
		HideSolutionNode = FALSE
	EndGlobalSection
EndGlobal
