
Microsoft Visual Studio Solution File, Format Version 10.00
# Visual Studio 2008
Project("{FAE04EC0-301F-11D3-BF4B-00C04F79EFBC}") = "EditGridWithComboBox", "EditGridWithComboBox.csproj", "{BBBB24A7-1F9F-4C8E-8EC6-B1DE8D567949}"
EndProject
Global
	GlobalSection(SolutionConfigurationPlatforms) = preSolution
		Debug|Any CPU = Debug|Any CPU
		Release|Any CPU = Release|Any CPU
	EndGlobalSection
	GlobalSection(ProjectConfigurationPlatforms) = postSolution
		{BBBB24A7-1F9F-4C8E-8EC6-B1DE8D567949}.Debug|Any CPU.ActiveCfg = Debug|Any CPU
		{BBBB24A7-1F9F-4C8E-8EC6-B1DE8D567949}.Debug|Any CPU.Build.0 = Debug|Any CPU
		{BBBB24A7-1F9F-4C8E-8EC6-B1DE8D567949}.Release|Any CPU.ActiveCfg = Release|Any CPU
		{BBBB24A7-1F9F-4C8E-8EC6-B1DE8D567949}.Release|Any CPU.Build.0 = Release|Any CPU
	EndGlobalSection
	GlobalSection(SolutionProperties) = preSolution
		HideSolutionNode = FALSE
	EndGlobalSection
EndGlobal
