
Microsoft Visual Studio Solution File, Format Version 12.00
# Visual Studio Version 16
VisualStudioVersion = 16.0.31313.79
MinimumVisualStudioVersion = 10.0.40219.1
Project("{FAE04EC0-301F-11D3-BF4B-00C04F79EFBC}") = "Adapter", "Adapter.csproj", "{03BC746D-5523-4F50-B5F3-97F652A5637B}"
EndProject
Global
	GlobalSection(SolutionConfigurationPlatforms) = preSolution
		Debug|Any CPU = Debug|Any CPU
		Release|Any CPU = Release|Any CPU
	EndGlobalSection
	GlobalSection(ProjectConfigurationPlatforms) = postSolution
		{03BC746D-5523-4F50-B5F3-97F652A5637B}.Debug|Any CPU.ActiveCfg = Debug|Any CPU
		{03BC746D-5523-4F50-B5F3-97F652A5637B}.Debug|Any CPU.Build.0 = Debug|Any CPU
		{03BC746D-5523-4F50-B5F3-97F652A5637B}.Release|Any CPU.ActiveCfg = Release|Any CPU
		{03BC746D-5523-4F50-B5F3-97F652A5637B}.Release|Any CPU.Build.0 = Release|Any CPU
	EndGlobalSection
	GlobalSection(SolutionProperties) = preSolution
		HideSolutionNode = FALSE
	EndGlobalSection
	GlobalSection(ExtensibilityGlobals) = postSolution
		SolutionGuid = {B95EFA07-CC20-4EE6-B3CF-C579C1D76270}
	EndGlobalSection
EndGlobal
