
Microsoft Visual Studio Solution File, Format Version 12.00
# Visual Studio 15
VisualStudioVersion = 15.0.28307.902
MinimumVisualStudioVersion = 10.0.40219.1
Project("{FAE04EC0-301F-11D3-BF4B-00C04F79EFBC}") = "DynamicProperties", "DynamicProperties.csproj", "{9C18D149-3B96-4CAB-AC2D-D8B14E8BFD5E}"
EndProject
Global
	GlobalSection(SolutionConfigurationPlatforms) = preSolution
		Debug|Any CPU = Debug|Any CPU
		Release|Any CPU = Release|Any CPU
	EndGlobalSection
	GlobalSection(ProjectConfigurationPlatforms) = postSolution
		{9C18D149-3B96-4CAB-AC2D-D8B14E8BFD5E}.Debug|Any CPU.ActiveCfg = Debug|Any CPU
		{9C18D149-3B96-4CAB-AC2D-D8B14E8BFD5E}.Debug|Any CPU.Build.0 = Debug|Any CPU
		{9C18D149-3B96-4CAB-AC2D-D8B14E8BFD5E}.Release|Any CPU.ActiveCfg = Release|Any CPU
		{9C18D149-3B96-4CAB-AC2D-D8B14E8BFD5E}.Release|Any CPU.Build.0 = Release|Any CPU
	EndGlobalSection
	GlobalSection(SolutionProperties) = preSolution
		HideSolutionNode = FALSE
	EndGlobalSection
	GlobalSection(ExtensibilityGlobals) = postSolution
		SolutionGuid = {C8B02514-9F45-4629-A824-91A0E62E0AD3}
	EndGlobalSection
EndGlobal
