
Microsoft Visual Studio Solution File, Format Version 11.00
# Visual Studio 2010
Project("{FAE04EC0-301F-11D3-BF4B-00C04F79EFBC}") = "SimpleDataBindingII", "SimpleDataBindingII.csproj", "{CA244B87-D4F2-40AB-8CF1-CC357078327E}"
EndProject
Global
	GlobalSection(SolutionConfigurationPlatforms) = preSolution
		Debug|Any CPU = Debug|Any CPU
		Release|Any CPU = Release|Any CPU
	EndGlobalSection
	GlobalSection(ProjectConfigurationPlatforms) = postSolution
		{CA244B87-D4F2-40AB-8CF1-CC357078327E}.Debug|Any CPU.ActiveCfg = Debug|Any CPU
		{CA244B87-D4F2-40AB-8CF1-CC357078327E}.Debug|Any CPU.Build.0 = Debug|Any CPU
		{CA244B87-D4F2-40AB-8CF1-CC357078327E}.Release|Any CPU.ActiveCfg = Release|Any CPU
		{CA244B87-D4F2-40AB-8CF1-CC357078327E}.Release|Any CPU.Build.0 = Release|Any CPU
	EndGlobalSection
	GlobalSection(SolutionProperties) = preSolution
		HideSolutionNode = FALSE
	EndGlobalSection
EndGlobal
