
Microsoft Visual Studio Solution File, Format Version 11.00
# Visual Studio 2010
Project("{FAE04EC0-301F-11D3-BF4B-00C04F79EFBC}") = "FormsAuthenticationUserImpersonationExample", "FormsAuthenticationUserImpersonationExample\FormsAuthenticationUserImpersonationExample.csproj", "{1D674C75-E58C-4EA8-A9B8-5B8464A641E7}"
EndProject
Project("{FAE04EC0-301F-11D3-BF4B-00C04F79EFBC}") = "FormsAuthenticationUserImpersonation", "FormsAuthenticationUserImpersonation\FormsAuthenticationUserImpersonation.csproj", "{3F733E4C-F880-4F11-8842-2915B07A6C3D}"
EndProject
Global
	GlobalSection(SolutionConfigurationPlatforms) = preSolution
		Debug|Any CPU = Debug|Any CPU
		Release|Any CPU = Release|Any CPU
	EndGlobalSection
	GlobalSection(ProjectConfigurationPlatforms) = postSolution
		{1D674C75-E58C-4EA8-A9B8-5B8464A641E7}.Debug|Any CPU.ActiveCfg = Debug|Any CPU
		{1D674C75-E58C-4EA8-A9B8-5B8464A641E7}.Debug|Any CPU.Build.0 = Debug|Any CPU
		{1D674C75-E58C-4EA8-A9B8-5B8464A641E7}.Release|Any CPU.ActiveCfg = Release|Any CPU
		{1D674C75-E58C-4EA8-A9B8-5B8464A641E7}.Release|Any CPU.Build.0 = Release|Any CPU
		{3F733E4C-F880-4F11-8842-2915B07A6C3D}.Debug|Any CPU.ActiveCfg = Debug|Any CPU
		{3F733E4C-F880-4F11-8842-2915B07A6C3D}.Debug|Any CPU.Build.0 = Debug|Any CPU
		{3F733E4C-F880-4F11-8842-2915B07A6C3D}.Release|Any CPU.ActiveCfg = Release|Any CPU
		{3F733E4C-F880-4F11-8842-2915B07A6C3D}.Release|Any CPU.Build.0 = Release|Any CPU
	EndGlobalSection
	GlobalSection(SolutionProperties) = preSolution
		HideSolutionNode = FALSE
	EndGlobalSection
EndGlobal
