
Microsoft Visual Studio Solution File, Format Version 12.00
# Visual Studio Version 16
VisualStudioVersion = 16.0.30204.135
MinimumVisualStudioVersion = 10.0.40219.1
Project("{FAE04EC0-301F-11D3-BF4B-00C04F79EFBC}") = "AnyTest", "AnyTest.csproj", "{7B37E92A-F8C3-4DE4-97C8-9F93F3239306}"
EndProject
Global
	GlobalSection(SolutionConfigurationPlatforms) = preSolution
		Debug|Any CPU = Debug|Any CPU
		Release|Any CPU = Release|Any CPU
	EndGlobalSection
	GlobalSection(ProjectConfigurationPlatforms) = postSolution
		{7B37E92A-F8C3-4DE4-97C8-9F93F3239306}.Debug|Any CPU.ActiveCfg = Debug|Any CPU
		{7B37E92A-F8C3-4DE4-97C8-9F93F3239306}.Debug|Any CPU.Build.0 = Debug|Any CPU
		{7B37E92A-F8C3-4DE4-97C8-9F93F3239306}.Release|Any CPU.ActiveCfg = Release|Any CPU
		{7B37E92A-F8C3-4DE4-97C8-9F93F3239306}.Release|Any CPU.Build.0 = Release|Any CPU
	EndGlobalSection
	GlobalSection(SolutionProperties) = preSolution
		HideSolutionNode = FALSE
	EndGlobalSection
	GlobalSection(ExtensibilityGlobals) = postSolution
		SolutionGuid = {9217E89A-DDD2-4CFC-812F-E3041D6D70B1}
	EndGlobalSection
EndGlobal
