Microsoft Visual Studio Solution File, Format Version 9.00
# Visual Studio 2005
Project("{E24C65DC-7377-472B-9ABA-BC803B73C61A}") = "E:\...\AnyTest2\", ".", "{F832F163-4D8F-4FCB-A6F7-2079190955B0}"
	ProjectSection(WebsiteProperties) = preProject
		Debug.AspNetCompiler.VirtualPath = "/AnyTest2"
		Debug.AspNetCompiler.PhysicalPath = "E:\Soft.src\ASP.NET\NET_2_0\Test\AnyTest2\"
		Debug.AspNetCompiler.TargetPath = "PrecompiledWeb\AnyTest2\"
		Debug.AspNetCompiler.Updateable = "true"
		Debug.AspNetCompiler.ForceOverwrite = "true"
		Debug.AspNetCompiler.FixedNames = "false"
		Debug.AspNetCompiler.Debug = "True"
		Release.AspNetCompiler.VirtualPath = "/AnyTest2"
		Release.AspNetCompiler.PhysicalPath = "E:\Soft.src\ASP.NET\NET_2_0\Test\AnyTest2\"
		Release.AspNetCompiler.TargetPath = "PrecompiledWeb\AnyTest2\"
		Release.AspNetCompiler.Updateable = "true"
		Release.AspNetCompiler.ForceOverwrite = "true"
		Release.AspNetCompiler.FixedNames = "false"
		Release.AspNetCompiler.Debug = "False"
		VWDPort = "1478"
	EndProjectSection
EndProject
Global
	GlobalSection(SolutionConfigurationPlatforms) = preSolution
		Debug|.NET = Debug|.NET
	EndGlobalSection
	GlobalSection(ProjectConfigurationPlatforms) = postSolution
		{F832F163-4D8F-4FCB-A6F7-2079190955B0}.Debug|.NET.ActiveCfg = Debug|.NET
		{F832F163-4D8F-4FCB-A6F7-2079190955B0}.Debug|.NET.Build.0 = Debug|.NET
	EndGlobalSection
	GlobalSection(SolutionProperties) = preSolution
		HideSolutionNode = FALSE
	EndGlobalSection
EndGlobal
