
Microsoft Visual Studio Solution File, Format Version 12.00
# Visual Studio 14
VisualStudioVersion = 14.0.25420.1
MinimumVisualStudioVersion = 10.0.40219.1
Project("{00D1A9C2-B5F0-4AF3-8072-F6C62B433612}") = "Database", "Database\Database.sqlproj", "{17CC1816-CE16-401C-B4CD-3C8C00789F70}"
EndProject
Project("{FAE04EC0-301F-11D3-BF4B-00C04F79EFBC}") = "DatabaseTest", "DatabaseTest\DatabaseTest.csproj", "{2A71676E-AD43-4983-908F-AE0B5FF63207}"
EndProject
Project("{FAE04EC0-301F-11D3-BF4B-00C04F79EFBC}") = "TestAssembly", "TestAssembly\TestAssembly.csproj", "{86505B19-383B-42E1-A487-F7D7E30EEBE7}"
EndProject
Global
	GlobalSection(SolutionConfigurationPlatforms) = preSolution
		Debug|Any CPU = Debug|Any CPU
		Release|Any CPU = Release|Any CPU
	EndGlobalSection
	GlobalSection(ProjectConfigurationPlatforms) = postSolution
		{17CC1816-CE16-401C-B4CD-3C8C00789F70}.Debug|Any CPU.ActiveCfg = Debug|Any CPU
		{17CC1816-CE16-401C-B4CD-3C8C00789F70}.Debug|Any CPU.Build.0 = Debug|Any CPU
		{17CC1816-CE16-401C-B4CD-3C8C00789F70}.Debug|Any CPU.Deploy.0 = Debug|Any CPU
		{17CC1816-CE16-401C-B4CD-3C8C00789F70}.Release|Any CPU.ActiveCfg = Release|Any CPU
		{17CC1816-CE16-401C-B4CD-3C8C00789F70}.Release|Any CPU.Build.0 = Release|Any CPU
		{17CC1816-CE16-401C-B4CD-3C8C00789F70}.Release|Any CPU.Deploy.0 = Release|Any CPU
		{2A71676E-AD43-4983-908F-AE0B5FF63207}.Debug|Any CPU.ActiveCfg = Debug|Any CPU
		{2A71676E-AD43-4983-908F-AE0B5FF63207}.Debug|Any CPU.Build.0 = Debug|Any CPU
		{2A71676E-AD43-4983-908F-AE0B5FF63207}.Release|Any CPU.ActiveCfg = Release|Any CPU
		{2A71676E-AD43-4983-908F-AE0B5FF63207}.Release|Any CPU.Build.0 = Release|Any CPU
		{86505B19-383B-42E1-A487-F7D7E30EEBE7}.Debug|Any CPU.ActiveCfg = Debug|Any CPU
		{86505B19-383B-42E1-A487-F7D7E30EEBE7}.Debug|Any CPU.Build.0 = Debug|Any CPU
		{86505B19-383B-42E1-A487-F7D7E30EEBE7}.Release|Any CPU.ActiveCfg = Release|Any CPU
		{86505B19-383B-42E1-A487-F7D7E30EEBE7}.Release|Any CPU.Build.0 = Release|Any CPU
	EndGlobalSection
	GlobalSection(SolutionProperties) = preSolution
		HideSolutionNode = FALSE
	EndGlobalSection
EndGlobal
