
Microsoft Visual Studio Solution File, Format Version 12.00
# Visual Studio Version 16
VisualStudioVersion = 16.0.29920.165
MinimumVisualStudioVersion = 10.0.40219.1
Project("{FAE04EC0-301F-11D3-BF4B-00C04F79EFBC}") = "TestStringInterm", "TestStringInterm.csproj", "{1EE33570-646D-4BE2-BF6B-9B1DD5C7029D}"
EndProject
Global
	GlobalSection(SolutionConfigurationPlatforms) = preSolution
		Debug|Any CPU = Debug|Any CPU
		Release|Any CPU = Release|Any CPU
	EndGlobalSection
	GlobalSection(ProjectConfigurationPlatforms) = postSolution
		{1EE33570-646D-4BE2-BF6B-9B1DD5C7029D}.Debug|Any CPU.ActiveCfg = Debug|Any CPU
		{1EE33570-646D-4BE2-BF6B-9B1DD5C7029D}.Debug|Any CPU.Build.0 = Debug|Any CPU
		{1EE33570-646D-4BE2-BF6B-9B1DD5C7029D}.Release|Any CPU.ActiveCfg = Release|Any CPU
		{1EE33570-646D-4BE2-BF6B-9B1DD5C7029D}.Release|Any CPU.Build.0 = Release|Any CPU
	EndGlobalSection
	GlobalSection(SolutionProperties) = preSolution
		HideSolutionNode = FALSE
	EndGlobalSection
	GlobalSection(ExtensibilityGlobals) = postSolution
		SolutionGuid = {6F06B2A0-D8F2-49F0-87D4-D0162532D8C4}
	EndGlobalSection
EndGlobal
