
Microsoft Visual Studio Solution File, Format Version 12.00
# Visual Studio 15
VisualStudioVersion = 15.0.28307.757
MinimumVisualStudioVersion = 10.0.40219.1
Project("{FAE04EC0-301F-11D3-BF4B-00C04F79EFBC}") = "TestMarkdownDeep", "TestMarkdownDeep.csproj", "{134D9A75-6E2B-43F5-8DC0-3E69C52F1496}"
EndProject
Global
	GlobalSection(SolutionConfigurationPlatforms) = preSolution
		Debug|Any CPU = Debug|Any CPU
		Release|Any CPU = Release|Any CPU
	EndGlobalSection
	GlobalSection(ProjectConfigurationPlatforms) = postSolution
		{134D9A75-6E2B-43F5-8DC0-3E69C52F1496}.Debug|Any CPU.ActiveCfg = Debug|Any CPU
		{134D9A75-6E2B-43F5-8DC0-3E69C52F1496}.Debug|Any CPU.Build.0 = Debug|Any CPU
		{134D9A75-6E2B-43F5-8DC0-3E69C52F1496}.Release|Any CPU.ActiveCfg = Release|Any CPU
		{134D9A75-6E2B-43F5-8DC0-3E69C52F1496}.Release|Any CPU.Build.0 = Release|Any CPU
	EndGlobalSection
	GlobalSection(SolutionProperties) = preSolution
		HideSolutionNode = FALSE
	EndGlobalSection
	GlobalSection(ExtensibilityGlobals) = postSolution
		SolutionGuid = {0483499C-D0C0-41D6-BFAF-94DA28E41A92}
	EndGlobalSection
EndGlobal
