
Microsoft Visual Studio Solution File, Format Version 11.00
# Visual Studio 2010
Project("{FAE04EC0-301F-11D3-BF4B-00C04F79EFBC}") = "TestFinalizeVI", "TestFinalizeVI.csproj", "{26C86E2E-1996-4893-85B6-AFDA7D5880A6}"
EndProject
Global
	GlobalSection(SolutionConfigurationPlatforms) = preSolution
		Debug|Any CPU = Debug|Any CPU
		Release|Any CPU = Release|Any CPU
	EndGlobalSection
	GlobalSection(ProjectConfigurationPlatforms) = postSolution
		{26C86E2E-1996-4893-85B6-AFDA7D5880A6}.Debug|Any CPU.ActiveCfg = Debug|Any CPU
		{26C86E2E-1996-4893-85B6-AFDA7D5880A6}.Debug|Any CPU.Build.0 = Debug|Any CPU
		{26C86E2E-1996-4893-85B6-AFDA7D5880A6}.Release|Any CPU.ActiveCfg = Release|Any CPU
		{26C86E2E-1996-4893-85B6-AFDA7D5880A6}.Release|Any CPU.Build.0 = Release|Any CPU
	EndGlobalSection
	GlobalSection(SolutionProperties) = preSolution
		HideSolutionNode = FALSE
	EndGlobalSection
EndGlobal
