
Microsoft Visual Studio Solution File, Format Version 12.00
# Visual Studio Version 17
VisualStudioVersion = 17.0.32112.339
MinimumVisualStudioVersion = 10.0.40219.1
Project("{FAE04EC0-301F-11D3-BF4B-00C04F79EFBC}") = "TestCulture", "TestCulture.csproj", "{476D1AE4-9FFC-44AD-B75F-86A5687CEFCC}"
EndProject
Global
	GlobalSection(SolutionConfigurationPlatforms) = preSolution
		Debug|Any CPU = Debug|Any CPU
		Release|Any CPU = Release|Any CPU
	EndGlobalSection
	GlobalSection(ProjectConfigurationPlatforms) = postSolution
		{476D1AE4-9FFC-44AD-B75F-86A5687CEFCC}.Debug|Any CPU.ActiveCfg = Debug|Any CPU
		{476D1AE4-9FFC-44AD-B75F-86A5687CEFCC}.Debug|Any CPU.Build.0 = Debug|Any CPU
		{476D1AE4-9FFC-44AD-B75F-86A5687CEFCC}.Release|Any CPU.ActiveCfg = Release|Any CPU
		{476D1AE4-9FFC-44AD-B75F-86A5687CEFCC}.Release|Any CPU.Build.0 = Release|Any CPU
	EndGlobalSection
	GlobalSection(SolutionProperties) = preSolution
		HideSolutionNode = FALSE
	EndGlobalSection
	GlobalSection(ExtensibilityGlobals) = postSolution
		SolutionGuid = {B551CB13-6DE9-46FC-9402-ABC9AC565895}
	EndGlobalSection
EndGlobal
