
Microsoft Visual Studio Solution File, Format Version 12.00
# Visual Studio Version 17
VisualStudioVersion = 17.9.34616.47
MinimumVisualStudioVersion = 10.0.40219.1
Project("{FAE04EC0-301F-11D3-BF4B-00C04F79EFBC}") = "TestAsposeBarcode", "TestAsposeBarcode.csproj", "{A9F8EC16-F15B-4D5B-99D6-4074D1B49A10}"
EndProject
Global
	GlobalSection(SolutionConfigurationPlatforms) = preSolution
		Debug|Any CPU = Debug|Any CPU
		Release|Any CPU = Release|Any CPU
	EndGlobalSection
	GlobalSection(ProjectConfigurationPlatforms) = postSolution
		{A9F8EC16-F15B-4D5B-99D6-4074D1B49A10}.Debug|Any CPU.ActiveCfg = Debug|Any CPU
		{A9F8EC16-F15B-4D5B-99D6-4074D1B49A10}.Debug|Any CPU.Build.0 = Debug|Any CPU
		{A9F8EC16-F15B-4D5B-99D6-4074D1B49A10}.Release|Any CPU.ActiveCfg = Release|Any CPU
		{A9F8EC16-F15B-4D5B-99D6-4074D1B49A10}.Release|Any CPU.Build.0 = Release|Any CPU
	EndGlobalSection
	GlobalSection(SolutionProperties) = preSolution
		HideSolutionNode = FALSE
	EndGlobalSection
	GlobalSection(ExtensibilityGlobals) = postSolution
		SolutionGuid = {8322E5A5-EA25-459A-9CBC-92810B920AFA}
	EndGlobalSection
EndGlobal
