
Microsoft Visual Studio Solution File, Format Version 12.00
# Visual Studio Version 16
VisualStudioVersion = 16.0.31313.79
MinimumVisualStudioVersion = 10.0.40219.1
Project("{FAE04EC0-301F-11D3-BF4B-00C04F79EFBC}") = "CapturingConsoleOutput", "CapturingConsoleOutput.csproj", "{7B2B9E5E-C713-4008-9632-53609016814C}"
EndProject
Global
	GlobalSection(SolutionConfigurationPlatforms) = preSolution
		Debug|Any CPU = Debug|Any CPU
		Release|Any CPU = Release|Any CPU
	EndGlobalSection
	GlobalSection(ProjectConfigurationPlatforms) = postSolution
		{7B2B9E5E-C713-4008-9632-53609016814C}.Debug|Any CPU.ActiveCfg = Debug|Any CPU
		{7B2B9E5E-C713-4008-9632-53609016814C}.Debug|Any CPU.Build.0 = Debug|Any CPU
		{7B2B9E5E-C713-4008-9632-53609016814C}.Release|Any CPU.ActiveCfg = Release|Any CPU
		{7B2B9E5E-C713-4008-9632-53609016814C}.Release|Any CPU.Build.0 = Release|Any CPU
	EndGlobalSection
	GlobalSection(SolutionProperties) = preSolution
		HideSolutionNode = FALSE
	EndGlobalSection
	GlobalSection(ExtensibilityGlobals) = postSolution
		SolutionGuid = {CFD91918-451B-4135-8DD9-10AAD7AD82A4}
	EndGlobalSection
EndGlobal
