
Microsoft Visual Studio Solution File, Format Version 11.00
# Visual Studio 2010
Project("{FAE04EC0-301F-11D3-BF4B-00C04F79EFBC}") = "TestDelegateII", "TestDelegateII.csproj", "{76DB83F9-3F7E-49A4-B320-968A63CE08DE}"
EndProject
Global
	GlobalSection(SolutionConfigurationPlatforms) = preSolution
		Debug|x86 = Debug|x86
		Release|x86 = Release|x86
	EndGlobalSection
	GlobalSection(ProjectConfigurationPlatforms) = postSolution
		{76DB83F9-3F7E-49A4-B320-968A63CE08DE}.Debug|x86.ActiveCfg = Debug|x86
		{76DB83F9-3F7E-49A4-B320-968A63CE08DE}.Debug|x86.Build.0 = Debug|x86
		{76DB83F9-3F7E-49A4-B320-968A63CE08DE}.Release|x86.ActiveCfg = Release|x86
		{76DB83F9-3F7E-49A4-B320-968A63CE08DE}.Release|x86.Build.0 = Release|x86
	EndGlobalSection
	GlobalSection(SolutionProperties) = preSolution
		HideSolutionNode = FALSE
	EndGlobalSection
EndGlobal
