
Microsoft Visual Studio Solution File, Format Version 12.00
# Visual Studio 14
VisualStudioVersion = 14.0.25420.1
MinimumVisualStudioVersion = 10.0.40219.1
Project("{FAE04EC0-301F-11D3-BF4B-00C04F79EFBC}") = "ClassLibrary", "ClassLibrary\ClassLibrary.csproj", "{7CDC01D4-152C-43D7-9C6B-F48221890E3A}"
EndProject
Project("{FAE04EC0-301F-11D3-BF4B-00C04F79EFBC}") = "ConsoleApplication", "ConsoleApplication\ConsoleApplication.csproj", "{6038DBA8-4B05-49E7-ACAF-11CDACE313C6}"
EndProject
Project("{FAE04EC0-301F-11D3-BF4B-00C04F79EFBC}") = "UnitTestProject", "UnitTestProject\UnitTestProject.csproj", "{57181556-BC1E-4EF6-B325-AAE79CA891ED}"
EndProject
Global
	GlobalSection(SolutionConfigurationPlatforms) = preSolution
		Debug|Any CPU = Debug|Any CPU
		Release|Any CPU = Release|Any CPU
	EndGlobalSection
	GlobalSection(ProjectConfigurationPlatforms) = postSolution
		{7CDC01D4-152C-43D7-9C6B-F48221890E3A}.Debug|Any CPU.ActiveCfg = Debug|Any CPU
		{7CDC01D4-152C-43D7-9C6B-F48221890E3A}.Debug|Any CPU.Build.0 = Debug|Any CPU
		{7CDC01D4-152C-43D7-9C6B-F48221890E3A}.Release|Any CPU.ActiveCfg = Release|Any CPU
		{7CDC01D4-152C-43D7-9C6B-F48221890E3A}.Release|Any CPU.Build.0 = Release|Any CPU
		{6038DBA8-4B05-49E7-ACAF-11CDACE313C6}.Debug|Any CPU.ActiveCfg = Debug|Any CPU
		{6038DBA8-4B05-49E7-ACAF-11CDACE313C6}.Debug|Any CPU.Build.0 = Debug|Any CPU
		{6038DBA8-4B05-49E7-ACAF-11CDACE313C6}.Release|Any CPU.ActiveCfg = Release|Any CPU
		{6038DBA8-4B05-49E7-ACAF-11CDACE313C6}.Release|Any CPU.Build.0 = Release|Any CPU
		{57181556-BC1E-4EF6-B325-AAE79CA891ED}.Debug|Any CPU.ActiveCfg = Debug|Any CPU
		{57181556-BC1E-4EF6-B325-AAE79CA891ED}.Debug|Any CPU.Build.0 = Debug|Any CPU
		{57181556-BC1E-4EF6-B325-AAE79CA891ED}.Release|Any CPU.ActiveCfg = Release|Any CPU
		{57181556-BC1E-4EF6-B325-AAE79CA891ED}.Release|Any CPU.Build.0 = Release|Any CPU
	EndGlobalSection
	GlobalSection(SolutionProperties) = preSolution
		HideSolutionNode = FALSE
	EndGlobalSection
EndGlobal
