
Microsoft Visual Studio Solution File, Format Version 11.00
# Visual Studio 2010
Project("{FAE04EC0-301F-11D3-BF4B-00C04F79EFBC}") = "Rijndael", "Rijndael.csproj", "{64DDCB36-D82B-4ED1-8E34-654F007E6747}"
EndProject
Global
	GlobalSection(SolutionConfigurationPlatforms) = preSolution
		Debug|Any CPU = Debug|Any CPU
		Release|Any CPU = Release|Any CPU
	EndGlobalSection
	GlobalSection(ProjectConfigurationPlatforms) = postSolution
		{64DDCB36-D82B-4ED1-8E34-654F007E6747}.Debug|Any CPU.ActiveCfg = Debug|Any CPU
		{64DDCB36-D82B-4ED1-8E34-654F007E6747}.Debug|Any CPU.Build.0 = Debug|Any CPU
		{64DDCB36-D82B-4ED1-8E34-654F007E6747}.Release|Any CPU.ActiveCfg = Release|Any CPU
		{64DDCB36-D82B-4ED1-8E34-654F007E6747}.Release|Any CPU.Build.0 = Release|Any CPU
	EndGlobalSection
	GlobalSection(SolutionProperties) = preSolution
		HideSolutionNode = FALSE
	EndGlobalSection
EndGlobal
