
Microsoft Visual Studio Solution File, Format Version 11.00
# Visual Studio 2010
Project("{FAE04EC0-301F-11D3-BF4B-00C04F79EFBC}") = "TestFormsWithFileUpload", "TestFormsWithFileUpload.csproj", "{F59C6CCC-A4EF-4500-B5A6-8AA1EFACD7CC}"
EndProject
Global
	GlobalSection(SolutionConfigurationPlatforms) = preSolution
		Debug|Any CPU = Debug|Any CPU
		Release|Any CPU = Release|Any CPU
	EndGlobalSection
	GlobalSection(ProjectConfigurationPlatforms) = postSolution
		{F59C6CCC-A4EF-4500-B5A6-8AA1EFACD7CC}.Debug|Any CPU.ActiveCfg = Debug|Any CPU
		{F59C6CCC-A4EF-4500-B5A6-8AA1EFACD7CC}.Debug|Any CPU.Build.0 = Debug|Any CPU
		{F59C6CCC-A4EF-4500-B5A6-8AA1EFACD7CC}.Release|Any CPU.ActiveCfg = Release|Any CPU
		{F59C6CCC-A4EF-4500-B5A6-8AA1EFACD7CC}.Release|Any CPU.Build.0 = Release|Any CPU
	EndGlobalSection
	GlobalSection(SolutionProperties) = preSolution
		HideSolutionNode = FALSE
	EndGlobalSection
EndGlobal
