
Microsoft Visual Studio Solution File, Format Version 11.00
# Visual Studio 2010
Project("{FAE04EC0-301F-11D3-BF4B-00C04F79EFBC}") = "TestSerializationII", "TestSerializationII.csproj", "{94D5033A-669E-46FC-9058-F01B7599CB8A}"
EndProject
Global
	GlobalSection(SolutionConfigurationPlatforms) = preSolution
		Debug|Any CPU = Debug|Any CPU
		Release|Any CPU = Release|Any CPU
	EndGlobalSection
	GlobalSection(ProjectConfigurationPlatforms) = postSolution
		{94D5033A-669E-46FC-9058-F01B7599CB8A}.Debug|Any CPU.ActiveCfg = Debug|Any CPU
		{94D5033A-669E-46FC-9058-F01B7599CB8A}.Debug|Any CPU.Build.0 = Debug|Any CPU
		{94D5033A-669E-46FC-9058-F01B7599CB8A}.Release|Any CPU.ActiveCfg = Release|Any CPU
		{94D5033A-669E-46FC-9058-F01B7599CB8A}.Release|Any CPU.Build.0 = Release|Any CPU
	EndGlobalSection
	GlobalSection(SolutionProperties) = preSolution
		HideSolutionNode = FALSE
	EndGlobalSection
EndGlobal
