
Microsoft Visual Studio Solution File, Format Version 12.00
# Visual Studio Version 16
VisualStudioVersion = 16.0.30114.105
MinimumVisualStudioVersion = 10.0.40219.1
Project("{9A19103F-16F7-4668-BE54-9A1E7A4F7556}") = "Basic", "Basic\Basic.csproj", "{F5A956A7-3EF9-4CA8-A607-AA501939FC6D}"
EndProject
Project("{9A19103F-16F7-4668-BE54-9A1E7A4F7556}") = "IdentityExample", "IdentityExample\IdentityExample.csproj", "{DCD798D9-E886-47C5-BA13-BD31F2A23558}"
EndProject
Project("{9A19103F-16F7-4668-BE54-9A1E7A4F7556}") = "EmailVerification", "EmailVerification\EmailVerification.csproj", "{C113FC20-1EBE-4441-B9BA-655C6A59DAD5}"
EndProject
Project("{9A19103F-16F7-4668-BE54-9A1E7A4F7556}") = "Authorization", "Authorization\Authorization.csproj", "{6F0A102B-36D4-4B15-B3FC-57E35D422349}"
EndProject
Project("{9A19103F-16F7-4668-BE54-9A1E7A4F7556}") = "Operations", "Operations\Operations.csproj", "{97E88058-22A3-4499-A647-5DC154FAFC86}"
EndProject
Project("{9A19103F-16F7-4668-BE54-9A1E7A4F7556}") = "RazorAuthorization", "RazorAuthorization\RazorAuthorization.csproj", "{786619A3-6997-493F-B96C-27379A9661C3}"
EndProject
Project("{2150E333-8FDC-42A3-9474-1A3956D46DE8}") = "Basic", "Basic", "{7B8F8925-7BED-474F-A26A-4B0EFB5BFC28}"
EndProject
Project("{2150E333-8FDC-42A3-9474-1A3956D46DE8}") = "OAuth", "OAuth", "{6363A84C-E659-4DF8-BFFA-822A3D75C0BF}"
EndProject
Project("{9A19103F-16F7-4668-BE54-9A1E7A4F7556}") = "Server", "Server\Server.csproj", "{91507C06-2F80-46E2-AFB2-AFC5BCDBE41C}"
EndProject
Project("{FAE04EC0-301F-11D3-BF4B-00C04F79EFBC}") = "Client", "Client\Client.csproj", "{D75E1CA5-EFEB-4487-8832-C4D1F226F788}"
EndProject
Global
	GlobalSection(SolutionConfigurationPlatforms) = preSolution
		Debug|Any CPU = Debug|Any CPU
		Release|Any CPU = Release|Any CPU
	EndGlobalSection
	GlobalSection(ProjectConfigurationPlatforms) = postSolution
		{F5A956A7-3EF9-4CA8-A607-AA501939FC6D}.Debug|Any CPU.ActiveCfg = Debug|Any CPU
		{F5A956A7-3EF9-4CA8-A607-AA501939FC6D}.Debug|Any CPU.Build.0 = Debug|Any CPU
		{F5A956A7-3EF9-4CA8-A607-AA501939FC6D}.Release|Any CPU.ActiveCfg = Release|Any CPU
		{F5A956A7-3EF9-4CA8-A607-AA501939FC6D}.Release|Any CPU.Build.0 = Release|Any CPU
		{DCD798D9-E886-47C5-BA13-BD31F2A23558}.Debug|Any CPU.ActiveCfg = Debug|Any CPU
		{DCD798D9-E886-47C5-BA13-BD31F2A23558}.Debug|Any CPU.Build.0 = Debug|Any CPU
		{DCD798D9-E886-47C5-BA13-BD31F2A23558}.Release|Any CPU.ActiveCfg = Release|Any CPU
		{DCD798D9-E886-47C5-BA13-BD31F2A23558}.Release|Any CPU.Build.0 = Release|Any CPU
		{C113FC20-1EBE-4441-B9BA-655C6A59DAD5}.Debug|Any CPU.ActiveCfg = Debug|Any CPU
		{C113FC20-1EBE-4441-B9BA-655C6A59DAD5}.Debug|Any CPU.Build.0 = Debug|Any CPU
		{C113FC20-1EBE-4441-B9BA-655C6A59DAD5}.Release|Any CPU.ActiveCfg = Release|Any CPU
		{C113FC20-1EBE-4441-B9BA-655C6A59DAD5}.Release|Any CPU.Build.0 = Release|Any CPU
		{6F0A102B-36D4-4B15-B3FC-57E35D422349}.Debug|Any CPU.ActiveCfg = Debug|Any CPU
		{6F0A102B-36D4-4B15-B3FC-57E35D422349}.Debug|Any CPU.Build.0 = Debug|Any CPU
		{6F0A102B-36D4-4B15-B3FC-57E35D422349}.Release|Any CPU.ActiveCfg = Release|Any CPU
		{6F0A102B-36D4-4B15-B3FC-57E35D422349}.Release|Any CPU.Build.0 = Release|Any CPU
		{97E88058-22A3-4499-A647-5DC154FAFC86}.Debug|Any CPU.ActiveCfg = Debug|Any CPU
		{97E88058-22A3-4499-A647-5DC154FAFC86}.Debug|Any CPU.Build.0 = Debug|Any CPU
		{97E88058-22A3-4499-A647-5DC154FAFC86}.Release|Any CPU.ActiveCfg = Release|Any CPU
		{97E88058-22A3-4499-A647-5DC154FAFC86}.Release|Any CPU.Build.0 = Release|Any CPU
		{786619A3-6997-493F-B96C-27379A9661C3}.Debug|Any CPU.ActiveCfg = Debug|Any CPU
		{786619A3-6997-493F-B96C-27379A9661C3}.Debug|Any CPU.Build.0 = Debug|Any CPU
		{786619A3-6997-493F-B96C-27379A9661C3}.Release|Any CPU.ActiveCfg = Release|Any CPU
		{786619A3-6997-493F-B96C-27379A9661C3}.Release|Any CPU.Build.0 = Release|Any CPU
		{91507C06-2F80-46E2-AFB2-AFC5BCDBE41C}.Debug|Any CPU.ActiveCfg = Debug|Any CPU
		{91507C06-2F80-46E2-AFB2-AFC5BCDBE41C}.Debug|Any CPU.Build.0 = Debug|Any CPU
		{91507C06-2F80-46E2-AFB2-AFC5BCDBE41C}.Release|Any CPU.ActiveCfg = Release|Any CPU
		{91507C06-2F80-46E2-AFB2-AFC5BCDBE41C}.Release|Any CPU.Build.0 = Release|Any CPU
		{D75E1CA5-EFEB-4487-8832-C4D1F226F788}.Debug|Any CPU.ActiveCfg = Debug|Any CPU
		{D75E1CA5-EFEB-4487-8832-C4D1F226F788}.Debug|Any CPU.Build.0 = Debug|Any CPU
		{D75E1CA5-EFEB-4487-8832-C4D1F226F788}.Release|Any CPU.ActiveCfg = Release|Any CPU
		{D75E1CA5-EFEB-4487-8832-C4D1F226F788}.Release|Any CPU.Build.0 = Release|Any CPU
	EndGlobalSection
	GlobalSection(SolutionProperties) = preSolution
		HideSolutionNode = FALSE
	EndGlobalSection
	GlobalSection(NestedProjects) = preSolution
		{F5A956A7-3EF9-4CA8-A607-AA501939FC6D} = {7B8F8925-7BED-474F-A26A-4B0EFB5BFC28}
		{DCD798D9-E886-47C5-BA13-BD31F2A23558} = {7B8F8925-7BED-474F-A26A-4B0EFB5BFC28}
		{C113FC20-1EBE-4441-B9BA-655C6A59DAD5} = {7B8F8925-7BED-474F-A26A-4B0EFB5BFC28}
		{6F0A102B-36D4-4B15-B3FC-57E35D422349} = {7B8F8925-7BED-474F-A26A-4B0EFB5BFC28}
		{97E88058-22A3-4499-A647-5DC154FAFC86} = {7B8F8925-7BED-474F-A26A-4B0EFB5BFC28}
		{786619A3-6997-493F-B96C-27379A9661C3} = {7B8F8925-7BED-474F-A26A-4B0EFB5BFC28}
		{91507C06-2F80-46E2-AFB2-AFC5BCDBE41C} = {6363A84C-E659-4DF8-BFFA-822A3D75C0BF}
		{D75E1CA5-EFEB-4487-8832-C4D1F226F788} = {6363A84C-E659-4DF8-BFFA-822A3D75C0BF}
	EndGlobalSection
	GlobalSection(ExtensibilityGlobals) = postSolution
		SolutionGuid = {932D2C4B-6F36-46A1-A299-3439C3A15C1D}
	EndGlobalSection
EndGlobal
