
Microsoft Visual Studio Solution File, Format Version 10.00
# Visual Studio 2008
Project("{FAE04EC0-301F-11D3-BF4B-00C04F79EFBC}") = "TestFormsWithFileUpload", "TestFormsWithFileUpload.csproj", "{706FE9A4-A991-4264-BE95-51727F43BC7A}"
EndProject
Global
	GlobalSection(TestCaseManagementSettings) = postSolution
		CategoryFile = Typhoon Web UI.vsmdi
	EndGlobalSection
	GlobalSection(SolutionConfigurationPlatforms) = preSolution
		Debug|Any CPU = Debug|Any CPU
		Release|Any CPU = Release|Any CPU
	EndGlobalSection
	GlobalSection(ProjectConfigurationPlatforms) = postSolution
		{706FE9A4-A991-4264-BE95-51727F43BC7A}.Debug|Any CPU.ActiveCfg = Debug|Any CPU
		{706FE9A4-A991-4264-BE95-51727F43BC7A}.Debug|Any CPU.Build.0 = Debug|Any CPU
		{706FE9A4-A991-4264-BE95-51727F43BC7A}.Release|Any CPU.ActiveCfg = Release|Any CPU
		{706FE9A4-A991-4264-BE95-51727F43BC7A}.Release|Any CPU.Build.0 = Release|Any CPU
	EndGlobalSection
	GlobalSection(SolutionProperties) = preSolution
		HideSolutionNode = FALSE
	EndGlobalSection
EndGlobal
