
Microsoft Visual Studio Solution File, Format Version 12.00
# Visual Studio Version 16
VisualStudioVersion = 16.0.30114.105
MinimumVisualStudioVersion = 10.0.40219.1
Project("{FAE04EC0-301F-11D3-BF4B-00C04F79EFBC}") = "TestMutex", "TestMutex.csproj", "{C387F317-5A02-4100-A524-7EDB8EB3BF5A}"
EndProject
Global
	GlobalSection(SolutionConfigurationPlatforms) = preSolution
		Debug|Any CPU = Debug|Any CPU
		Release|Any CPU = Release|Any CPU
	EndGlobalSection
	GlobalSection(ProjectConfigurationPlatforms) = postSolution
		{C387F317-5A02-4100-A524-7EDB8EB3BF5A}.Debug|Any CPU.ActiveCfg = Debug|Any CPU
		{C387F317-5A02-4100-A524-7EDB8EB3BF5A}.Debug|Any CPU.Build.0 = Debug|Any CPU
		{C387F317-5A02-4100-A524-7EDB8EB3BF5A}.Release|Any CPU.ActiveCfg = Release|Any CPU
		{C387F317-5A02-4100-A524-7EDB8EB3BF5A}.Release|Any CPU.Build.0 = Release|Any CPU
	EndGlobalSection
	GlobalSection(SolutionProperties) = preSolution
		HideSolutionNode = FALSE
	EndGlobalSection
	GlobalSection(ExtensibilityGlobals) = postSolution
		SolutionGuid = {78680E92-A557-4582-B37B-8B612CF2F727}
	EndGlobalSection
EndGlobal
