
Microsoft Visual Studio Solution File, Format Version 12.00
# Visual Studio 15
VisualStudioVersion = 15.0.28307.902
MinimumVisualStudioVersion = 10.0.40219.1
Project("{FAE04EC0-301F-11D3-BF4B-00C04F79EFBC}") = "TestFakeItEasyMT", "TestFakeItEasyMT.csproj", "{4C5EBFE0-28FA-40FD-AB70-EBA68AB21A39}"
EndProject
Global
	GlobalSection(SolutionConfigurationPlatforms) = preSolution
		Debug|Any CPU = Debug|Any CPU
		Release|Any CPU = Release|Any CPU
	EndGlobalSection
	GlobalSection(ProjectConfigurationPlatforms) = postSolution
		{4C5EBFE0-28FA-40FD-AB70-EBA68AB21A39}.Debug|Any CPU.ActiveCfg = Debug|Any CPU
		{4C5EBFE0-28FA-40FD-AB70-EBA68AB21A39}.Debug|Any CPU.Build.0 = Debug|Any CPU
		{4C5EBFE0-28FA-40FD-AB70-EBA68AB21A39}.Release|Any CPU.ActiveCfg = Release|Any CPU
		{4C5EBFE0-28FA-40FD-AB70-EBA68AB21A39}.Release|Any CPU.Build.0 = Release|Any CPU
	EndGlobalSection
	GlobalSection(SolutionProperties) = preSolution
		HideSolutionNode = FALSE
	EndGlobalSection
	GlobalSection(ExtensibilityGlobals) = postSolution
		SolutionGuid = {E4BFE310-9A30-4C53-B4AC-47F77C3ED5F2}
	EndGlobalSection
EndGlobal
