
Microsoft Visual Studio Solution File, Format Version 12.00
# Visual Studio Version 16
VisualStudioVersion = 16.0.30128.74
MinimumVisualStudioVersion = 10.0.40219.1
Project("{9A19103F-16F7-4668-BE54-9A1E7A4F7556}") = "DbService", "DbService\DbService.csproj", "{C9EA7746-1273-459E-8751-F335D1E365F3}"
EndProject
Project("{9A19103F-16F7-4668-BE54-9A1E7A4F7556}") = "WebApp", "WebApp\WebApp.csproj", "{E95D159E-F3EB-4BA5-93A9-8607B5CD47A3}"
EndProject
Global
	GlobalSection(SolutionConfigurationPlatforms) = preSolution
		Debug|Any CPU = Debug|Any CPU
		Release|Any CPU = Release|Any CPU
	EndGlobalSection
	GlobalSection(ProjectConfigurationPlatforms) = postSolution
		{C9EA7746-1273-459E-8751-F335D1E365F3}.Debug|Any CPU.ActiveCfg = Debug|Any CPU
		{C9EA7746-1273-459E-8751-F335D1E365F3}.Debug|Any CPU.Build.0 = Debug|Any CPU
		{C9EA7746-1273-459E-8751-F335D1E365F3}.Release|Any CPU.ActiveCfg = Release|Any CPU
		{C9EA7746-1273-459E-8751-F335D1E365F3}.Release|Any CPU.Build.0 = Release|Any CPU
		{E95D159E-F3EB-4BA5-93A9-8607B5CD47A3}.Debug|Any CPU.ActiveCfg = Debug|Any CPU
		{E95D159E-F3EB-4BA5-93A9-8607B5CD47A3}.Debug|Any CPU.Build.0 = Debug|Any CPU
		{E95D159E-F3EB-4BA5-93A9-8607B5CD47A3}.Release|Any CPU.ActiveCfg = Release|Any CPU
		{E95D159E-F3EB-4BA5-93A9-8607B5CD47A3}.Release|Any CPU.Build.0 = Release|Any CPU
	EndGlobalSection
	GlobalSection(SolutionProperties) = preSolution
		HideSolutionNode = FALSE
	EndGlobalSection
	GlobalSection(ExtensibilityGlobals) = postSolution
		SolutionGuid = {3F34BF56-392F-4734-8F55-C934EB866A9D}
	EndGlobalSection
EndGlobal
