
Microsoft Visual Studio Solution File, Format Version 12.00
# Visual Studio Version 16
VisualStudioVersion = 16.0.30114.105
MinimumVisualStudioVersion = 10.0.40219.1
Project("{FAE04EC0-301F-11D3-BF4B-00C04F79EFBC}") = "Performance", "Performance.csproj", "{D95EED2D-DA0A-426B-B7D5-0E5B2E55D1B7}"
EndProject
Global
	GlobalSection(SolutionConfigurationPlatforms) = preSolution
		Debug|Any CPU = Debug|Any CPU
		Release|Any CPU = Release|Any CPU
	EndGlobalSection
	GlobalSection(ProjectConfigurationPlatforms) = postSolution
		{D95EED2D-DA0A-426B-B7D5-0E5B2E55D1B7}.Debug|Any CPU.ActiveCfg = Debug|Any CPU
		{D95EED2D-DA0A-426B-B7D5-0E5B2E55D1B7}.Debug|Any CPU.Build.0 = Debug|Any CPU
		{D95EED2D-DA0A-426B-B7D5-0E5B2E55D1B7}.Release|Any CPU.ActiveCfg = Release|Any CPU
		{D95EED2D-DA0A-426B-B7D5-0E5B2E55D1B7}.Release|Any CPU.Build.0 = Release|Any CPU
	EndGlobalSection
	GlobalSection(SolutionProperties) = preSolution
		HideSolutionNode = FALSE
	EndGlobalSection
	GlobalSection(ExtensibilityGlobals) = postSolution
		SolutionGuid = {21C470BA-6F62-44BA-A403-1109C30C8497}
	EndGlobalSection
EndGlobal
