
Microsoft Visual Studio Solution File, Format Version 12.00
# Visual Studio Version 17
VisualStudioVersion = 17.9.34616.47
MinimumVisualStudioVersion = 10.0.40219.1
Project("{FAE04EC0-301F-11D3-BF4B-00C04F79EFBC}") = "TestFreeSpireBarcode", "TestFreeSpireBarcode.csproj", "{1D56C6E4-71B3-4AA6-9BFE-D7AE8C732A76}"
EndProject
Global
	GlobalSection(SolutionConfigurationPlatforms) = preSolution
		Debug|Any CPU = Debug|Any CPU
		Release|Any CPU = Release|Any CPU
	EndGlobalSection
	GlobalSection(ProjectConfigurationPlatforms) = postSolution
		{1D56C6E4-71B3-4AA6-9BFE-D7AE8C732A76}.Debug|Any CPU.ActiveCfg = Debug|Any CPU
		{1D56C6E4-71B3-4AA6-9BFE-D7AE8C732A76}.Debug|Any CPU.Build.0 = Debug|Any CPU
		{1D56C6E4-71B3-4AA6-9BFE-D7AE8C732A76}.Release|Any CPU.ActiveCfg = Release|Any CPU
		{1D56C6E4-71B3-4AA6-9BFE-D7AE8C732A76}.Release|Any CPU.Build.0 = Release|Any CPU
	EndGlobalSection
	GlobalSection(SolutionProperties) = preSolution
		HideSolutionNode = FALSE
	EndGlobalSection
	GlobalSection(ExtensibilityGlobals) = postSolution
		SolutionGuid = {5AD3C907-059B-4492-8A57-8A6380448C23}
	EndGlobalSection
EndGlobal
