
Microsoft Visual Studio Solution File, Format Version 12.00
# Visual Studio Version 16
VisualStudioVersion = 16.0.31313.79
MinimumVisualStudioVersion = 10.0.40219.1
Project("{FAE04EC0-301F-11D3-BF4B-00C04F79EFBC}") = "TestSettingsHostBuilder", "TestSettingsHostBuilder.csproj", "{14C75D07-7414-499D-92C2-76F4F4477004}"
EndProject
Global
	GlobalSection(SolutionConfigurationPlatforms) = preSolution
		Debug|Any CPU = Debug|Any CPU
		Release|Any CPU = Release|Any CPU
	EndGlobalSection
	GlobalSection(ProjectConfigurationPlatforms) = postSolution
		{14C75D07-7414-499D-92C2-76F4F4477004}.Debug|Any CPU.ActiveCfg = Debug|Any CPU
		{14C75D07-7414-499D-92C2-76F4F4477004}.Debug|Any CPU.Build.0 = Debug|Any CPU
		{14C75D07-7414-499D-92C2-76F4F4477004}.Release|Any CPU.ActiveCfg = Release|Any CPU
		{14C75D07-7414-499D-92C2-76F4F4477004}.Release|Any CPU.Build.0 = Release|Any CPU
	EndGlobalSection
	GlobalSection(SolutionProperties) = preSolution
		HideSolutionNode = FALSE
	EndGlobalSection
	GlobalSection(ExtensibilityGlobals) = postSolution
		SolutionGuid = {FBC4C197-4FCD-4D71-BD45-682E536F803B}
	EndGlobalSection
EndGlobal
