
Microsoft Visual Studio Solution File, Format Version 12.00
# Visual Studio 15
VisualStudioVersion = 15.0.28307.136
MinimumVisualStudioVersion = 10.0.40219.1
Project("{FAE04EC0-301F-11D3-BF4B-00C04F79EFBC}") = "Flyweight", "Flyweight.csproj", "{BD2FE1D0-F8FC-4366-814B-F24E9502F8E9}"
EndProject
Global
	GlobalSection(SolutionConfigurationPlatforms) = preSolution
		Debug|Any CPU = Debug|Any CPU
		Release|Any CPU = Release|Any CPU
	EndGlobalSection
	GlobalSection(ProjectConfigurationPlatforms) = postSolution
		{BD2FE1D0-F8FC-4366-814B-F24E9502F8E9}.Debug|Any CPU.ActiveCfg = Debug|Any CPU
		{BD2FE1D0-F8FC-4366-814B-F24E9502F8E9}.Debug|Any CPU.Build.0 = Debug|Any CPU
		{BD2FE1D0-F8FC-4366-814B-F24E9502F8E9}.Release|Any CPU.ActiveCfg = Release|Any CPU
		{BD2FE1D0-F8FC-4366-814B-F24E9502F8E9}.Release|Any CPU.Build.0 = Release|Any CPU
	EndGlobalSection
	GlobalSection(SolutionProperties) = preSolution
		HideSolutionNode = FALSE
	EndGlobalSection
	GlobalSection(ExtensibilityGlobals) = postSolution
		SolutionGuid = {9783B161-2857-4B89-BB5B-62F61BB62D0D}
	EndGlobalSection
EndGlobal
