
Microsoft Visual Studio Solution File, Format Version 12.00
# Visual Studio Version 16
VisualStudioVersion = 16.0.31205.134
MinimumVisualStudioVersion = 10.0.40219.1
Project("{FAE04EC0-301F-11D3-BF4B-00C04F79EFBC}") = "TestDataflowSimple", "TestDataflowSimple.csproj", "{DEC7FE92-769F-4AB8-9630-684CD55C699A}"
EndProject
Global
	GlobalSection(SolutionConfigurationPlatforms) = preSolution
		Debug|Any CPU = Debug|Any CPU
		Release|Any CPU = Release|Any CPU
	EndGlobalSection
	GlobalSection(ProjectConfigurationPlatforms) = postSolution
		{DEC7FE92-769F-4AB8-9630-684CD55C699A}.Debug|Any CPU.ActiveCfg = Debug|Any CPU
		{DEC7FE92-769F-4AB8-9630-684CD55C699A}.Debug|Any CPU.Build.0 = Debug|Any CPU
		{DEC7FE92-769F-4AB8-9630-684CD55C699A}.Release|Any CPU.ActiveCfg = Release|Any CPU
		{DEC7FE92-769F-4AB8-9630-684CD55C699A}.Release|Any CPU.Build.0 = Release|Any CPU
	EndGlobalSection
	GlobalSection(SolutionProperties) = preSolution
		HideSolutionNode = FALSE
	EndGlobalSection
	GlobalSection(ExtensibilityGlobals) = postSolution
		SolutionGuid = {9BE66D08-4B4D-40F4-A3BB-E9374C683393}
	EndGlobalSection
EndGlobal
