
Microsoft Visual Studio Solution File, Format Version 9.00
# Visual Studio 2005
Project("{FAE04EC0-301F-11D3-BF4B-00C04F79EFBC}") = "TestDbProviderII", "TestDbProviderII.csproj", "{F751F270-EF3E-48A6-8156-1F69822DC84F}"
	ProjectSection(WebsiteProperties) = preProject
		Debug.AspNetCompiler.Debug = "True"
		Release.AspNetCompiler.Debug = "False"
	EndProjectSection
EndProject
Project("{FAE04EC0-301F-11D3-BF4B-00C04F79EFBC}") = "DbProviderII", "..\..\..\..\C#\NET_2_0\DbProviderII\DbProviderII\DbProviderII.csproj", "{B4115651-C030-40EF-B4B1-E4C173890314}"
	ProjectSection(WebsiteProperties) = preProject
		Debug.AspNetCompiler.Debug = "True"
		Release.AspNetCompiler.Debug = "False"
	EndProjectSection
EndProject
Project("{FAE04EC0-301F-11D3-BF4B-00C04F79EFBC}") = "DebugII", "..\..\..\..\C#\NET_2_0\Common\DebugII\DebugII\DebugII.csproj", "{962A6F1E-CBB3-48AE-B693-F40EE1FF872C}"
	ProjectSection(WebsiteProperties) = preProject
		Debug.AspNetCompiler.Debug = "True"
		Release.AspNetCompiler.Debug = "False"
	EndProjectSection
EndProject
Project("{FAE04EC0-301F-11D3-BF4B-00C04F79EFBC}") = "LogII", "..\..\..\..\C#\NET_2_0\Common\LogII\LogII\LogII.csproj", "{C4019752-1A4E-4813-AA9C-ECC08C938CA3}"
	ProjectSection(WebsiteProperties) = preProject
		Debug.AspNetCompiler.Debug = "True"
		Release.AspNetCompiler.Debug = "False"
	EndProjectSection
EndProject
Global
	GlobalSection(SolutionConfigurationPlatforms) = preSolution
		Debug|Any CPU = Debug|Any CPU
		Release|Any CPU = Release|Any CPU
	EndGlobalSection
	GlobalSection(ProjectConfigurationPlatforms) = postSolution
		{F751F270-EF3E-48A6-8156-1F69822DC84F}.Debug|Any CPU.ActiveCfg = Debug|Any CPU
		{F751F270-EF3E-48A6-8156-1F69822DC84F}.Debug|Any CPU.Build.0 = Debug|Any CPU
		{F751F270-EF3E-48A6-8156-1F69822DC84F}.Release|Any CPU.ActiveCfg = Release|Any CPU
		{F751F270-EF3E-48A6-8156-1F69822DC84F}.Release|Any CPU.Build.0 = Release|Any CPU
		{B4115651-C030-40EF-B4B1-E4C173890314}.Debug|Any CPU.ActiveCfg = Debug|Any CPU
		{B4115651-C030-40EF-B4B1-E4C173890314}.Debug|Any CPU.Build.0 = Debug|Any CPU
		{B4115651-C030-40EF-B4B1-E4C173890314}.Release|Any CPU.ActiveCfg = Release|Any CPU
		{B4115651-C030-40EF-B4B1-E4C173890314}.Release|Any CPU.Build.0 = Release|Any CPU
		{962A6F1E-CBB3-48AE-B693-F40EE1FF872C}.Debug|Any CPU.ActiveCfg = Debug|Any CPU
		{962A6F1E-CBB3-48AE-B693-F40EE1FF872C}.Debug|Any CPU.Build.0 = Debug|Any CPU
		{962A6F1E-CBB3-48AE-B693-F40EE1FF872C}.Release|Any CPU.ActiveCfg = Release|Any CPU
		{962A6F1E-CBB3-48AE-B693-F40EE1FF872C}.Release|Any CPU.Build.0 = Release|Any CPU
		{C4019752-1A4E-4813-AA9C-ECC08C938CA3}.Debug|Any CPU.ActiveCfg = Debug|Any CPU
		{C4019752-1A4E-4813-AA9C-ECC08C938CA3}.Debug|Any CPU.Build.0 = Debug|Any CPU
		{C4019752-1A4E-4813-AA9C-ECC08C938CA3}.Release|Any CPU.ActiveCfg = Release|Any CPU
		{C4019752-1A4E-4813-AA9C-ECC08C938CA3}.Release|Any CPU.Build.0 = Release|Any CPU
	EndGlobalSection
	GlobalSection(SolutionProperties) = preSolution
		HideSolutionNode = FALSE
	EndGlobalSection
EndGlobal
