
Microsoft Visual Studio Solution File, Format Version 11.00
# Visual Studio 2010
Project("{FAE04EC0-301F-11D3-BF4B-00C04F79EFBC}") = "ServiceI", "ServiceI\ServiceI.csproj", "{2D605432-ABDC-438D-8E85-A91FAC765158}"
EndProject
Project("{FAE04EC0-301F-11D3-BF4B-00C04F79EFBC}") = "TestService", "TestService\TestService.csproj", "{57FE2BA8-2C13-44CD-8707-967B6D47BF7C}"
	ProjectSection(ProjectDependencies) = postProject
		{2D605432-ABDC-438D-8E85-A91FAC765158} = {2D605432-ABDC-438D-8E85-A91FAC765158}
	EndProjectSection
EndProject
Global
	GlobalSection(SolutionConfigurationPlatforms) = preSolution
		Debug|Any CPU = Debug|Any CPU
		Debug|Mixed Platforms = Debug|Mixed Platforms
		Debug|x86 = Debug|x86
		Release|Any CPU = Release|Any CPU
		Release|Mixed Platforms = Release|Mixed Platforms
		Release|x86 = Release|x86
	EndGlobalSection
	GlobalSection(ProjectConfigurationPlatforms) = postSolution
		{2D605432-ABDC-438D-8E85-A91FAC765158}.Debug|Any CPU.ActiveCfg = Debug|Any CPU
		{2D605432-ABDC-438D-8E85-A91FAC765158}.Debug|Any CPU.Build.0 = Debug|Any CPU
		{2D605432-ABDC-438D-8E85-A91FAC765158}.Debug|Mixed Platforms.ActiveCfg = Debug|Any CPU
		{2D605432-ABDC-438D-8E85-A91FAC765158}.Debug|Mixed Platforms.Build.0 = Debug|Any CPU
		{2D605432-ABDC-438D-8E85-A91FAC765158}.Debug|x86.ActiveCfg = Debug|Any CPU
		{2D605432-ABDC-438D-8E85-A91FAC765158}.Release|Any CPU.ActiveCfg = Release|Any CPU
		{2D605432-ABDC-438D-8E85-A91FAC765158}.Release|Any CPU.Build.0 = Release|Any CPU
		{2D605432-ABDC-438D-8E85-A91FAC765158}.Release|Mixed Platforms.ActiveCfg = Release|Any CPU
		{2D605432-ABDC-438D-8E85-A91FAC765158}.Release|Mixed Platforms.Build.0 = Release|Any CPU
		{2D605432-ABDC-438D-8E85-A91FAC765158}.Release|x86.ActiveCfg = Release|Any CPU
		{57FE2BA8-2C13-44CD-8707-967B6D47BF7C}.Debug|Any CPU.ActiveCfg = Debug|x86
		{57FE2BA8-2C13-44CD-8707-967B6D47BF7C}.Debug|Mixed Platforms.ActiveCfg = Debug|x86
		{57FE2BA8-2C13-44CD-8707-967B6D47BF7C}.Debug|Mixed Platforms.Build.0 = Debug|x86
		{57FE2BA8-2C13-44CD-8707-967B6D47BF7C}.Debug|x86.ActiveCfg = Debug|x86
		{57FE2BA8-2C13-44CD-8707-967B6D47BF7C}.Debug|x86.Build.0 = Debug|x86
		{57FE2BA8-2C13-44CD-8707-967B6D47BF7C}.Release|Any CPU.ActiveCfg = Release|x86
		{57FE2BA8-2C13-44CD-8707-967B6D47BF7C}.Release|Mixed Platforms.ActiveCfg = Release|x86
		{57FE2BA8-2C13-44CD-8707-967B6D47BF7C}.Release|Mixed Platforms.Build.0 = Release|x86
		{57FE2BA8-2C13-44CD-8707-967B6D47BF7C}.Release|x86.ActiveCfg = Release|x86
		{57FE2BA8-2C13-44CD-8707-967B6D47BF7C}.Release|x86.Build.0 = Release|x86
	EndGlobalSection
	GlobalSection(SolutionProperties) = preSolution
		HideSolutionNode = FALSE
	EndGlobalSection
EndGlobal
