
Microsoft Visual Studio Solution File, Format Version 12.00
# Visual Studio Version 16
VisualStudioVersion = 16.0.30320.27
MinimumVisualStudioVersion = 10.0.40219.1
Project("{FAE04EC0-301F-11D3-BF4B-00C04F79EFBC}") = "TodoList", "TodoList.csproj", "{98F93A00-3170-40FE-BF94-D482B07B142A}"
EndProject
Global
	GlobalSection(SolutionConfigurationPlatforms) = preSolution
		Debug|Any CPU = Debug|Any CPU
		Release|Any CPU = Release|Any CPU
	EndGlobalSection
	GlobalSection(ProjectConfigurationPlatforms) = postSolution
		{98F93A00-3170-40FE-BF94-D482B07B142A}.Debug|Any CPU.ActiveCfg = Debug|Any CPU
		{98F93A00-3170-40FE-BF94-D482B07B142A}.Debug|Any CPU.Build.0 = Debug|Any CPU
		{98F93A00-3170-40FE-BF94-D482B07B142A}.Release|Any CPU.ActiveCfg = Release|Any CPU
		{98F93A00-3170-40FE-BF94-D482B07B142A}.Release|Any CPU.Build.0 = Release|Any CPU
	EndGlobalSection
	GlobalSection(SolutionProperties) = preSolution
		HideSolutionNode = FALSE
	EndGlobalSection
	GlobalSection(ExtensibilityGlobals) = postSolution
		SolutionGuid = {C9EDB9C5-1D0B-4CD8-8062-BE5E79C907E6}
	EndGlobalSection
EndGlobal
