
Microsoft Visual Studio Solution File, Format Version 12.00
# Visual Studio Version 16
VisualStudioVersion = 16.0.31515.178
MinimumVisualStudioVersion = 10.0.40219.1
Project("{FAE04EC0-301F-11D3-BF4B-00C04F79EFBC}") = "TestAutoResetEvent", "TestAutoResetEvent.csproj", "{C5573E78-F005-47F5-8AE2-A391DF5BEB6F}"
EndProject
Global
	GlobalSection(SolutionConfigurationPlatforms) = preSolution
		Debug|Any CPU = Debug|Any CPU
		Release|Any CPU = Release|Any CPU
	EndGlobalSection
	GlobalSection(ProjectConfigurationPlatforms) = postSolution
		{C5573E78-F005-47F5-8AE2-A391DF5BEB6F}.Debug|Any CPU.ActiveCfg = Debug|Any CPU
		{C5573E78-F005-47F5-8AE2-A391DF5BEB6F}.Debug|Any CPU.Build.0 = Debug|Any CPU
		{C5573E78-F005-47F5-8AE2-A391DF5BEB6F}.Release|Any CPU.ActiveCfg = Release|Any CPU
		{C5573E78-F005-47F5-8AE2-A391DF5BEB6F}.Release|Any CPU.Build.0 = Release|Any CPU
	EndGlobalSection
	GlobalSection(SolutionProperties) = preSolution
		HideSolutionNode = FALSE
	EndGlobalSection
	GlobalSection(ExtensibilityGlobals) = postSolution
		SolutionGuid = {4085EB8A-814C-407C-8DB7-00BE04EAA969}
	EndGlobalSection
EndGlobal
