Microsoft Visual Studio Solution File, Format Version 8.00
Project("{8BC9CEB8-8B4A-11D0-8D11-00A0C91BC942}") = "WinFormAppNet", "WinFormAppNet.vcproj", "{E92DB35E-EB29-4655-91EC-E9A8BE725FCE}"
	ProjectSection(ProjectDependencies) = postProject
	EndProjectSection
EndProject
Global
	GlobalSection(SolutionConfiguration) = preSolution
		Debug = Debug
		Release = Release
	EndGlobalSection
	GlobalSection(ProjectConfiguration) = postSolution
		{E92DB35E-EB29-4655-91EC-E9A8BE725FCE}.Debug.ActiveCfg = Debug|Win32
		{E92DB35E-EB29-4655-91EC-E9A8BE725FCE}.Debug.Build.0 = Debug|Win32
		{E92DB35E-EB29-4655-91EC-E9A8BE725FCE}.Release.ActiveCfg = Release|Win32
		{E92DB35E-EB29-4655-91EC-E9A8BE725FCE}.Release.Build.0 = Release|Win32
	EndGlobalSection
	GlobalSection(ExtensibilityGlobals) = postSolution
	EndGlobalSection
	GlobalSection(ExtensibilityAddIns) = postSolution
	EndGlobalSection
EndGlobal
