
Microsoft Visual Studio Solution File, Format Version 12.00
# Visual Studio 15
VisualStudioVersion = 15.0.27703.2042
MinimumVisualStudioVersion = 10.0.40219.1
Project("{FAE04EC0-301F-11D3-BF4B-00C04F79EFBC}") = "RouteDebugger", "RouteDebugger\RouteDebugger.csproj", "{626C443F-106C-4AA5-BE53-679BFFD2CD08}"
EndProject
Global
	GlobalSection(SolutionConfigurationPlatforms) = preSolution
		Debug|Any CPU = Debug|Any CPU
		Release|Any CPU = Release|Any CPU
	EndGlobalSection
	GlobalSection(ProjectConfigurationPlatforms) = postSolution
		{626C443F-106C-4AA5-BE53-679BFFD2CD08}.Debug|Any CPU.ActiveCfg = Debug|Any CPU
		{626C443F-106C-4AA5-BE53-679BFFD2CD08}.Debug|Any CPU.Build.0 = Debug|Any CPU
		{626C443F-106C-4AA5-BE53-679BFFD2CD08}.Release|Any CPU.ActiveCfg = Release|Any CPU
		{626C443F-106C-4AA5-BE53-679BFFD2CD08}.Release|Any CPU.Build.0 = Release|Any CPU
	EndGlobalSection
	GlobalSection(SolutionProperties) = preSolution
		HideSolutionNode = FALSE
	EndGlobalSection
	GlobalSection(ExtensibilityGlobals) = postSolution
		SolutionGuid = {F1135A24-2DB7-4B14-A80A-5DD4D8BFC870}
	EndGlobalSection
EndGlobal
