
Microsoft Visual Studio Solution File, Format Version 12.00
# Visual Studio 15
VisualStudioVersion = 15.0.28307.329
MinimumVisualStudioVersion = 10.0.40219.1
Project("{E24C65DC-7377-472B-9ABA-BC803B73C61A}") = "TestWCF4", "TestWCF4\", "{59C8F8C0-040F-4DEA-A053-D7B64817EE65}"
	ProjectSection(WebsiteProperties) = preProject
		TargetFrameworkMoniker = ".NETFramework,Version%3Dv4.7.2"
		Debug.AspNetCompiler.VirtualPath = "/localhost_51149"
		Debug.AspNetCompiler.PhysicalPath = "TestWCF4\"
		Debug.AspNetCompiler.TargetPath = "PrecompiledWeb\localhost_51149\"
		Debug.AspNetCompiler.Updateable = "true"
		Debug.AspNetCompiler.ForceOverwrite = "true"
		Debug.AspNetCompiler.FixedNames = "false"
		Debug.AspNetCompiler.Debug = "True"
		Release.AspNetCompiler.VirtualPath = "/localhost_51149"
		Release.AspNetCompiler.PhysicalPath = "TestWCF4\"
		Release.AspNetCompiler.TargetPath = "PrecompiledWeb\localhost_51149\"
		Release.AspNetCompiler.Updateable = "true"
		Release.AspNetCompiler.ForceOverwrite = "true"
		Release.AspNetCompiler.FixedNames = "false"
		Release.AspNetCompiler.Debug = "False"
		VWDPort = "51149"
		SlnRelativePath = "TestWCF4\"
		DefaultWebSiteLanguage = "Visual C#"
	EndProjectSection
EndProject
Project("{FAE04EC0-301F-11D3-BF4B-00C04F79EFBC}") = "TestWCF4Client", "TestWCF4Client\TestWCF4Client.csproj", "{17B476BF-F749-4AC2-A2B3-C08F62F04E8F}"
	ProjectSection(ProjectDependencies) = postProject
		{59C8F8C0-040F-4DEA-A053-D7B64817EE65} = {59C8F8C0-040F-4DEA-A053-D7B64817EE65}
	EndProjectSection
EndProject
Global
	GlobalSection(SolutionConfigurationPlatforms) = preSolution
		Debug|Any CPU = Debug|Any CPU
		Release|Any CPU = Release|Any CPU
	EndGlobalSection
	GlobalSection(ProjectConfigurationPlatforms) = postSolution
		{59C8F8C0-040F-4DEA-A053-D7B64817EE65}.Debug|Any CPU.ActiveCfg = Debug|Any CPU
		{59C8F8C0-040F-4DEA-A053-D7B64817EE65}.Debug|Any CPU.Build.0 = Debug|Any CPU
		{59C8F8C0-040F-4DEA-A053-D7B64817EE65}.Release|Any CPU.ActiveCfg = Debug|Any CPU
		{59C8F8C0-040F-4DEA-A053-D7B64817EE65}.Release|Any CPU.Build.0 = Debug|Any CPU
		{17B476BF-F749-4AC2-A2B3-C08F62F04E8F}.Debug|Any CPU.ActiveCfg = Debug|Any CPU
		{17B476BF-F749-4AC2-A2B3-C08F62F04E8F}.Debug|Any CPU.Build.0 = Debug|Any CPU
		{17B476BF-F749-4AC2-A2B3-C08F62F04E8F}.Release|Any CPU.ActiveCfg = Release|Any CPU
		{17B476BF-F749-4AC2-A2B3-C08F62F04E8F}.Release|Any CPU.Build.0 = Release|Any CPU
	EndGlobalSection
	GlobalSection(SolutionProperties) = preSolution
		HideSolutionNode = FALSE
	EndGlobalSection
	GlobalSection(ExtensibilityGlobals) = postSolution
		SolutionGuid = {430AE231-C1C4-4AAF-86E6-05E0BE170C7B}
	EndGlobalSection
EndGlobal
