
Microsoft Visual Studio Solution File, Format Version 10.00
# Visual Studio 2008
Project("{FAE04EC0-301F-11D3-BF4B-00C04F79EFBC}") = "TestVI", "TestVI.csproj", "{518AD7E5-BB50-4C13-9C0E-8E54CE7981E7}"
EndProject
Global
	GlobalSection(SolutionConfigurationPlatforms) = preSolution
		Debug|Any CPU = Debug|Any CPU
		Release|Any CPU = Release|Any CPU
	EndGlobalSection
	GlobalSection(ProjectConfigurationPlatforms) = postSolution
		{518AD7E5-BB50-4C13-9C0E-8E54CE7981E7}.Debug|Any CPU.ActiveCfg = Debug|Any CPU
		{518AD7E5-BB50-4C13-9C0E-8E54CE7981E7}.Debug|Any CPU.Build.0 = Debug|Any CPU
		{518AD7E5-BB50-4C13-9C0E-8E54CE7981E7}.Release|Any CPU.ActiveCfg = Release|Any CPU
		{518AD7E5-BB50-4C13-9C0E-8E54CE7981E7}.Release|Any CPU.Build.0 = Release|Any CPU
	EndGlobalSection
	GlobalSection(SolutionProperties) = preSolution
		HideSolutionNode = FALSE
	EndGlobalSection
EndGlobal
