
Microsoft Visual Studio Solution File, Format Version 12.00
# Visual Studio 15
VisualStudioVersion = 15.0.28307.136
MinimumVisualStudioVersion = 10.0.40219.1
Project("{FAE04EC0-301F-11D3-BF4B-00C04F79EFBC}") = "TestMarshalling", "TestMarshalling.csproj", "{1FB78B19-5927-45F7-BE11-A97E263246D6}"
EndProject
Global
	GlobalSection(SolutionConfigurationPlatforms) = preSolution
		Debug|Any CPU = Debug|Any CPU
		Release|Any CPU = Release|Any CPU
	EndGlobalSection
	GlobalSection(ProjectConfigurationPlatforms) = postSolution
		{1FB78B19-5927-45F7-BE11-A97E263246D6}.Debug|Any CPU.ActiveCfg = Debug|Any CPU
		{1FB78B19-5927-45F7-BE11-A97E263246D6}.Debug|Any CPU.Build.0 = Debug|Any CPU
		{1FB78B19-5927-45F7-BE11-A97E263246D6}.Release|Any CPU.ActiveCfg = Release|Any CPU
		{1FB78B19-5927-45F7-BE11-A97E263246D6}.Release|Any CPU.Build.0 = Release|Any CPU
	EndGlobalSection
	GlobalSection(SolutionProperties) = preSolution
		HideSolutionNode = FALSE
	EndGlobalSection
	GlobalSection(ExtensibilityGlobals) = postSolution
		SolutionGuid = {DB7B7FCE-5E53-497E-9E40-F2225AC04417}
	EndGlobalSection
EndGlobal
