Microsoft Visual Studio Solution File, Format Version 12.00
# Visual Studio 15
VisualStudioVersion = 15.0.28307.168
MinimumVisualStudioVersion = 10.0.40219.1
Project("{FAE04EC0-301F-11D3-BF4B-00C04F79EFBC}") = "ClassesI", "ClassesI.csproj", "{878A9C1A-D2D8-4CDC-9800-D35A26090FB2}"
EndProject
Global
	GlobalSection(SolutionConfigurationPlatforms) = preSolution
		Debug|Any CPU = Debug|Any CPU
		Release|Any CPU = Release|Any CPU
	EndGlobalSection
	GlobalSection(ProjectConfigurationPlatforms) = postSolution
		{878A9C1A-D2D8-4CDC-9800-D35A26090FB2}.Debug|Any CPU.ActiveCfg = Debug|Any CPU
		{878A9C1A-D2D8-4CDC-9800-D35A26090FB2}.Debug|Any CPU.Build.0 = Debug|Any CPU
		{878A9C1A-D2D8-4CDC-9800-D35A26090FB2}.Release|Any CPU.ActiveCfg = Release|Any CPU
		{878A9C1A-D2D8-4CDC-9800-D35A26090FB2}.Release|Any CPU.Build.0 = Release|Any CPU
	EndGlobalSection
	GlobalSection(SolutionProperties) = preSolution
		HideSolutionNode = FALSE
	EndGlobalSection
	GlobalSection(ExtensibilityGlobals) = postSolution
		SolutionGuid = {B4D5003C-22ED-4F1A-858E-0DC01D265009}
	EndGlobalSection
EndGlobal
