
Microsoft Visual Studio Solution File, Format Version 11.00
# Visual Studio 2010
Project("{FAE04EC0-301F-11D3-BF4B-00C04F79EFBC}") = "TestCovarianceContravarianceInvariance", "TestCovarianceContravarianceInvariance.csproj", "{F864EF10-6696-4CFD-A1BC-44EE28E2CE6E}"
EndProject
Global
	GlobalSection(SolutionConfigurationPlatforms) = preSolution
		Debug|x86 = Debug|x86
		Release|x86 = Release|x86
	EndGlobalSection
	GlobalSection(ProjectConfigurationPlatforms) = postSolution
		{F864EF10-6696-4CFD-A1BC-44EE28E2CE6E}.Debug|x86.ActiveCfg = Debug|x86
		{F864EF10-6696-4CFD-A1BC-44EE28E2CE6E}.Debug|x86.Build.0 = Debug|x86
		{F864EF10-6696-4CFD-A1BC-44EE28E2CE6E}.Release|x86.ActiveCfg = Release|x86
		{F864EF10-6696-4CFD-A1BC-44EE28E2CE6E}.Release|x86.Build.0 = Release|x86
	EndGlobalSection
	GlobalSection(SolutionProperties) = preSolution
		HideSolutionNode = FALSE
	EndGlobalSection
EndGlobal
