Microsoft Visual Studio Solution File, Format Version 12.00
# Visual Studio 15
VisualStudioVersion = 15.0.28307.168
MinimumVisualStudioVersion = 10.0.40219.1
Project("{FAE04EC0-301F-11D3-BF4B-00C04F79EFBC}") = "Test", "Test.csproj", "{69B8274C-7E3E-4400-8227-292349E35917}"
EndProject
Project("{FAE04EC0-301F-11D3-BF4B-00C04F79EFBC}") = "Aggregator", "..\Aggregator\Aggregator.csproj", "{B461787F-CC2A-4E60-884B-4A17E6F558FD}"
EndProject
Project("{FAE04EC0-301F-11D3-BF4B-00C04F79EFBC}") = "DerivedClass1", "..\Aggregator\DerivedClass1\DerivedClass1.csproj", "{A194AF02-6E8C-4767-9711-C46EC02318D1}"
EndProject
Project("{FAE04EC0-301F-11D3-BF4B-00C04F79EFBC}") = "DerivedClass2", "..\Aggregator\DerivedClass2\DerivedClass2.csproj", "{1D8B5797-330E-4641-8229-517E378918BB}"
EndProject
Global
	GlobalSection(SolutionConfigurationPlatforms) = preSolution
		Debug|Any CPU = Debug|Any CPU
		Release|Any CPU = Release|Any CPU
	EndGlobalSection
	GlobalSection(ProjectConfigurationPlatforms) = postSolution
		{69B8274C-7E3E-4400-8227-292349E35917}.Debug|Any CPU.ActiveCfg = Debug|Any CPU
		{69B8274C-7E3E-4400-8227-292349E35917}.Debug|Any CPU.Build.0 = Debug|Any CPU
		{69B8274C-7E3E-4400-8227-292349E35917}.Release|Any CPU.ActiveCfg = Release|Any CPU
		{69B8274C-7E3E-4400-8227-292349E35917}.Release|Any CPU.Build.0 = Release|Any CPU
		{B461787F-CC2A-4E60-884B-4A17E6F558FD}.Debug|Any CPU.ActiveCfg = Debug|Any CPU
		{B461787F-CC2A-4E60-884B-4A17E6F558FD}.Debug|Any CPU.Build.0 = Debug|Any CPU
		{B461787F-CC2A-4E60-884B-4A17E6F558FD}.Release|Any CPU.ActiveCfg = Release|Any CPU
		{B461787F-CC2A-4E60-884B-4A17E6F558FD}.Release|Any CPU.Build.0 = Release|Any CPU
		{A194AF02-6E8C-4767-9711-C46EC02318D1}.Debug|Any CPU.ActiveCfg = Debug|Any CPU
		{A194AF02-6E8C-4767-9711-C46EC02318D1}.Debug|Any CPU.Build.0 = Debug|Any CPU
		{A194AF02-6E8C-4767-9711-C46EC02318D1}.Release|Any CPU.ActiveCfg = Release|Any CPU
		{A194AF02-6E8C-4767-9711-C46EC02318D1}.Release|Any CPU.Build.0 = Release|Any CPU
		{1D8B5797-330E-4641-8229-517E378918BB}.Debug|Any CPU.ActiveCfg = Debug|Any CPU
		{1D8B5797-330E-4641-8229-517E378918BB}.Debug|Any CPU.Build.0 = Debug|Any CPU
		{1D8B5797-330E-4641-8229-517E378918BB}.Release|Any CPU.ActiveCfg = Release|Any CPU
		{1D8B5797-330E-4641-8229-517E378918BB}.Release|Any CPU.Build.0 = Release|Any CPU
	EndGlobalSection
	GlobalSection(SolutionProperties) = preSolution
		HideSolutionNode = FALSE
	EndGlobalSection
	GlobalSection(ExtensibilityGlobals) = postSolution
		SolutionGuid = {F66C1BF4-469C-4ED2-87FA-98E905F6240A}
	EndGlobalSection
EndGlobal
