
Microsoft Visual Studio Solution File, Format Version 11.00
# Visual Studio 2010
Project("{FAE04EC0-301F-11D3-BF4B-00C04F79EFBC}") = "ABCBook", "ABCBook.csproj", "{F8D40196-C42D-4535-9721-E38807D5334B}"
EndProject
Global
	GlobalSection(SolutionConfigurationPlatforms) = preSolution
		Debug|Any CPU = Debug|Any CPU
		Release|Any CPU = Release|Any CPU
	EndGlobalSection
	GlobalSection(ProjectConfigurationPlatforms) = postSolution
		{F8D40196-C42D-4535-9721-E38807D5334B}.Debug|Any CPU.ActiveCfg = Debug|Any CPU
		{F8D40196-C42D-4535-9721-E38807D5334B}.Debug|Any CPU.Build.0 = Debug|Any CPU
		{F8D40196-C42D-4535-9721-E38807D5334B}.Release|Any CPU.ActiveCfg = Release|Any CPU
		{F8D40196-C42D-4535-9721-E38807D5334B}.Release|Any CPU.Build.0 = Release|Any CPU
	EndGlobalSection
	GlobalSection(SolutionProperties) = preSolution
		HideSolutionNode = FALSE
	EndGlobalSection
EndGlobal
