
Microsoft Visual Studio Solution File, Format Version 12.00
# Visual Studio Version 16
VisualStudioVersion = 16.0.31313.79
MinimumVisualStudioVersion = 10.0.40219.1
Project("{FAE04EC0-301F-11D3-BF4B-00C04F79EFBC}") = "TestLambda", "TestLambda.csproj", "{56A598AE-9AE2-430D-B119-55FE3853B7B2}"
EndProject
Global
	GlobalSection(SolutionConfigurationPlatforms) = preSolution
		Debug|Any CPU = Debug|Any CPU
		Release|Any CPU = Release|Any CPU
	EndGlobalSection
	GlobalSection(ProjectConfigurationPlatforms) = postSolution
		{56A598AE-9AE2-430D-B119-55FE3853B7B2}.Debug|Any CPU.ActiveCfg = Debug|Any CPU
		{56A598AE-9AE2-430D-B119-55FE3853B7B2}.Debug|Any CPU.Build.0 = Debug|Any CPU
		{56A598AE-9AE2-430D-B119-55FE3853B7B2}.Release|Any CPU.ActiveCfg = Release|Any CPU
		{56A598AE-9AE2-430D-B119-55FE3853B7B2}.Release|Any CPU.Build.0 = Release|Any CPU
	EndGlobalSection
	GlobalSection(SolutionProperties) = preSolution
		HideSolutionNode = FALSE
	EndGlobalSection
	GlobalSection(ExtensibilityGlobals) = postSolution
		SolutionGuid = {4D1C66D8-4643-4939-80FA-AE4EF5849B4E}
	EndGlobalSection
EndGlobal
