
Microsoft Visual Studio Solution File, Format Version 12.00
# Visual Studio 15
VisualStudioVersion = 15.0.28307.645
MinimumVisualStudioVersion = 10.0.40219.1
Project("{FAE04EC0-301F-11D3-BF4B-00C04F79EFBC}") = "TestExtensions", "TestExtensions.csproj", "{3E8489EF-0726-48C7-BBAA-C340D661FA55}"
EndProject
Global
	GlobalSection(SolutionConfigurationPlatforms) = preSolution
		Debug|Any CPU = Debug|Any CPU
		Release|Any CPU = Release|Any CPU
	EndGlobalSection
	GlobalSection(ProjectConfigurationPlatforms) = postSolution
		{3E8489EF-0726-48C7-BBAA-C340D661FA55}.Debug|Any CPU.ActiveCfg = Debug|Any CPU
		{3E8489EF-0726-48C7-BBAA-C340D661FA55}.Debug|Any CPU.Build.0 = Debug|Any CPU
		{3E8489EF-0726-48C7-BBAA-C340D661FA55}.Release|Any CPU.ActiveCfg = Release|Any CPU
		{3E8489EF-0726-48C7-BBAA-C340D661FA55}.Release|Any CPU.Build.0 = Release|Any CPU
	EndGlobalSection
	GlobalSection(SolutionProperties) = preSolution
		HideSolutionNode = FALSE
	EndGlobalSection
	GlobalSection(ExtensibilityGlobals) = postSolution
		SolutionGuid = {77C2A099-A415-40D2-AB52-7E5CA379C3BD}
	EndGlobalSection
EndGlobal
