
Microsoft Visual Studio Solution File, Format Version 12.00
# Visual Studio 2013
VisualStudioVersion = 12.0.40629.0
MinimumVisualStudioVersion = 10.0.40219.1
Project("{FAE04EC0-301F-11D3-BF4B-00C04F79EFBC}") = "Bank", "Bank\Bank.csproj", "{59E6F584-3A6B-407F-A416-CB0C90FAA23B}"
EndProject
Project("{FAE04EC0-301F-11D3-BF4B-00C04F79EFBC}") = "TestBank", "TestBank\TestBank.csproj", "{DAFC5E85-CA0E-4EA0-8B3B-6B223635B142}"
EndProject
Global
	GlobalSection(SolutionConfigurationPlatforms) = preSolution
		Debug|Any CPU = Debug|Any CPU
		Release|Any CPU = Release|Any CPU
	EndGlobalSection
	GlobalSection(ProjectConfigurationPlatforms) = postSolution
		{59E6F584-3A6B-407F-A416-CB0C90FAA23B}.Debug|Any CPU.ActiveCfg = Debug|Any CPU
		{59E6F584-3A6B-407F-A416-CB0C90FAA23B}.Debug|Any CPU.Build.0 = Debug|Any CPU
		{59E6F584-3A6B-407F-A416-CB0C90FAA23B}.Release|Any CPU.ActiveCfg = Release|Any CPU
		{59E6F584-3A6B-407F-A416-CB0C90FAA23B}.Release|Any CPU.Build.0 = Release|Any CPU
		{DAFC5E85-CA0E-4EA0-8B3B-6B223635B142}.Debug|Any CPU.ActiveCfg = Debug|Any CPU
		{DAFC5E85-CA0E-4EA0-8B3B-6B223635B142}.Debug|Any CPU.Build.0 = Debug|Any CPU
		{DAFC5E85-CA0E-4EA0-8B3B-6B223635B142}.Release|Any CPU.ActiveCfg = Release|Any CPU
		{DAFC5E85-CA0E-4EA0-8B3B-6B223635B142}.Release|Any CPU.Build.0 = Release|Any CPU
	EndGlobalSection
	GlobalSection(SolutionProperties) = preSolution
		HideSolutionNode = FALSE
	EndGlobalSection
EndGlobal
