
Microsoft Visual Studio Solution File, Format Version 11.00
# Visual Studio 2010
Project("{FAE04EC0-301F-11D3-BF4B-00C04F79EFBC}") = "TestCovarianceContravarianceInvariance", "TestCovarianceContravarianceInvariance.csproj", "{F864EF10-6696-4CFD-A1BC-44EE28E2CE6E}"
EndProject
Global
	GlobalSection(SolutionConfigurationPlatforms) = preSolution
		Debug|Any CPU = Debug|Any CPU
		Release|Any CPU = Release|Any CPU
	EndGlobalSection
	GlobalSection(ProjectConfigurationPlatforms) = postSolution
		{F864EF10-6696-4CFD-A1BC-44EE28E2CE6E}.Debug|Any CPU.ActiveCfg = Debug|Any CPU
		{F864EF10-6696-4CFD-A1BC-44EE28E2CE6E}.Debug|Any CPU.Build.0 = Debug|Any CPU
		{F864EF10-6696-4CFD-A1BC-44EE28E2CE6E}.Release|Any CPU.ActiveCfg = Release|Any CPU
		{F864EF10-6696-4CFD-A1BC-44EE28E2CE6E}.Release|Any CPU.Build.0 = Release|Any CPU
	EndGlobalSection
	GlobalSection(SolutionProperties) = preSolution
		HideSolutionNode = FALSE
	EndGlobalSection
EndGlobal
