Microsoft Visual Studio Solution File, Format Version 8.00
Project("{FAE04EC0-301F-11D3-BF4B-00C04F79EFBC}") = "ParadoxDB", "ParadoxDB.csproj", "{050CFCB7-8D46-4F6F-9E30-B283FE3DC68A}"
	ProjectSection(ProjectDependencies) = postProject
	EndProjectSection
EndProject
Global
	GlobalSection(SolutionConfiguration) = preSolution
		Debug = Debug
		Release = Release
	EndGlobalSection
	GlobalSection(ProjectConfiguration) = postSolution
		{050CFCB7-8D46-4F6F-9E30-B283FE3DC68A}.Debug.ActiveCfg = Debug|.NET
		{050CFCB7-8D46-4F6F-9E30-B283FE3DC68A}.Debug.Build.0 = Debug|.NET
		{050CFCB7-8D46-4F6F-9E30-B283FE3DC68A}.Release.ActiveCfg = Release|.NET
		{050CFCB7-8D46-4F6F-9E30-B283FE3DC68A}.Release.Build.0 = Release|.NET
	EndGlobalSection
	GlobalSection(ExtensibilityGlobals) = postSolution
	EndGlobalSection
	GlobalSection(ExtensibilityAddIns) = postSolution
	EndGlobalSection
EndGlobal
