
Microsoft Visual Studio Solution File, Format Version 11.00
# Visual Studio 2010
Project("{FAE04EC0-301F-11D3-BF4B-00C04F79EFBC}") = "TestExportToXls", "TestExportToXls.csproj", "{E3829827-B76E-4CA5-B33E-24E2F00486C8}"
EndProject
Global
	GlobalSection(SolutionConfigurationPlatforms) = preSolution
		Debug|x86 = Debug|x86
		Release|x86 = Release|x86
	EndGlobalSection
	GlobalSection(ProjectConfigurationPlatforms) = postSolution
		{E3829827-B76E-4CA5-B33E-24E2F00486C8}.Debug|x86.ActiveCfg = Debug|x86
		{E3829827-B76E-4CA5-B33E-24E2F00486C8}.Debug|x86.Build.0 = Debug|x86
		{E3829827-B76E-4CA5-B33E-24E2F00486C8}.Release|x86.ActiveCfg = Release|x86
		{E3829827-B76E-4CA5-B33E-24E2F00486C8}.Release|x86.Build.0 = Release|x86
	EndGlobalSection
	GlobalSection(SolutionProperties) = preSolution
		HideSolutionNode = FALSE
	EndGlobalSection
EndGlobal
