
Microsoft Visual Studio Solution File, Format Version 12.00
# Visual Studio Version 17
VisualStudioVersion = 17.6.33829.357
MinimumVisualStudioVersion = 10.0.40219.1
Project("{FAE04EC0-301F-11D3-BF4B-00C04F79EFBC}") = "CrossDomainCommunication", "CrossDomainCommunication.csproj", "{51287F0F-0BCE-4606-8C41-71B258B5BEF5}"
EndProject
Global
	GlobalSection(SolutionConfigurationPlatforms) = preSolution
		Debug|Any CPU = Debug|Any CPU
		Release|Any CPU = Release|Any CPU
	EndGlobalSection
	GlobalSection(ProjectConfigurationPlatforms) = postSolution
		{51287F0F-0BCE-4606-8C41-71B258B5BEF5}.Debug|Any CPU.ActiveCfg = Debug|Any CPU
		{51287F0F-0BCE-4606-8C41-71B258B5BEF5}.Debug|Any CPU.Build.0 = Debug|Any CPU
		{51287F0F-0BCE-4606-8C41-71B258B5BEF5}.Release|Any CPU.ActiveCfg = Release|Any CPU
		{51287F0F-0BCE-4606-8C41-71B258B5BEF5}.Release|Any CPU.Build.0 = Release|Any CPU
	EndGlobalSection
	GlobalSection(SolutionProperties) = preSolution
		HideSolutionNode = FALSE
	EndGlobalSection
	GlobalSection(ExtensibilityGlobals) = postSolution
		SolutionGuid = {767C351C-D885-4DE4-B5B7-63F33E18B41B}
	EndGlobalSection
EndGlobal
