
Microsoft Visual Studio Solution File, Format Version 12.00
# Visual Studio 15
VisualStudioVersion = 15.0.27428.2005
MinimumVisualStudioVersion = 10.0.40219.1
Project("{8BC9CEB8-8B4A-11D0-8D11-00A0C91BC942}") = "TestAlgorithm", "TestAlgorithm.vcxproj", "{6260F658-DDCD-4649-A6AF-E38FE3D0F125}"
EndProject
Global
	GlobalSection(SolutionConfigurationPlatforms) = preSolution
		Debug|x64 = Debug|x64
		Debug|x86 = Debug|x86
		Release|x64 = Release|x64
		Release|x86 = Release|x86
	EndGlobalSection
	GlobalSection(ProjectConfigurationPlatforms) = postSolution
		{6260F658-DDCD-4649-A6AF-E38FE3D0F125}.Debug|x64.ActiveCfg = Debug|x64
		{6260F658-DDCD-4649-A6AF-E38FE3D0F125}.Debug|x64.Build.0 = Debug|x64
		{6260F658-DDCD-4649-A6AF-E38FE3D0F125}.Debug|x86.ActiveCfg = Debug|Win32
		{6260F658-DDCD-4649-A6AF-E38FE3D0F125}.Debug|x86.Build.0 = Debug|Win32
		{6260F658-DDCD-4649-A6AF-E38FE3D0F125}.Release|x64.ActiveCfg = Release|x64
		{6260F658-DDCD-4649-A6AF-E38FE3D0F125}.Release|x64.Build.0 = Release|x64
		{6260F658-DDCD-4649-A6AF-E38FE3D0F125}.Release|x86.ActiveCfg = Release|Win32
		{6260F658-DDCD-4649-A6AF-E38FE3D0F125}.Release|x86.Build.0 = Release|Win32
	EndGlobalSection
	GlobalSection(SolutionProperties) = preSolution
		HideSolutionNode = FALSE
	EndGlobalSection
	GlobalSection(ExtensibilityGlobals) = postSolution
		SolutionGuid = {8D751658-F0D2-44E1-881C-86E49263F605}
	EndGlobalSection
EndGlobal
