
Microsoft Visual Studio Solution File, Format Version 12.00
# Visual Studio 15
VisualStudioVersion = 15.0.27130.2010
MinimumVisualStudioVersion = 10.0.40219.1
Project("{FAE04EC0-301F-11D3-BF4B-00C04F79EFBC}") = "ClassLibrary1", "ClassLibrary1\ClassLibrary1.csproj", "{DE284808-48A2-4026-B331-8CC261B4D212}"
EndProject
Project("{FAE04EC0-301F-11D3-BF4B-00C04F79EFBC}") = "ClassLibrary2", "ClassLibrary2\ClassLibrary2.csproj", "{BB7874AD-E348-494B-8B46-41B467D25A97}"
EndProject
Project("{FAE04EC0-301F-11D3-BF4B-00C04F79EFBC}") = "UnitTestProject", "UnitTestProject\UnitTestProject.csproj", "{BBC9BD8F-BDCE-42EB-9888-C8C0888F0009}"
EndProject
Global
	GlobalSection(SolutionConfigurationPlatforms) = preSolution
		Debug|Any CPU = Debug|Any CPU
		Release|Any CPU = Release|Any CPU
	EndGlobalSection
	GlobalSection(ProjectConfigurationPlatforms) = postSolution
		{DE284808-48A2-4026-B331-8CC261B4D212}.Debug|Any CPU.ActiveCfg = Debug|Any CPU
		{DE284808-48A2-4026-B331-8CC261B4D212}.Debug|Any CPU.Build.0 = Debug|Any CPU
		{DE284808-48A2-4026-B331-8CC261B4D212}.Release|Any CPU.ActiveCfg = Release|Any CPU
		{DE284808-48A2-4026-B331-8CC261B4D212}.Release|Any CPU.Build.0 = Release|Any CPU
		{BB7874AD-E348-494B-8B46-41B467D25A97}.Debug|Any CPU.ActiveCfg = Debug|Any CPU
		{BB7874AD-E348-494B-8B46-41B467D25A97}.Debug|Any CPU.Build.0 = Debug|Any CPU
		{BB7874AD-E348-494B-8B46-41B467D25A97}.Release|Any CPU.ActiveCfg = Release|Any CPU
		{BB7874AD-E348-494B-8B46-41B467D25A97}.Release|Any CPU.Build.0 = Release|Any CPU
		{BBC9BD8F-BDCE-42EB-9888-C8C0888F0009}.Debug|Any CPU.ActiveCfg = Debug|Any CPU
		{BBC9BD8F-BDCE-42EB-9888-C8C0888F0009}.Debug|Any CPU.Build.0 = Debug|Any CPU
		{BBC9BD8F-BDCE-42EB-9888-C8C0888F0009}.Release|Any CPU.ActiveCfg = Release|Any CPU
		{BBC9BD8F-BDCE-42EB-9888-C8C0888F0009}.Release|Any CPU.Build.0 = Release|Any CPU
	EndGlobalSection
	GlobalSection(SolutionProperties) = preSolution
		HideSolutionNode = FALSE
	EndGlobalSection
	GlobalSection(ExtensibilityGlobals) = postSolution
		SolutionGuid = {AB7D5C64-4769-480A-9CBA-00EFE3529D16}
	EndGlobalSection
EndGlobal
