
Microsoft Visual Studio Solution File, Format Version 12.00
# Visual Studio Version 17
VisualStudioVersion = 17.0.32014.148
MinimumVisualStudioVersion = 10.0.40219.1
Project("{FAE04EC0-301F-11D3-BF4B-00C04F79EFBC}") = "ClassLibrary1", "ClassLibrary1\ClassLibrary1.csproj", "{089F7BBF-AE4F-4E1F-AD7E-A89E71812769}"
EndProject
Project("{FAE04EC0-301F-11D3-BF4B-00C04F79EFBC}") = "ClassLibrary2", "ClassLibrary2\ClassLibrary2.csproj", "{A11304E2-1061-4C14-8DCB-CB46288E22CF}"
EndProject
Project("{FAE04EC0-301F-11D3-BF4B-00C04F79EFBC}") = "UnitTestProject", "UnitTestProject\UnitTestProject.csproj", "{CEA272E5-905D-4860-81B5-FF7C83AA0DEF}"
EndProject
Global
	GlobalSection(SolutionConfigurationPlatforms) = preSolution
		Debug|Any CPU = Debug|Any CPU
		Release|Any CPU = Release|Any CPU
	EndGlobalSection
	GlobalSection(ProjectConfigurationPlatforms) = postSolution
		{089F7BBF-AE4F-4E1F-AD7E-A89E71812769}.Debug|Any CPU.ActiveCfg = Debug|Any CPU
		{089F7BBF-AE4F-4E1F-AD7E-A89E71812769}.Debug|Any CPU.Build.0 = Debug|Any CPU
		{089F7BBF-AE4F-4E1F-AD7E-A89E71812769}.Release|Any CPU.ActiveCfg = Release|Any CPU
		{089F7BBF-AE4F-4E1F-AD7E-A89E71812769}.Release|Any CPU.Build.0 = Release|Any CPU
		{A11304E2-1061-4C14-8DCB-CB46288E22CF}.Debug|Any CPU.ActiveCfg = Debug|Any CPU
		{A11304E2-1061-4C14-8DCB-CB46288E22CF}.Debug|Any CPU.Build.0 = Debug|Any CPU
		{A11304E2-1061-4C14-8DCB-CB46288E22CF}.Release|Any CPU.ActiveCfg = Release|Any CPU
		{A11304E2-1061-4C14-8DCB-CB46288E22CF}.Release|Any CPU.Build.0 = Release|Any CPU
		{CEA272E5-905D-4860-81B5-FF7C83AA0DEF}.Debug|Any CPU.ActiveCfg = Debug|Any CPU
		{CEA272E5-905D-4860-81B5-FF7C83AA0DEF}.Debug|Any CPU.Build.0 = Debug|Any CPU
		{CEA272E5-905D-4860-81B5-FF7C83AA0DEF}.Release|Any CPU.ActiveCfg = Release|Any CPU
		{CEA272E5-905D-4860-81B5-FF7C83AA0DEF}.Release|Any CPU.Build.0 = Release|Any CPU
	EndGlobalSection
	GlobalSection(SolutionProperties) = preSolution
		HideSolutionNode = FALSE
	EndGlobalSection
	GlobalSection(ExtensibilityGlobals) = postSolution
		SolutionGuid = {0B6AF031-E3E1-47FB-8F12-AB4E55D93654}
	EndGlobalSection
EndGlobal
