
Microsoft Visual Studio Solution File, Format Version 12.00
# Visual Studio Version 16
VisualStudioVersion = 16.0.30621.155
MinimumVisualStudioVersion = 10.0.40219.1
Project("{FAE04EC0-301F-11D3-BF4B-00C04F79EFBC}") = "TestXUnit", "TestXUnit\TestXUnit.csproj", "{128C7351-4445-459D-80F6-A0865D3C6E82}"
EndProject
Project("{FAE04EC0-301F-11D3-BF4B-00C04F79EFBC}") = "ClassLibrary", "ClassLibrary\ClassLibrary.csproj", "{B62AD922-514F-412C-ABBE-C698FD0ABCE6}"
EndProject
Project("{FAE04EC0-301F-11D3-BF4B-00C04F79EFBC}") = "ConsoleApp", "ConsoleApp\ConsoleApp.csproj", "{0FF7875A-96F6-4BD7-B207-B397FA81268F}"
EndProject
Global
	GlobalSection(SolutionConfigurationPlatforms) = preSolution
		Debug|Any CPU = Debug|Any CPU
		Release|Any CPU = Release|Any CPU
	EndGlobalSection
	GlobalSection(ProjectConfigurationPlatforms) = postSolution
		{128C7351-4445-459D-80F6-A0865D3C6E82}.Debug|Any CPU.ActiveCfg = Debug|Any CPU
		{128C7351-4445-459D-80F6-A0865D3C6E82}.Debug|Any CPU.Build.0 = Debug|Any CPU
		{128C7351-4445-459D-80F6-A0865D3C6E82}.Release|Any CPU.ActiveCfg = Release|Any CPU
		{128C7351-4445-459D-80F6-A0865D3C6E82}.Release|Any CPU.Build.0 = Release|Any CPU
		{B62AD922-514F-412C-ABBE-C698FD0ABCE6}.Debug|Any CPU.ActiveCfg = Debug|Any CPU
		{B62AD922-514F-412C-ABBE-C698FD0ABCE6}.Debug|Any CPU.Build.0 = Debug|Any CPU
		{B62AD922-514F-412C-ABBE-C698FD0ABCE6}.Release|Any CPU.ActiveCfg = Release|Any CPU
		{B62AD922-514F-412C-ABBE-C698FD0ABCE6}.Release|Any CPU.Build.0 = Release|Any CPU
		{0FF7875A-96F6-4BD7-B207-B397FA81268F}.Debug|Any CPU.ActiveCfg = Debug|Any CPU
		{0FF7875A-96F6-4BD7-B207-B397FA81268F}.Debug|Any CPU.Build.0 = Debug|Any CPU
		{0FF7875A-96F6-4BD7-B207-B397FA81268F}.Release|Any CPU.ActiveCfg = Release|Any CPU
		{0FF7875A-96F6-4BD7-B207-B397FA81268F}.Release|Any CPU.Build.0 = Release|Any CPU
	EndGlobalSection
	GlobalSection(SolutionProperties) = preSolution
		HideSolutionNode = FALSE
	EndGlobalSection
	GlobalSection(ExtensibilityGlobals) = postSolution
		SolutionGuid = {C72878CC-4648-4DBF-A2CD-A06C36F252AC}
	EndGlobalSection
EndGlobal
