
Microsoft Visual Studio Solution File, Format Version 12.00
# Visual Studio 15
VisualStudioVersion = 15.0.28307.852
MinimumVisualStudioVersion = 10.0.40219.1
Project("{FAE04EC0-301F-11D3-BF4B-00C04F79EFBC}") = "AnyTest2", "AnyTest2\AnyTest2.csproj", "{B0A1E4AB-1905-4F3A-8C0D-06C515935635}"
EndProject
Global
	GlobalSection(SolutionConfigurationPlatforms) = preSolution
		Debug|Any CPU = Debug|Any CPU
		Release|Any CPU = Release|Any CPU
	EndGlobalSection
	GlobalSection(ProjectConfigurationPlatforms) = postSolution
		{B0A1E4AB-1905-4F3A-8C0D-06C515935635}.Debug|Any CPU.ActiveCfg = Debug|Any CPU
		{B0A1E4AB-1905-4F3A-8C0D-06C515935635}.Debug|Any CPU.Build.0 = Debug|Any CPU
		{B0A1E4AB-1905-4F3A-8C0D-06C515935635}.Release|Any CPU.ActiveCfg = Release|Any CPU
		{B0A1E4AB-1905-4F3A-8C0D-06C515935635}.Release|Any CPU.Build.0 = Release|Any CPU
	EndGlobalSection
	GlobalSection(SolutionProperties) = preSolution
		HideSolutionNode = FALSE
	EndGlobalSection
	GlobalSection(ExtensibilityGlobals) = postSolution
		SolutionGuid = {2774E693-10EF-45B5-B0DD-91E5DA1FEB49}
	EndGlobalSection
EndGlobal
