
Microsoft Visual Studio Solution File, Format Version 12.00
# Visual Studio 2012
Project("{FAE04EC0-301F-11D3-BF4B-00C04F79EFBC}") = "ExceptionII", "ExceptionII.csproj", "{538B48F3-0757-486F-9172-D56492240595}"
EndProject
Global
	GlobalSection(SolutionConfigurationPlatforms) = preSolution
		Debug|Any CPU = Debug|Any CPU
		Release|Any CPU = Release|Any CPU
	EndGlobalSection
	GlobalSection(ProjectConfigurationPlatforms) = postSolution
		{538B48F3-0757-486F-9172-D56492240595}.Debug|Any CPU.ActiveCfg = Debug|Any CPU
		{538B48F3-0757-486F-9172-D56492240595}.Debug|Any CPU.Build.0 = Debug|Any CPU
		{538B48F3-0757-486F-9172-D56492240595}.Release|Any CPU.ActiveCfg = Release|Any CPU
		{538B48F3-0757-486F-9172-D56492240595}.Release|Any CPU.Build.0 = Release|Any CPU
	EndGlobalSection
	GlobalSection(SolutionProperties) = preSolution
		HideSolutionNode = FALSE
	EndGlobalSection
EndGlobal
