Microsoft Visual Studio Solution File, Format Version 8.00
Project("{FAE04EC0-301F-11D3-BF4B-00C04F79EFBC}") = "Interfaces", "Interfaces.csproj", "{9CC63828-103C-426A-AC89-FF1374C9B7DF}"
	ProjectSection(ProjectDependencies) = postProject
	EndProjectSection
EndProject
Global
	GlobalSection(SolutionConfiguration) = preSolution
		Debug = Debug
		Release = Release
	EndGlobalSection
	GlobalSection(ProjectConfiguration) = postSolution
		{9CC63828-103C-426A-AC89-FF1374C9B7DF}.Debug.ActiveCfg = Debug|.NET
		{9CC63828-103C-426A-AC89-FF1374C9B7DF}.Debug.Build.0 = Debug|.NET
		{9CC63828-103C-426A-AC89-FF1374C9B7DF}.Release.ActiveCfg = Release|.NET
		{9CC63828-103C-426A-AC89-FF1374C9B7DF}.Release.Build.0 = Release|.NET
	EndGlobalSection
	GlobalSection(ExtensibilityGlobals) = postSolution
	EndGlobalSection
	GlobalSection(ExtensibilityAddIns) = postSolution
	EndGlobalSection
EndGlobal
