
Microsoft Visual Studio Solution File, Format Version 12.00
# Visual Studio 2013
VisualStudioVersion = 12.0.40629.0
MinimumVisualStudioVersion = 10.0.40219.1
Project("{FAE04EC0-301F-11D3-BF4B-00C04F79EFBC}") = "SolutionAClassLibrary", "SolutionAClassLibrary\SolutionAClassLibrary.csproj", "{743B8BAF-5B25-43F5-BA90-0E122A1000F3}"
EndProject
Project("{FAE04EC0-301F-11D3-BF4B-00C04F79EFBC}") = "SolutionAConsoleApplication", "SolutionAConsoleApplication\SolutionAConsoleApplication.csproj", "{ECBB4C16-292C-48EB-9F1C-129C75373FFB}"
	ProjectSection(ProjectDependencies) = postProject
		{743B8BAF-5B25-43F5-BA90-0E122A1000F3} = {743B8BAF-5B25-43F5-BA90-0E122A1000F3}
	EndProjectSection
EndProject
Global
	GlobalSection(SolutionConfigurationPlatforms) = preSolution
		Debug|Any CPU = Debug|Any CPU
		Release|Any CPU = Release|Any CPU
	EndGlobalSection
	GlobalSection(ProjectConfigurationPlatforms) = postSolution
		{743B8BAF-5B25-43F5-BA90-0E122A1000F3}.Debug|Any CPU.ActiveCfg = Debug|Any CPU
		{743B8BAF-5B25-43F5-BA90-0E122A1000F3}.Debug|Any CPU.Build.0 = Debug|Any CPU
		{743B8BAF-5B25-43F5-BA90-0E122A1000F3}.Release|Any CPU.ActiveCfg = Release|Any CPU
		{743B8BAF-5B25-43F5-BA90-0E122A1000F3}.Release|Any CPU.Build.0 = Release|Any CPU
		{ECBB4C16-292C-48EB-9F1C-129C75373FFB}.Debug|Any CPU.ActiveCfg = Debug|Any CPU
		{ECBB4C16-292C-48EB-9F1C-129C75373FFB}.Debug|Any CPU.Build.0 = Debug|Any CPU
		{ECBB4C16-292C-48EB-9F1C-129C75373FFB}.Release|Any CPU.ActiveCfg = Release|Any CPU
		{ECBB4C16-292C-48EB-9F1C-129C75373FFB}.Release|Any CPU.Build.0 = Release|Any CPU
	EndGlobalSection
	GlobalSection(SolutionProperties) = preSolution
		HideSolutionNode = FALSE
	EndGlobalSection
EndGlobal
