
Microsoft Visual Studio Solution File, Format Version 12.00
# Visual Studio Version 16
VisualStudioVersion = 16.0.29418.71
MinimumVisualStudioVersion = 10.0.40219.1
Project("{FAE04EC0-301F-11D3-BF4B-00C04F79EFBC}") = "AuthenticationStd", "AuthenticationStd\AuthenticationStd.csproj", "{46322DBB-D08B-4445-8DD4-C3608CA6BD5F}"
EndProject
Global
	GlobalSection(SolutionConfigurationPlatforms) = preSolution
		Debug|Any CPU = Debug|Any CPU
		Release|Any CPU = Release|Any CPU
	EndGlobalSection
	GlobalSection(ProjectConfigurationPlatforms) = postSolution
		{46322DBB-D08B-4445-8DD4-C3608CA6BD5F}.Debug|Any CPU.ActiveCfg = Debug|Any CPU
		{46322DBB-D08B-4445-8DD4-C3608CA6BD5F}.Debug|Any CPU.Build.0 = Debug|Any CPU
		{46322DBB-D08B-4445-8DD4-C3608CA6BD5F}.Release|Any CPU.ActiveCfg = Release|Any CPU
		{46322DBB-D08B-4445-8DD4-C3608CA6BD5F}.Release|Any CPU.Build.0 = Release|Any CPU
	EndGlobalSection
	GlobalSection(SolutionProperties) = preSolution
		HideSolutionNode = FALSE
	EndGlobalSection
	GlobalSection(ExtensibilityGlobals) = postSolution
		SolutionGuid = {4567E6D2-F3DC-4EA7-AD93-ED6358CB3846}
	EndGlobalSection
EndGlobal
