
Microsoft Visual Studio Solution File, Format Version 12.00
# Visual Studio Version 16
VisualStudioVersion = 16.0.29926.136
MinimumVisualStudioVersion = 10.0.40219.1
Project("{FAE04EC0-301F-11D3-BF4B-00C04F79EFBC}") = "TestTypeCasting", "TestTypeCasting.csproj", "{B8306E23-B2AD-46E9-A532-3AF9031DD9DB}"
EndProject
Global
	GlobalSection(SolutionConfigurationPlatforms) = preSolution
		Debug|Any CPU = Debug|Any CPU
		Release|Any CPU = Release|Any CPU
	EndGlobalSection
	GlobalSection(ProjectConfigurationPlatforms) = postSolution
		{B8306E23-B2AD-46E9-A532-3AF9031DD9DB}.Debug|Any CPU.ActiveCfg = Debug|Any CPU
		{B8306E23-B2AD-46E9-A532-3AF9031DD9DB}.Debug|Any CPU.Build.0 = Debug|Any CPU
		{B8306E23-B2AD-46E9-A532-3AF9031DD9DB}.Release|Any CPU.ActiveCfg = Release|Any CPU
		{B8306E23-B2AD-46E9-A532-3AF9031DD9DB}.Release|Any CPU.Build.0 = Release|Any CPU
	EndGlobalSection
	GlobalSection(SolutionProperties) = preSolution
		HideSolutionNode = FALSE
	EndGlobalSection
	GlobalSection(ExtensibilityGlobals) = postSolution
		SolutionGuid = {6D96E37D-EE83-4814-A462-15F267EEA074}
	EndGlobalSection
EndGlobal
