Microsoft Visual Studio Solution File, Format Version 8.00
Project("{FAE04EC0-301F-11D3-BF4B-00C04F79EFBC}") = "Receiver", "Receiver.csproj", "{08677DEA-3E30-4F71-B9E1-880DD1B354CE}"
	ProjectSection(ProjectDependencies) = postProject
		{192A7C60-65CC-4F90-97B4-75DD52181D1D} = {192A7C60-65CC-4F90-97B4-75DD52181D1D}
	EndProjectSection
EndProject
Project("{FAE04EC0-301F-11D3-BF4B-00C04F79EFBC}") = "EventClass", "..\EventClass\EventClass.csproj", "{192A7C60-65CC-4F90-97B4-75DD52181D1D}"
	ProjectSection(ProjectDependencies) = postProject
	EndProjectSection
EndProject
Global
	GlobalSection(SolutionConfiguration) = preSolution
		Debug = Debug
		Release = Release
	EndGlobalSection
	GlobalSection(ProjectConfiguration) = postSolution
		{08677DEA-3E30-4F71-B9E1-880DD1B354CE}.Debug.ActiveCfg = Debug|.NET
		{08677DEA-3E30-4F71-B9E1-880DD1B354CE}.Debug.Build.0 = Debug|.NET
		{08677DEA-3E30-4F71-B9E1-880DD1B354CE}.Release.ActiveCfg = Release|.NET
		{08677DEA-3E30-4F71-B9E1-880DD1B354CE}.Release.Build.0 = Release|.NET
		{192A7C60-65CC-4F90-97B4-75DD52181D1D}.Debug.ActiveCfg = Debug|.NET
		{192A7C60-65CC-4F90-97B4-75DD52181D1D}.Debug.Build.0 = Debug|.NET
		{192A7C60-65CC-4F90-97B4-75DD52181D1D}.Release.ActiveCfg = Release|.NET
		{192A7C60-65CC-4F90-97B4-75DD52181D1D}.Release.Build.0 = Release|.NET
	EndGlobalSection
	GlobalSection(ExtensibilityGlobals) = postSolution
	EndGlobalSection
	GlobalSection(ExtensibilityAddIns) = postSolution
	EndGlobalSection
EndGlobal
