
Microsoft Visual Studio Solution File, Format Version 11.00
# Visual Studio 2010
Project("{FAE04EC0-301F-11D3-BF4B-00C04F79EFBC}") = "DecoratorII", "DecoratorII.csproj", "{B8D0FB65-2073-407F-9BE0-FF3203CF4B3E}"
EndProject
Global
	GlobalSection(SolutionConfigurationPlatforms) = preSolution
		Debug|Any CPU = Debug|Any CPU
		Release|Any CPU = Release|Any CPU
	EndGlobalSection
	GlobalSection(ProjectConfigurationPlatforms) = postSolution
		{B8D0FB65-2073-407F-9BE0-FF3203CF4B3E}.Debug|Any CPU.ActiveCfg = Debug|Any CPU
		{B8D0FB65-2073-407F-9BE0-FF3203CF4B3E}.Debug|Any CPU.Build.0 = Debug|Any CPU
		{B8D0FB65-2073-407F-9BE0-FF3203CF4B3E}.Release|Any CPU.ActiveCfg = Release|Any CPU
		{B8D0FB65-2073-407F-9BE0-FF3203CF4B3E}.Release|Any CPU.Build.0 = Release|Any CPU
	EndGlobalSection
	GlobalSection(SolutionProperties) = preSolution
		HideSolutionNode = FALSE
	EndGlobalSection
EndGlobal
