
Microsoft Visual Studio Solution File, Format Version 12.00
# Visual Studio 15
VisualStudioVersion = 15.0.27130.2010
MinimumVisualStudioVersion = 10.0.40219.1
Project("{FAE04EC0-301F-11D3-BF4B-00C04F79EFBC}") = "FactoryMethod", "FactoryMethod.csproj", "{E675EDD5-3BFD-49E4-9988-D975B94B746B}"
EndProject
Global
	GlobalSection(SolutionConfigurationPlatforms) = preSolution
		Debug|Any CPU = Debug|Any CPU
		Release|Any CPU = Release|Any CPU
	EndGlobalSection
	GlobalSection(ProjectConfigurationPlatforms) = postSolution
		{E675EDD5-3BFD-49E4-9988-D975B94B746B}.Debug|Any CPU.ActiveCfg = Debug|Any CPU
		{E675EDD5-3BFD-49E4-9988-D975B94B746B}.Debug|Any CPU.Build.0 = Debug|Any CPU
		{E675EDD5-3BFD-49E4-9988-D975B94B746B}.Release|Any CPU.ActiveCfg = Release|Any CPU
		{E675EDD5-3BFD-49E4-9988-D975B94B746B}.Release|Any CPU.Build.0 = Release|Any CPU
	EndGlobalSection
	GlobalSection(SolutionProperties) = preSolution
		HideSolutionNode = FALSE
	EndGlobalSection
	GlobalSection(ExtensibilityGlobals) = postSolution
		SolutionGuid = {CD4B1BEF-985C-47A5-9AD4-842E6D175C67}
	EndGlobalSection
EndGlobal
