
Microsoft Visual Studio Solution File, Format Version 12.00
# Visual Studio 15
VisualStudioVersion = 15.0.27130.2036
MinimumVisualStudioVersion = 10.0.40219.1
Project("{FAE04EC0-301F-11D3-BF4B-00C04F79EFBC}") = "TestCurrying", "TestCurrying.csproj", "{42136F53-764F-48FF-A490-34C790BF73AA}"
EndProject
Global
	GlobalSection(SolutionConfigurationPlatforms) = preSolution
		Debug|Any CPU = Debug|Any CPU
		Release|Any CPU = Release|Any CPU
	EndGlobalSection
	GlobalSection(ProjectConfigurationPlatforms) = postSolution
		{42136F53-764F-48FF-A490-34C790BF73AA}.Debug|Any CPU.ActiveCfg = Debug|Any CPU
		{42136F53-764F-48FF-A490-34C790BF73AA}.Debug|Any CPU.Build.0 = Debug|Any CPU
		{42136F53-764F-48FF-A490-34C790BF73AA}.Release|Any CPU.ActiveCfg = Release|Any CPU
		{42136F53-764F-48FF-A490-34C790BF73AA}.Release|Any CPU.Build.0 = Release|Any CPU
	EndGlobalSection
	GlobalSection(SolutionProperties) = preSolution
		HideSolutionNode = FALSE
	EndGlobalSection
	GlobalSection(ExtensibilityGlobals) = postSolution
		SolutionGuid = {67DFC65F-950C-417B-BA47-4CFABAFC0CCF}
	EndGlobalSection
EndGlobal
