
Microsoft Visual Studio Solution File, Format Version 11.00
# Visual Studio 2010
Project("{FAE04EC0-301F-11D3-BF4B-00C04F79EFBC}") = "InterfaceIII", "InterfaceIII.csproj", "{03232524-288B-4265-A303-06F81A2FE39F}"
EndProject
Global
	GlobalSection(SolutionConfigurationPlatforms) = preSolution
		Debug|Any CPU = Debug|Any CPU
		Release|Any CPU = Release|Any CPU
	EndGlobalSection
	GlobalSection(ProjectConfigurationPlatforms) = postSolution
		{03232524-288B-4265-A303-06F81A2FE39F}.Debug|Any CPU.ActiveCfg = Debug|Any CPU
		{03232524-288B-4265-A303-06F81A2FE39F}.Debug|Any CPU.Build.0 = Debug|Any CPU
		{03232524-288B-4265-A303-06F81A2FE39F}.Release|Any CPU.ActiveCfg = Release|Any CPU
		{03232524-288B-4265-A303-06F81A2FE39F}.Release|Any CPU.Build.0 = Release|Any CPU
	EndGlobalSection
	GlobalSection(SolutionProperties) = preSolution
		HideSolutionNode = FALSE
	EndGlobalSection
EndGlobal
