
Microsoft Visual Studio Solution File, Format Version 12.00
# Visual Studio Version 17
VisualStudioVersion = 17.9.34607.119
MinimumVisualStudioVersion = 10.0.40219.1
Project("{FAE04EC0-301F-11D3-BF4B-00C04F79EFBC}") = "TestScriban", "TestScriban.csproj", "{C47E6801-BB7F-4DE5-9235-80F44795136E}"
EndProject
Global
	GlobalSection(SolutionConfigurationPlatforms) = preSolution
		Debug|Any CPU = Debug|Any CPU
		Release|Any CPU = Release|Any CPU
	EndGlobalSection
	GlobalSection(ProjectConfigurationPlatforms) = postSolution
		{C47E6801-BB7F-4DE5-9235-80F44795136E}.Debug|Any CPU.ActiveCfg = Debug|Any CPU
		{C47E6801-BB7F-4DE5-9235-80F44795136E}.Debug|Any CPU.Build.0 = Debug|Any CPU
		{C47E6801-BB7F-4DE5-9235-80F44795136E}.Release|Any CPU.ActiveCfg = Release|Any CPU
		{C47E6801-BB7F-4DE5-9235-80F44795136E}.Release|Any CPU.Build.0 = Release|Any CPU
	EndGlobalSection
	GlobalSection(SolutionProperties) = preSolution
		HideSolutionNode = FALSE
	EndGlobalSection
	GlobalSection(ExtensibilityGlobals) = postSolution
		SolutionGuid = {4E4F0703-42C6-4024-80CD-5C0E9F838E08}
	EndGlobalSection
EndGlobal
