
Microsoft Visual Studio Solution File, Format Version 12.00
# Visual Studio 15
VisualStudioVersion = 15.0.27004.2010
MinimumVisualStudioVersion = 10.0.40219.1
Project("{FAE04EC0-301F-11D3-BF4B-00C04F79EFBC}") = "ExcelDataReader3", "ExcelDataReader3.csproj", "{4C8D2CE0-8B9E-4E00-B8B1-DB227B608D66}"
EndProject
Global
	GlobalSection(SolutionConfigurationPlatforms) = preSolution
		Debug|Any CPU = Debug|Any CPU
		Release|Any CPU = Release|Any CPU
	EndGlobalSection
	GlobalSection(ProjectConfigurationPlatforms) = postSolution
		{4C8D2CE0-8B9E-4E00-B8B1-DB227B608D66}.Debug|Any CPU.ActiveCfg = Debug|Any CPU
		{4C8D2CE0-8B9E-4E00-B8B1-DB227B608D66}.Debug|Any CPU.Build.0 = Debug|Any CPU
		{4C8D2CE0-8B9E-4E00-B8B1-DB227B608D66}.Release|Any CPU.ActiveCfg = Release|Any CPU
		{4C8D2CE0-8B9E-4E00-B8B1-DB227B608D66}.Release|Any CPU.Build.0 = Release|Any CPU
	EndGlobalSection
	GlobalSection(SolutionProperties) = preSolution
		HideSolutionNode = FALSE
	EndGlobalSection
	GlobalSection(ExtensibilityGlobals) = postSolution
		SolutionGuid = {77A0A5F4-59FA-4EFF-8A43-B9D5F1CBEA53}
	EndGlobalSection
EndGlobal
