
Microsoft Visual Studio Solution File, Format Version 12.00
Project("{FAE04EC0-301F-11D3-BF4B-00C04F79EFBC}") = "WebApi", "WebApi\WebApi.csproj", "{9239FAA7-A5F9-40F5-9068-5B12375ACC65}"
EndProject
Project("{FAE04EC0-301F-11D3-BF4B-00C04F79EFBC}") = "ConApp", "ConApp\ConApp.csproj", "{877E7FE2-504F-485C-86BA-C7DFE78D2B23}"
EndProject
Global
	GlobalSection(SolutionConfigurationPlatforms) = preSolution
		Debug|Any CPU = Debug|Any CPU
		Release|Any CPU = Release|Any CPU
	EndGlobalSection
	GlobalSection(ProjectConfigurationPlatforms) = postSolution
		{9239FAA7-A5F9-40F5-9068-5B12375ACC65}.Debug|Any CPU.ActiveCfg = Debug|Any CPU
		{9239FAA7-A5F9-40F5-9068-5B12375ACC65}.Debug|Any CPU.Build.0 = Debug|Any CPU
		{9239FAA7-A5F9-40F5-9068-5B12375ACC65}.Release|Any CPU.ActiveCfg = Release|Any CPU
		{9239FAA7-A5F9-40F5-9068-5B12375ACC65}.Release|Any CPU.Build.0 = Release|Any CPU
		{877E7FE2-504F-485C-86BA-C7DFE78D2B23}.Debug|Any CPU.ActiveCfg = Debug|Any CPU
		{877E7FE2-504F-485C-86BA-C7DFE78D2B23}.Debug|Any CPU.Build.0 = Debug|Any CPU
		{877E7FE2-504F-485C-86BA-C7DFE78D2B23}.Release|Any CPU.ActiveCfg = Release|Any CPU
		{877E7FE2-504F-485C-86BA-C7DFE78D2B23}.Release|Any CPU.Build.0 = Release|Any CPU
	EndGlobalSection
EndGlobal
