
Microsoft Visual Studio Solution File, Format Version 12.00
# Visual Studio Version 16
VisualStudioVersion = 16.0.31129.286
MinimumVisualStudioVersion = 10.0.40219.1
Project("{FAE04EC0-301F-11D3-BF4B-00C04F79EFBC}") = "TestSwitch", "TestSwitch.csproj", "{5F879935-C03B-471A-8015-3F83C6C05044}"
EndProject
Global
	GlobalSection(SolutionConfigurationPlatforms) = preSolution
		Debug|Any CPU = Debug|Any CPU
		Release|Any CPU = Release|Any CPU
	EndGlobalSection
	GlobalSection(ProjectConfigurationPlatforms) = postSolution
		{5F879935-C03B-471A-8015-3F83C6C05044}.Debug|Any CPU.ActiveCfg = Debug|Any CPU
		{5F879935-C03B-471A-8015-3F83C6C05044}.Debug|Any CPU.Build.0 = Debug|Any CPU
		{5F879935-C03B-471A-8015-3F83C6C05044}.Release|Any CPU.ActiveCfg = Release|Any CPU
		{5F879935-C03B-471A-8015-3F83C6C05044}.Release|Any CPU.Build.0 = Release|Any CPU
	EndGlobalSection
	GlobalSection(SolutionProperties) = preSolution
		HideSolutionNode = FALSE
	EndGlobalSection
	GlobalSection(ExtensibilityGlobals) = postSolution
		SolutionGuid = {F2DE71C8-8933-4495-AD23-3956B107EAB1}
	EndGlobalSection
EndGlobal
