
Microsoft Visual Studio Solution File, Format Version 12.00
# Visual Studio 14
VisualStudioVersion = 14.0.25123.0
MinimumVisualStudioVersion = 10.0.40219.1
Project("{8BC9CEB8-8B4A-11D0-8D11-00A0C91BC942}") = "AppI", "AppI\AppI.vcxproj", "{E2353A9D-36EA-4EB4-86B7-A13F5A91782C}"
EndProject
Project("{8BC9CEB8-8B4A-11D0-8D11-00A0C91BC942}") = "AppII", "AppII\AppII.vcxproj", "{FF86D2D6-2A9C-4B4F-887D-65ED2F4B3149}"
EndProject
Global
	GlobalSection(SolutionConfigurationPlatforms) = preSolution
		Debug|x64 = Debug|x64
		Debug|x86 = Debug|x86
		Release|x64 = Release|x64
		Release|x86 = Release|x86
	EndGlobalSection
	GlobalSection(ProjectConfigurationPlatforms) = postSolution
		{E2353A9D-36EA-4EB4-86B7-A13F5A91782C}.Debug|x64.ActiveCfg = Debug|x64
		{E2353A9D-36EA-4EB4-86B7-A13F5A91782C}.Debug|x64.Build.0 = Debug|x64
		{E2353A9D-36EA-4EB4-86B7-A13F5A91782C}.Debug|x86.ActiveCfg = Debug|Win32
		{E2353A9D-36EA-4EB4-86B7-A13F5A91782C}.Debug|x86.Build.0 = Debug|Win32
		{E2353A9D-36EA-4EB4-86B7-A13F5A91782C}.Release|x64.ActiveCfg = Release|x64
		{E2353A9D-36EA-4EB4-86B7-A13F5A91782C}.Release|x64.Build.0 = Release|x64
		{E2353A9D-36EA-4EB4-86B7-A13F5A91782C}.Release|x86.ActiveCfg = Release|Win32
		{E2353A9D-36EA-4EB4-86B7-A13F5A91782C}.Release|x86.Build.0 = Release|Win32
		{FF86D2D6-2A9C-4B4F-887D-65ED2F4B3149}.Debug|x64.ActiveCfg = Debug|x64
		{FF86D2D6-2A9C-4B4F-887D-65ED2F4B3149}.Debug|x64.Build.0 = Debug|x64
		{FF86D2D6-2A9C-4B4F-887D-65ED2F4B3149}.Debug|x86.ActiveCfg = Debug|Win32
		{FF86D2D6-2A9C-4B4F-887D-65ED2F4B3149}.Debug|x86.Build.0 = Debug|Win32
		{FF86D2D6-2A9C-4B4F-887D-65ED2F4B3149}.Release|x64.ActiveCfg = Release|x64
		{FF86D2D6-2A9C-4B4F-887D-65ED2F4B3149}.Release|x64.Build.0 = Release|x64
		{FF86D2D6-2A9C-4B4F-887D-65ED2F4B3149}.Release|x86.ActiveCfg = Release|Win32
		{FF86D2D6-2A9C-4B4F-887D-65ED2F4B3149}.Release|x86.Build.0 = Release|Win32
	EndGlobalSection
	GlobalSection(SolutionProperties) = preSolution
		HideSolutionNode = FALSE
	EndGlobalSection
EndGlobal
