
Microsoft Visual Studio Solution File, Format Version 12.00
# Visual Studio Version 16
VisualStudioVersion = 16.0.31313.79
MinimumVisualStudioVersion = 10.0.40219.1
Project("{FAE04EC0-301F-11D3-BF4B-00C04F79EFBC}") = "TestExceptionAwaitConApp", "TestExceptionAwaitConApp.csproj", "{96829C9B-8D96-4DE3-9C2B-84853664227A}"
EndProject
Global
	GlobalSection(SolutionConfigurationPlatforms) = preSolution
		Debug|Any CPU = Debug|Any CPU
		Release|Any CPU = Release|Any CPU
	EndGlobalSection
	GlobalSection(ProjectConfigurationPlatforms) = postSolution
		{96829C9B-8D96-4DE3-9C2B-84853664227A}.Debug|Any CPU.ActiveCfg = Debug|Any CPU
		{96829C9B-8D96-4DE3-9C2B-84853664227A}.Debug|Any CPU.Build.0 = Debug|Any CPU
		{96829C9B-8D96-4DE3-9C2B-84853664227A}.Release|Any CPU.ActiveCfg = Release|Any CPU
		{96829C9B-8D96-4DE3-9C2B-84853664227A}.Release|Any CPU.Build.0 = Release|Any CPU
	EndGlobalSection
	GlobalSection(SolutionProperties) = preSolution
		HideSolutionNode = FALSE
	EndGlobalSection
	GlobalSection(ExtensibilityGlobals) = postSolution
		SolutionGuid = {A727E93C-57B5-4D2A-9452-D94713054BD0}
	EndGlobalSection
EndGlobal
