
Microsoft Visual Studio Solution File, Format Version 10.00
# Visual Studio 2008
Project("{FAE04EC0-301F-11D3-BF4B-00C04F79EFBC}") = "TestFormsLayouts", "TestFormsLayouts.csproj", "{290D31F0-AA33-4956-92CE-2DBC2B846D06}"
EndProject
Global
	GlobalSection(SolutionConfigurationPlatforms) = preSolution
		Debug|Any CPU = Debug|Any CPU
		Release|Any CPU = Release|Any CPU
	EndGlobalSection
	GlobalSection(ProjectConfigurationPlatforms) = postSolution
		{290D31F0-AA33-4956-92CE-2DBC2B846D06}.Debug|Any CPU.ActiveCfg = Debug|Any CPU
		{290D31F0-AA33-4956-92CE-2DBC2B846D06}.Debug|Any CPU.Build.0 = Debug|Any CPU
		{290D31F0-AA33-4956-92CE-2DBC2B846D06}.Release|Any CPU.ActiveCfg = Release|Any CPU
		{290D31F0-AA33-4956-92CE-2DBC2B846D06}.Release|Any CPU.Build.0 = Release|Any CPU
	EndGlobalSection
	GlobalSection(SolutionProperties) = preSolution
		HideSolutionNode = FALSE
	EndGlobalSection
EndGlobal
