
Microsoft Visual Studio Solution File, Format Version 12.00
# Visual Studio Version 16
VisualStudioVersion = 16.0.31313.79
MinimumVisualStudioVersion = 10.0.40219.1
Project("{FAE04EC0-301F-11D3-BF4B-00C04F79EFBC}") = "AnyTest", "AnyTest.csproj", "{42A6BC2E-2660-402F-A765-AE0F84E9CEEE}"
EndProject
Global
	GlobalSection(SolutionConfigurationPlatforms) = preSolution
		Debug|Any CPU = Debug|Any CPU
		Release|Any CPU = Release|Any CPU
	EndGlobalSection
	GlobalSection(ProjectConfigurationPlatforms) = postSolution
		{42A6BC2E-2660-402F-A765-AE0F84E9CEEE}.Debug|Any CPU.ActiveCfg = Debug|Any CPU
		{42A6BC2E-2660-402F-A765-AE0F84E9CEEE}.Debug|Any CPU.Build.0 = Debug|Any CPU
		{42A6BC2E-2660-402F-A765-AE0F84E9CEEE}.Release|Any CPU.ActiveCfg = Release|Any CPU
		{42A6BC2E-2660-402F-A765-AE0F84E9CEEE}.Release|Any CPU.Build.0 = Release|Any CPU
	EndGlobalSection
	GlobalSection(SolutionProperties) = preSolution
		HideSolutionNode = FALSE
	EndGlobalSection
	GlobalSection(ExtensibilityGlobals) = postSolution
		SolutionGuid = {E3F7DC37-42BD-4569-8066-986F43162422}
	EndGlobalSection
EndGlobal
