Microsoft Visual Studio Solution File, Format Version 8.00
Project("{FAE04EC0-301F-11D3-BF4B-00C04F79EFBC}") = "LibXlsExcel", "LibXlsExcel.csproj", "{716A53BA-78D7-49EB-AD8E-4BC89F601062}"
	ProjectSection(ProjectDependencies) = postProject
	EndProjectSection
EndProject
Project("{FAE04EC0-301F-11D3-BF4B-00C04F79EFBC}") = "ILibXls", "..\ILibXls\ILibXls.csproj", "{7887505D-B720-4F2A-B8CA-A351668D4C39}"
	ProjectSection(ProjectDependencies) = postProject
	EndProjectSection
EndProject
Global
	GlobalSection(SolutionConfiguration) = preSolution
		Debug = Debug
		Release = Release
	EndGlobalSection
	GlobalSection(ProjectConfiguration) = postSolution
		{716A53BA-78D7-49EB-AD8E-4BC89F601062}.Debug.ActiveCfg = Debug|.NET
		{716A53BA-78D7-49EB-AD8E-4BC89F601062}.Debug.Build.0 = Debug|.NET
		{716A53BA-78D7-49EB-AD8E-4BC89F601062}.Release.ActiveCfg = Release|.NET
		{716A53BA-78D7-49EB-AD8E-4BC89F601062}.Release.Build.0 = Release|.NET
		{7887505D-B720-4F2A-B8CA-A351668D4C39}.Debug.ActiveCfg = Debug|.NET
		{7887505D-B720-4F2A-B8CA-A351668D4C39}.Debug.Build.0 = Debug|.NET
		{7887505D-B720-4F2A-B8CA-A351668D4C39}.Release.ActiveCfg = Release|.NET
		{7887505D-B720-4F2A-B8CA-A351668D4C39}.Release.Build.0 = Release|.NET
	EndGlobalSection
	GlobalSection(ExtensibilityGlobals) = postSolution
	EndGlobalSection
	GlobalSection(ExtensibilityAddIns) = postSolution
	EndGlobalSection
EndGlobal
