
Microsoft Visual Studio Solution File, Format Version 11.00
# Visual Studio 2010
Project("{FAE04EC0-301F-11D3-BF4B-00C04F79EFBC}") = "TestThreadsV", "TestThreadsV.csproj", "{734CE87E-9402-4CEF-AC44-555AF1A67532}"
EndProject
Global
	GlobalSection(SolutionConfigurationPlatforms) = preSolution
		Debug|x86 = Debug|x86
		Release|x86 = Release|x86
	EndGlobalSection
	GlobalSection(ProjectConfigurationPlatforms) = postSolution
		{734CE87E-9402-4CEF-AC44-555AF1A67532}.Debug|x86.ActiveCfg = Debug|x86
		{734CE87E-9402-4CEF-AC44-555AF1A67532}.Debug|x86.Build.0 = Debug|x86
		{734CE87E-9402-4CEF-AC44-555AF1A67532}.Release|x86.ActiveCfg = Release|x86
		{734CE87E-9402-4CEF-AC44-555AF1A67532}.Release|x86.Build.0 = Release|x86
	EndGlobalSection
	GlobalSection(SolutionProperties) = preSolution
		HideSolutionNode = FALSE
	EndGlobalSection
EndGlobal
