
Microsoft Visual Studio Solution File, Format Version 12.00
# Visual Studio 14
VisualStudioVersion = 14.0.25123.0
MinimumVisualStudioVersion = 10.0.40219.1
Project("{8BC9CEB8-8B4A-11D0-8D11-00A0C91BC942}") = "Hook", "Hook\Hook.vcxproj", "{3696E12D-E2A4-4458-8953-3BC6149B0466}"
EndProject
Project("{8BC9CEB8-8B4A-11D0-8D11-00A0C91BC942}") = "Application", "Application\Application.vcxproj", "{5AF75A26-9D88-40A0-B1CE-89FB3A0F9D08}"
EndProject
Project("{8BC9CEB8-8B4A-11D0-8D11-00A0C91BC942}") = "HookII", "HookII\HookII.vcxproj", "{3641D83D-37D4-4A4B-99BE-973ECA59B9EB}"
EndProject
Global
	GlobalSection(SolutionConfigurationPlatforms) = preSolution
		Debug|x64 = Debug|x64
		Debug|x86 = Debug|x86
		Release|x64 = Release|x64
		Release|x86 = Release|x86
	EndGlobalSection
	GlobalSection(ProjectConfigurationPlatforms) = postSolution
		{3696E12D-E2A4-4458-8953-3BC6149B0466}.Debug|x64.ActiveCfg = Debug|x64
		{3696E12D-E2A4-4458-8953-3BC6149B0466}.Debug|x64.Build.0 = Debug|x64
		{3696E12D-E2A4-4458-8953-3BC6149B0466}.Debug|x86.ActiveCfg = Debug|Win32
		{3696E12D-E2A4-4458-8953-3BC6149B0466}.Debug|x86.Build.0 = Debug|Win32
		{3696E12D-E2A4-4458-8953-3BC6149B0466}.Release|x64.ActiveCfg = Release|x64
		{3696E12D-E2A4-4458-8953-3BC6149B0466}.Release|x64.Build.0 = Release|x64
		{3696E12D-E2A4-4458-8953-3BC6149B0466}.Release|x86.ActiveCfg = Release|Win32
		{3696E12D-E2A4-4458-8953-3BC6149B0466}.Release|x86.Build.0 = Release|Win32
		{5AF75A26-9D88-40A0-B1CE-89FB3A0F9D08}.Debug|x64.ActiveCfg = Debug|x64
		{5AF75A26-9D88-40A0-B1CE-89FB3A0F9D08}.Debug|x64.Build.0 = Debug|x64
		{5AF75A26-9D88-40A0-B1CE-89FB3A0F9D08}.Debug|x86.ActiveCfg = Debug|Win32
		{5AF75A26-9D88-40A0-B1CE-89FB3A0F9D08}.Debug|x86.Build.0 = Debug|Win32
		{5AF75A26-9D88-40A0-B1CE-89FB3A0F9D08}.Release|x64.ActiveCfg = Release|x64
		{5AF75A26-9D88-40A0-B1CE-89FB3A0F9D08}.Release|x64.Build.0 = Release|x64
		{5AF75A26-9D88-40A0-B1CE-89FB3A0F9D08}.Release|x86.ActiveCfg = Release|Win32
		{5AF75A26-9D88-40A0-B1CE-89FB3A0F9D08}.Release|x86.Build.0 = Release|Win32
		{3641D83D-37D4-4A4B-99BE-973ECA59B9EB}.Debug|x64.ActiveCfg = Debug|x64
		{3641D83D-37D4-4A4B-99BE-973ECA59B9EB}.Debug|x64.Build.0 = Debug|x64
		{3641D83D-37D4-4A4B-99BE-973ECA59B9EB}.Debug|x86.ActiveCfg = Debug|Win32
		{3641D83D-37D4-4A4B-99BE-973ECA59B9EB}.Debug|x86.Build.0 = Debug|Win32
		{3641D83D-37D4-4A4B-99BE-973ECA59B9EB}.Release|x64.ActiveCfg = Release|x64
		{3641D83D-37D4-4A4B-99BE-973ECA59B9EB}.Release|x64.Build.0 = Release|x64
		{3641D83D-37D4-4A4B-99BE-973ECA59B9EB}.Release|x86.ActiveCfg = Release|Win32
		{3641D83D-37D4-4A4B-99BE-973ECA59B9EB}.Release|x86.Build.0 = Release|Win32
	EndGlobalSection
	GlobalSection(SolutionProperties) = preSolution
		HideSolutionNode = FALSE
	EndGlobalSection
EndGlobal
