
Microsoft Visual Studio Solution File, Format Version 12.00
# Visual Studio 2012
Project("{FAE04EC0-301F-11D3-BF4B-00C04F79EFBC}") = "WinServiceWithWcfService", "WinServiceWithWcfService\WinServiceWithWcfService.csproj", "{864F426C-619E-4943-AD42-BE961F3725B6}"
	ProjectSection(ProjectDependencies) = postProject
		{15B3E0D2-6217-493A-A690-158C497F5318} = {15B3E0D2-6217-493A-A690-158C497F5318}
	EndProjectSection
EndProject
Project("{FAE04EC0-301F-11D3-BF4B-00C04F79EFBC}") = "WcfServiceHost", "WcfServiceHost\WcfServiceHost.csproj", "{15B3E0D2-6217-493A-A690-158C497F5318}"
EndProject
Project("{FAE04EC0-301F-11D3-BF4B-00C04F79EFBC}") = "TestWcfServiceHost", "TestWcfServiceHost\TestWcfServiceHost.csproj", "{BCED719A-3A56-4E33-9354-EE5525C6CD1C}"
	ProjectSection(ProjectDependencies) = postProject
		{15B3E0D2-6217-493A-A690-158C497F5318} = {15B3E0D2-6217-493A-A690-158C497F5318}
	EndProjectSection
EndProject
Project("{FAE04EC0-301F-11D3-BF4B-00C04F79EFBC}") = "TestWinServiceWithWcfService", "TestWinServiceWithWcfService\TestWinServiceWithWcfService.csproj", "{EC8B67CF-F58B-4FA7-B176-F94D33F33F83}"
EndProject
Global
	GlobalSection(SolutionConfigurationPlatforms) = preSolution
		Debug|Any CPU = Debug|Any CPU
		Release|Any CPU = Release|Any CPU
	EndGlobalSection
	GlobalSection(ProjectConfigurationPlatforms) = postSolution
		{864F426C-619E-4943-AD42-BE961F3725B6}.Debug|Any CPU.ActiveCfg = Debug|Any CPU
		{864F426C-619E-4943-AD42-BE961F3725B6}.Debug|Any CPU.Build.0 = Debug|Any CPU
		{864F426C-619E-4943-AD42-BE961F3725B6}.Release|Any CPU.ActiveCfg = Release|Any CPU
		{864F426C-619E-4943-AD42-BE961F3725B6}.Release|Any CPU.Build.0 = Release|Any CPU
		{15B3E0D2-6217-493A-A690-158C497F5318}.Debug|Any CPU.ActiveCfg = Debug|Any CPU
		{15B3E0D2-6217-493A-A690-158C497F5318}.Debug|Any CPU.Build.0 = Debug|Any CPU
		{15B3E0D2-6217-493A-A690-158C497F5318}.Release|Any CPU.ActiveCfg = Release|Any CPU
		{15B3E0D2-6217-493A-A690-158C497F5318}.Release|Any CPU.Build.0 = Release|Any CPU
		{BCED719A-3A56-4E33-9354-EE5525C6CD1C}.Debug|Any CPU.ActiveCfg = Debug|Any CPU
		{BCED719A-3A56-4E33-9354-EE5525C6CD1C}.Debug|Any CPU.Build.0 = Debug|Any CPU
		{BCED719A-3A56-4E33-9354-EE5525C6CD1C}.Release|Any CPU.ActiveCfg = Release|Any CPU
		{BCED719A-3A56-4E33-9354-EE5525C6CD1C}.Release|Any CPU.Build.0 = Release|Any CPU
		{EC8B67CF-F58B-4FA7-B176-F94D33F33F83}.Debug|Any CPU.ActiveCfg = Debug|Any CPU
		{EC8B67CF-F58B-4FA7-B176-F94D33F33F83}.Debug|Any CPU.Build.0 = Debug|Any CPU
		{EC8B67CF-F58B-4FA7-B176-F94D33F33F83}.Release|Any CPU.ActiveCfg = Release|Any CPU
		{EC8B67CF-F58B-4FA7-B176-F94D33F33F83}.Release|Any CPU.Build.0 = Release|Any CPU
	EndGlobalSection
	GlobalSection(SolutionProperties) = preSolution
		HideSolutionNode = FALSE
	EndGlobalSection
EndGlobal
