
Microsoft Visual Studio Solution File, Format Version 12.00
# Visual Studio Version 16
VisualStudioVersion = 16.0.30104.148
MinimumVisualStudioVersion = 10.0.40219.1
Project("{FAE04EC0-301F-11D3-BF4B-00C04F79EFBC}") = "TestMonitor", "TestMonitor.csproj", "{8F2AE821-E50B-4CFC-A62C-50AACC184CB1}"
EndProject
Global
	GlobalSection(SolutionConfigurationPlatforms) = preSolution
		Debug|Any CPU = Debug|Any CPU
		Release|Any CPU = Release|Any CPU
	EndGlobalSection
	GlobalSection(ProjectConfigurationPlatforms) = postSolution
		{8F2AE821-E50B-4CFC-A62C-50AACC184CB1}.Debug|Any CPU.ActiveCfg = Debug|Any CPU
		{8F2AE821-E50B-4CFC-A62C-50AACC184CB1}.Debug|Any CPU.Build.0 = Debug|Any CPU
		{8F2AE821-E50B-4CFC-A62C-50AACC184CB1}.Release|Any CPU.ActiveCfg = Release|Any CPU
		{8F2AE821-E50B-4CFC-A62C-50AACC184CB1}.Release|Any CPU.Build.0 = Release|Any CPU
	EndGlobalSection
	GlobalSection(SolutionProperties) = preSolution
		HideSolutionNode = FALSE
	EndGlobalSection
	GlobalSection(ExtensibilityGlobals) = postSolution
		SolutionGuid = {7F9C7901-E15A-447E-A0D0-F3165CFE7062}
	EndGlobalSection
EndGlobal
