
Microsoft Visual Studio Solution File, Format Version 12.00
# Visual Studio Version 16
VisualStudioVersion = 16.0.31313.79
MinimumVisualStudioVersion = 10.0.40219.1
Project("{FAE04EC0-301F-11D3-BF4B-00C04F79EFBC}") = "MultiTypesWinFormsApp", "MultiTypesWinFormsApp.csproj", "{D69624A4-14D5-48A5-9AC2-9447506078BD}"
EndProject
Global
	GlobalSection(SolutionConfigurationPlatforms) = preSolution
		Debug|Any CPU = Debug|Any CPU
		Release|Any CPU = Release|Any CPU
	EndGlobalSection
	GlobalSection(ProjectConfigurationPlatforms) = postSolution
		{D69624A4-14D5-48A5-9AC2-9447506078BD}.Debug|Any CPU.ActiveCfg = Debug|Any CPU
		{D69624A4-14D5-48A5-9AC2-9447506078BD}.Debug|Any CPU.Build.0 = Debug|Any CPU
		{D69624A4-14D5-48A5-9AC2-9447506078BD}.Release|Any CPU.ActiveCfg = Release|Any CPU
		{D69624A4-14D5-48A5-9AC2-9447506078BD}.Release|Any CPU.Build.0 = Release|Any CPU
	EndGlobalSection
	GlobalSection(SolutionProperties) = preSolution
		HideSolutionNode = FALSE
	EndGlobalSection
	GlobalSection(ExtensibilityGlobals) = postSolution
		SolutionGuid = {2C7CD078-E35B-4E9F-94AB-1DB5E8D69761}
	EndGlobalSection
EndGlobal
