
Microsoft Visual Studio Solution File, Format Version 12.00
# Visual Studio 15
VisualStudioVersion = 15.0.28307.168
MinimumVisualStudioVersion = 10.0.40219.1
Project("{FAE04EC0-301F-11D3-BF4B-00C04F79EFBC}") = "ConsoleApp", "ConsoleApp\ConsoleApp.csproj", "{EDF376BB-36DA-4440-A9C8-35C43C815453}"
EndProject
Global
	GlobalSection(SolutionConfigurationPlatforms) = preSolution
		Debug|Any CPU = Debug|Any CPU
		Release|Any CPU = Release|Any CPU
	EndGlobalSection
	GlobalSection(ProjectConfigurationPlatforms) = postSolution
		{EDF376BB-36DA-4440-A9C8-35C43C815453}.Debug|Any CPU.ActiveCfg = Debug|Any CPU
		{EDF376BB-36DA-4440-A9C8-35C43C815453}.Debug|Any CPU.Build.0 = Debug|Any CPU
		{EDF376BB-36DA-4440-A9C8-35C43C815453}.Release|Any CPU.ActiveCfg = Release|Any CPU
		{EDF376BB-36DA-4440-A9C8-35C43C815453}.Release|Any CPU.Build.0 = Release|Any CPU
	EndGlobalSection
	GlobalSection(SolutionProperties) = preSolution
		HideSolutionNode = FALSE
	EndGlobalSection
	GlobalSection(ExtensibilityGlobals) = postSolution
		SolutionGuid = {7E1B3D30-BE9E-422B-A5D8-D314F6E3EB15}
	EndGlobalSection
EndGlobal
