
Microsoft Visual Studio Solution File, Format Version 12.00
# Visual Studio 14
VisualStudioVersion = 14.0.25420.1
MinimumVisualStudioVersion = 10.0.40219.1
Project("{FAE04EC0-301F-11D3-BF4B-00C04F79EFBC}") = "ClassLibrary", "ClassLibrary\ClassLibrary.csproj", "{6927C3FD-7ABD-4675-B3AD-3603CE0BCAF2}"
EndProject
Project("{FAE04EC0-301F-11D3-BF4B-00C04F79EFBC}") = "ClassLibrary.Test", "ClassLibrary.Test\ClassLibrary.Test.csproj", "{DEF9869D-A86A-4C97-9B0F-83DC3B292059}"
EndProject
Global
	GlobalSection(SolutionConfigurationPlatforms) = preSolution
		Debug|Any CPU = Debug|Any CPU
		Release|Any CPU = Release|Any CPU
	EndGlobalSection
	GlobalSection(ProjectConfigurationPlatforms) = postSolution
		{6927C3FD-7ABD-4675-B3AD-3603CE0BCAF2}.Debug|Any CPU.ActiveCfg = Debug|Any CPU
		{6927C3FD-7ABD-4675-B3AD-3603CE0BCAF2}.Debug|Any CPU.Build.0 = Debug|Any CPU
		{6927C3FD-7ABD-4675-B3AD-3603CE0BCAF2}.Release|Any CPU.ActiveCfg = Release|Any CPU
		{6927C3FD-7ABD-4675-B3AD-3603CE0BCAF2}.Release|Any CPU.Build.0 = Release|Any CPU
		{DEF9869D-A86A-4C97-9B0F-83DC3B292059}.Debug|Any CPU.ActiveCfg = Debug|Any CPU
		{DEF9869D-A86A-4C97-9B0F-83DC3B292059}.Debug|Any CPU.Build.0 = Debug|Any CPU
		{DEF9869D-A86A-4C97-9B0F-83DC3B292059}.Release|Any CPU.ActiveCfg = Release|Any CPU
		{DEF9869D-A86A-4C97-9B0F-83DC3B292059}.Release|Any CPU.Build.0 = Release|Any CPU
	EndGlobalSection
	GlobalSection(SolutionProperties) = preSolution
		HideSolutionNode = FALSE
	EndGlobalSection
EndGlobal
