
Microsoft Visual Studio Solution File, Format Version 12.00
# Visual Studio 15
VisualStudioVersion = 15.0.28307.329
MinimumVisualStudioVersion = 10.0.40219.1
Project("{FAE04EC0-301F-11D3-BF4B-00C04F79EFBC}") = "TestGetHashCode", "TestGetHashCode.csproj", "{32383277-E686-4C0F-A298-199BEC4261F9}"
EndProject
Global
	GlobalSection(SolutionConfigurationPlatforms) = preSolution
		Debug|Any CPU = Debug|Any CPU
		Release|Any CPU = Release|Any CPU
	EndGlobalSection
	GlobalSection(ProjectConfigurationPlatforms) = postSolution
		{32383277-E686-4C0F-A298-199BEC4261F9}.Debug|Any CPU.ActiveCfg = Debug|Any CPU
		{32383277-E686-4C0F-A298-199BEC4261F9}.Debug|Any CPU.Build.0 = Debug|Any CPU
		{32383277-E686-4C0F-A298-199BEC4261F9}.Release|Any CPU.ActiveCfg = Release|Any CPU
		{32383277-E686-4C0F-A298-199BEC4261F9}.Release|Any CPU.Build.0 = Release|Any CPU
	EndGlobalSection
	GlobalSection(SolutionProperties) = preSolution
		HideSolutionNode = FALSE
	EndGlobalSection
	GlobalSection(ExtensibilityGlobals) = postSolution
		SolutionGuid = {C6656C55-9BBF-494E-8200-EA657992A762}
	EndGlobalSection
EndGlobal
