
Microsoft Visual Studio Solution File, Format Version 11.00
# Visual Studio 2010
Project("{FAE04EC0-301F-11D3-BF4B-00C04F79EFBC}") = "TestEventsI", "TestEventsI.csproj", "{78AC3E38-6A89-4357-BE38-81F68477187C}"
EndProject
Global
	GlobalSection(SolutionConfigurationPlatforms) = preSolution
		Debug|Any CPU = Debug|Any CPU
		Release|Any CPU = Release|Any CPU
	EndGlobalSection
	GlobalSection(ProjectConfigurationPlatforms) = postSolution
		{78AC3E38-6A89-4357-BE38-81F68477187C}.Debug|Any CPU.ActiveCfg = Debug|Any CPU
		{78AC3E38-6A89-4357-BE38-81F68477187C}.Debug|Any CPU.Build.0 = Debug|Any CPU
		{78AC3E38-6A89-4357-BE38-81F68477187C}.Release|Any CPU.ActiveCfg = Release|Any CPU
		{78AC3E38-6A89-4357-BE38-81F68477187C}.Release|Any CPU.Build.0 = Release|Any CPU
	EndGlobalSection
	GlobalSection(SolutionProperties) = preSolution
		HideSolutionNode = FALSE
	EndGlobalSection
EndGlobal
