
Microsoft Visual Studio Solution File, Format Version 12.00
# Visual Studio 15
VisualStudioVersion = 15.0.28307.168
MinimumVisualStudioVersion = 10.0.40219.1
Project("{FAE04EC0-301F-11D3-BF4B-00C04F79EFBC}") = "TestVolatile", "TestVolatile.csproj", "{98598942-3089-4C64-95D6-8C35032839BE}"
EndProject
Global
	GlobalSection(SolutionConfigurationPlatforms) = preSolution
		Debug|Any CPU = Debug|Any CPU
		Release|Any CPU = Release|Any CPU
	EndGlobalSection
	GlobalSection(ProjectConfigurationPlatforms) = postSolution
		{98598942-3089-4C64-95D6-8C35032839BE}.Debug|Any CPU.ActiveCfg = Debug|Any CPU
		{98598942-3089-4C64-95D6-8C35032839BE}.Debug|Any CPU.Build.0 = Debug|Any CPU
		{98598942-3089-4C64-95D6-8C35032839BE}.Release|Any CPU.ActiveCfg = Release|Any CPU
		{98598942-3089-4C64-95D6-8C35032839BE}.Release|Any CPU.Build.0 = Release|Any CPU
	EndGlobalSection
	GlobalSection(SolutionProperties) = preSolution
		HideSolutionNode = FALSE
	EndGlobalSection
	GlobalSection(ExtensibilityGlobals) = postSolution
		SolutionGuid = {0948D507-A896-49F9-B78E-DCA69D787810}
	EndGlobalSection
EndGlobal
